{
  "version": 4,
  "terraform_version": "1.14.4",
  "serial": 101,
  "lineage": "387e0128-7818-bd5e-f9a8-c5ef3d942ac4",
  "outputs": {
    "backend_instance_id": {
      "value": "i-049315aac4f5f6fd8",
      "type": "string"
    },
    "datadog_aws_integration_role": {
      "value": "DatadogIntegrationRole",
      "type": "string"
    },
    "datadog_dashboard_url": {
      "value": "https://app.datadoghq.eu/dashboard/r62-zqx-nfj",
      "type": "string"
    },
    "frontend_instance_id": {
      "value": "i-0ae033544c52fb556",
      "type": "string"
    }
  },
  "resources": [
    {
      "mode": "data",
      "type": "aws_ami",
      "name": "amazon_linux",
      "provider": "provider[\"registry.terraform.io/hashicorp/aws\"]",
      "instances": [
        {
          "schema_version": 0,
          "attributes": {
            "allow_unsafe_filter": null,
            "architecture": "x86_64",
            "arn": "arn:aws:ec2:us-east-1::image/ami-0199fa5fada510433",
            "block_device_mappings": [
              {
                "device_name": "/dev/xvda",
                "ebs": {
                  "delete_on_termination": "true",
                  "encrypted": "false",
                  "iops": "0",
                  "snapshot_id": "snap-05dc16d8999bc5119",
                  "throughput": "0",
                  "volume_initialization_rate": "0",
                  "volume_size": "8",
                  "volume_type": "gp2"
                },
                "no_device": "",
                "virtual_name": ""
              }
            ],
            "boot_mode": "",
            "creation_date": "2026-02-13T22:49:15.000Z",
            "deprecation_time": "2026-05-15T01:06:00.000Z",
            "description": "Amazon Linux 2 AMI 2.0.20260216.0 x86_64 HVM gp2",
            "ena_support": true,
            "executable_users": null,
            "filter": [
              {
                "name": "name",
                "values": [
                  "amzn2-ami-hvm-*-x86_64-gp2"
                ]
              },
              {
                "name": "state",
                "values": [
                  "available"
                ]
              }
            ],
            "hypervisor": "xen",
            "id": "ami-0199fa5fada510433",
            "image_id": "ami-0199fa5fada510433",
            "image_location": "amazon/amzn2-ami-hvm-2.0.20260216.0-x86_64-gp2",
            "image_owner_alias": "amazon",
            "image_type": "machine",
            "imds_support": "",
            "include_deprecated": false,
            "kernel_id": "",
            "last_launched_time": "",
            "most_recent": true,
            "name": "amzn2-ami-hvm-2.0.20260216.0-x86_64-gp2",
            "name_regex": null,
            "owner_id": "137112412989",
            "owners": [
              "amazon"
            ],
            "platform": "",
            "platform_details": "Linux/UNIX",
            "product_codes": [],
            "public": true,
            "ramdisk_id": "",
            "region": "us-east-1",
            "root_device_name": "/dev/xvda",
            "root_device_type": "ebs",
            "root_snapshot_id": "snap-05dc16d8999bc5119",
            "sriov_net_support": "simple",
            "state": "available",
            "state_reason": {
              "code": "UNSET",
              "message": "UNSET"
            },
            "tags": {},
            "timeouts": null,
            "tpm_support": "",
            "uefi_data": null,
            "usage_operation": "RunInstances",
            "virtualization_type": "hvm"
          },
          "sensitive_attributes": [],
          "identity_schema_version": 0
        }
      ]
    },
    {
      "mode": "data",
      "type": "aws_caller_identity",
      "name": "current",
      "provider": "provider[\"registry.terraform.io/hashicorp/aws\"]",
      "instances": [
        {
          "schema_version": 0,
          "attributes": {
            "account_id": "733153951206",
            "arn": "arn:aws:iam::733153951206:user/terraform",
            "id": "733153951206",
            "user_id": "AIDA2VM3BPXTC3QISDIJ3"
          },
          "sensitive_attributes": [],
          "identity_schema_version": 0
        }
      ]
    },
    {
      "mode": "data",
      "type": "aws_iam_policy_document",
      "name": "datadog_aws_integration",
      "provider": "provider[\"registry.terraform.io/hashicorp/aws\"]",
      "instances": [
        {
          "index_key": 0,
          "schema_version": 0,
          "attributes": {
            "id": "616917803",
            "json": "{\n  \"Version\": \"2012-10-17\",\n  \"Statement\": [\n    {\n      \"Effect\": \"Allow\",\n      \"Action\": [\n        \"drs:DescribeReplicationConfigurationTemplates\",\n        \"drs:DescribeRecoveryInstances\",\n        \"drs:DescribeLaunchConfigurationTemplates\",\n        \"drs:DescribeJobs\",\n        \"docdb-elastic:ListClusterSnapshots\",\n        \"docdb-elastic:GetClusterSnapshot\",\n        \"docdb-elastic:GetCluster\",\n        \"dms:DescribeReplicationInstances\",\n        \"dlm:GetLifecyclePolicy\",\n        \"dlm:GetLifecyclePolicies\",\n        \"directconnect:Describe*\",\n        \"devicefarm:ListVPCEConfigurations\",\n        \"devicefarm:ListUploads\",\n        \"devicefarm:ListTestGridSessions\",\n        \"devicefarm:ListTestGridProjects\",\n        \"devicefarm:ListRemoteAccessSessions\",\n        \"devicefarm:ListNetworkProfiles\",\n        \"devicefarm:ListInstanceProfiles\",\n        \"devicefarm:ListDevices\",\n        \"devicefarm:ListDevicePools\",\n        \"devicefarm:ListDeviceInstances\",\n        \"devicefarm:GetUpload\",\n        \"deadline:ListWorkers\",\n        \"deadline:ListQueues\",\n        \"deadline:ListMonitors\",\n        \"deadline:ListLicenseEndpoints\",\n        \"deadline:ListFleets\",\n        \"deadline:ListFarms\",\n        \"deadline:ListBudgets\",\n        \"deadline:GetQueue\",\n        \"deadline:GetLicenseEndpoint\",\n        \"deadline:GetBudget\",\n        \"datazone:ListDomains\",\n        \"datazone:GetDomain\",\n        \"databrew:ListSchedules\",\n        \"databrew:ListRulesets\",\n        \"databrew:ListRecipes\",\n        \"databrew:ListDatasets\",\n        \"cur:DescribeReportDefinitions\",\n        \"controltower:ListLandingZones\",\n        \"controltower:ListEnabledControls\",\n        \"controltower:ListEnabledBaselines\",\n        \"controltower:GetLandingZone\",\n        \"connect:ListUsers\",\n        \"connect:ListSecurityProfiles\",\n        \"connect:ListRoutingProfiles\",\n        \"connect:ListQuickConnects\",\n        \"connect:ListQueues\",\n        \"connect:ListHoursOfOperations\",\n        \"connect:ListContactFlows\",\n        \"connect:ListContactFlowModules\",\n        \"connect:ListAuthenticationProfiles\",\n        \"connect:ListAgentStatuses\",\n        \"connect:DescribeUser\",\n        \"connect:DescribeSecurityProfile\",\n        \"connect:DescribeRoutingProfile\",\n        \"connect:DescribeQuickConnect\",\n        \"connect:DescribeQueue\",\n        \"connect:DescribeInstance\",\n        \"connect:DescribeHoursOfOperation\",\n        \"connect:DescribeContactFlowModule\",\n        \"connect:DescribeContactFlow\",\n        \"connect:DescribeAuthenticationProfile\",\n        \"connect:DescribeAgentStatus\",\n        \"codepipeline:ListWebhooks\",\n        \"codepipeline:ListActionTypes\",\n        \"codepipeline:GetActionType\",\n        \"codeguru-reviewer:ListRepositoryAssociations\",\n        \"codeguru-reviewer:ListCodeReviews\",\n        \"codeguru-profiler:ListProfilingGroups\",\n        \"codeguru-profiler:ListFindingsReports\",\n        \"codedeploy:List*\",\n        \"codedeploy:BatchGet*\",\n        \"codebuild:ListProjects\",\n        \"codebuild:BatchGetProjects\",\n        \"codeartifact:ListPackages\",\n        \"codeartifact:ListPackageGroups\",\n        \"codeartifact:ListDomains\",\n        \"codeartifact:DescribeRepository\",\n        \"codeartifact:DescribePackageGroup\",\n        \"codeartifact:DescribeDomain\",\n        \"cloudwatch:List*\",\n        \"cloudwatch:Get*\",\n        \"cloudwatch:Describe*\",\n        \"cloudtrail:LookupEvents\",\n        \"cloudtrail:ListTrails\",\n        \"cloudtrail:GetTrailStatus\",\n        \"cloudtrail:GetTrail\",\n        \"cloudtrail:DescribeTrails\",\n        \"cloudhsm:DescribeClusters\",\n        \"cloudhsm:DescribeBackups\",\n        \"cloudfront:ListDistributions\",\n        \"cloudfront:GetDistributionConfig\",\n        \"cloudformation:ListTypes\",\n        \"cloudformation:ListResourceScans\",\n        \"cloudformation:ListGeneratedTemplates\",\n        \"cloudformation:DescribeResourceScan\",\n        \"cloudformation:DescribeGeneratedTemplate\",\n        \"ce:GetCostCategories\",\n        \"ce:GetAnomalySubscriptions\",\n        \"ce:GetAnomalyMonitors\",\n        \"ce:DescribeCostCategoryDefinition\",\n        \"cassandra:Select\",\n        \"budgets:ViewBudget\",\n        \"billingconductor:ListPricingRules\",\n        \"billingconductor:ListPricingPlans\",\n        \"billingconductor:ListCustomLineItems\",\n        \"billingconductor:ListBillingGroups\",\n        \"bedrock:ListKnowledgeBaseDocuments\",\n        \"bedrock:ListBlueprints\",\n        \"bedrock:ListAsyncInvokes\",\n        \"bedrock:ListAgentCollaborators\",\n        \"bedrock:GetPrompt\",\n        \"bedrock:GetModelInvocationJob\",\n        \"bedrock:GetKnowledgeBase\",\n        \"bedrock:GetGuardrail\",\n        \"bedrock:GetFlowVersion\",\n        \"bedrock:GetFlow\",\n        \"bedrock:GetEvaluationJob\",\n        \"bedrock:GetDataSource\",\n        \"bedrock:GetBlueprint\",\n        \"bedrock:GetAsyncInvoke\",\n        \"bedrock:GetAgentActionGroup\",\n        \"bedrock:GetAgent\",\n        \"bcm-data-exports:ListExports\",\n        \"bcm-data-exports:GetExport\",\n        \"batch:ListSchedulingPolicies\",\n        \"batch:ListJobs\",\n        \"batch:DescribeSchedulingPolicies\",\n        \"batch:DescribeJobs\",\n        \"batch:DescribeJobQueues\",\n        \"batch:DescribeJobDefinitions\",\n        \"backup:ListRecoveryPointsByBackupVault\",\n        \"backup:ListProtectedResources\",\n        \"backup:ListLegalHolds\",\n        \"backup:ListFrameworks\",\n        \"backup:ListBackupPlans\",\n        \"backup:List*\",\n        \"backup:GetLegalHold\",\n        \"backup:DescribeFramework\",\n        \"backup-gateway:ListVirtualMachines\",\n        \"backup-gateway:ListHypervisors\",\n        \"backup-gateway:ListGateways\",\n        \"backup-gateway:GetVirtualMachine\",\n        \"backup-gateway:GetHypervisor\",\n        \"backup-gateway:GetGateway\",\n        \"b2bi:ListTransformers\",\n        \"b2bi:ListProfiles\",\n        \"b2bi:ListPartnerships\",\n        \"b2bi:ListCapabilities\",\n        \"b2bi:GetTransformer\",\n        \"b2bi:GetProfile\",\n        \"b2bi:GetPartnership\",\n        \"b2bi:GetCapability\",\n        \"autoscaling:Describe*\",\n        \"auditmanager:GetControl\",\n        \"auditmanager:GetAssessmentFramework\",\n        \"auditmanager:GetAssessment\",\n        \"athena:BatchGetPreparedStatement\",\n        \"athena:BatchGetNamedQuery\",\n        \"aps:ListWorkspaces\",\n        \"aps:ListScrapers\",\n        \"aps:ListRuleGroupsNamespaces\",\n        \"aps:DescribeWorkspace\",\n        \"aps:DescribeScraper\",\n        \"aps:DescribeRuleGroupsNamespace\",\n        \"appsync:ListGraphqlApis\",\n        \"appsync:GetGraphqlApi\",\n        \"appstream:DescribeStacks\",\n        \"appstream:DescribeImages\",\n        \"appstream:DescribeImageBuilders\",\n        \"appstream:DescribeFleets\",\n        \"appstream:DescribeApplications\",\n        \"appstream:DescribeAppBlocks\",\n        \"appstream:DescribeAppBlockBuilders\",\n        \"application-signals:ListServiceLevelObjectives\",\n        \"application-signals:GetServiceLevelObjective\",\n        \"appflow:ListConnectors\",\n        \"appflow:DescribeFlow\",\n        \"appflow:DescribeConnectorProfiles\",\n        \"appflow:DescribeConnector\",\n        \"app-integrations:ListEventIntegrations\",\n        \"app-integrations:ListEventIntegrationAssociations\",\n        \"app-integrations:ListDataIntegrations\",\n        \"app-integrations:ListDataIntegrationAssociations\",\n        \"app-integrations:ListApplications\",\n        \"app-integrations:ListApplicationAssociations\",\n        \"app-integrations:GetDataIntegration\",\n        \"app-integrations:GetApplication\",\n        \"apigateway:GET\",\n        \"aoss:ListCollections\",\n        \"aoss:BatchGetCollection\",\n        \"amplify:ListWebhooks\",\n        \"amplify:ListJobs\",\n        \"amplify:ListDomainAssociations\",\n        \"amplify:ListBranches\",\n        \"amplify:ListBackendEnvironments\",\n        \"amplify:ListApps\",\n        \"airflow:ListEnvironments\",\n        \"airflow:GetEnvironment\",\n        \"account:GetContactInformation\",\n        \"account:GetAccountInformation\"\n      ],\n      \"Resource\": \"*\"\n    }\n  ]\n}",
            "minified_json": "{\"Version\":\"2012-10-17\",\"Statement\":[{\"Effect\":\"Allow\",\"Action\":[\"drs:DescribeReplicationConfigurationTemplates\",\"drs:DescribeRecoveryInstances\",\"drs:DescribeLaunchConfigurationTemplates\",\"drs:DescribeJobs\",\"docdb-elastic:ListClusterSnapshots\",\"docdb-elastic:GetClusterSnapshot\",\"docdb-elastic:GetCluster\",\"dms:DescribeReplicationInstances\",\"dlm:GetLifecyclePolicy\",\"dlm:GetLifecyclePolicies\",\"directconnect:Describe*\",\"devicefarm:ListVPCEConfigurations\",\"devicefarm:ListUploads\",\"devicefarm:ListTestGridSessions\",\"devicefarm:ListTestGridProjects\",\"devicefarm:ListRemoteAccessSessions\",\"devicefarm:ListNetworkProfiles\",\"devicefarm:ListInstanceProfiles\",\"devicefarm:ListDevices\",\"devicefarm:ListDevicePools\",\"devicefarm:ListDeviceInstances\",\"devicefarm:GetUpload\",\"deadline:ListWorkers\",\"deadline:ListQueues\",\"deadline:ListMonitors\",\"deadline:ListLicenseEndpoints\",\"deadline:ListFleets\",\"deadline:ListFarms\",\"deadline:ListBudgets\",\"deadline:GetQueue\",\"deadline:GetLicenseEndpoint\",\"deadline:GetBudget\",\"datazone:ListDomains\",\"datazone:GetDomain\",\"databrew:ListSchedules\",\"databrew:ListRulesets\",\"databrew:ListRecipes\",\"databrew:ListDatasets\",\"cur:DescribeReportDefinitions\",\"controltower:ListLandingZones\",\"controltower:ListEnabledControls\",\"controltower:ListEnabledBaselines\",\"controltower:GetLandingZone\",\"connect:ListUsers\",\"connect:ListSecurityProfiles\",\"connect:ListRoutingProfiles\",\"connect:ListQuickConnects\",\"connect:ListQueues\",\"connect:ListHoursOfOperations\",\"connect:ListContactFlows\",\"connect:ListContactFlowModules\",\"connect:ListAuthenticationProfiles\",\"connect:ListAgentStatuses\",\"connect:DescribeUser\",\"connect:DescribeSecurityProfile\",\"connect:DescribeRoutingProfile\",\"connect:DescribeQuickConnect\",\"connect:DescribeQueue\",\"connect:DescribeInstance\",\"connect:DescribeHoursOfOperation\",\"connect:DescribeContactFlowModule\",\"connect:DescribeContactFlow\",\"connect:DescribeAuthenticationProfile\",\"connect:DescribeAgentStatus\",\"codepipeline:ListWebhooks\",\"codepipeline:ListActionTypes\",\"codepipeline:GetActionType\",\"codeguru-reviewer:ListRepositoryAssociations\",\"codeguru-reviewer:ListCodeReviews\",\"codeguru-profiler:ListProfilingGroups\",\"codeguru-profiler:ListFindingsReports\",\"codedeploy:List*\",\"codedeploy:BatchGet*\",\"codebuild:ListProjects\",\"codebuild:BatchGetProjects\",\"codeartifact:ListPackages\",\"codeartifact:ListPackageGroups\",\"codeartifact:ListDomains\",\"codeartifact:DescribeRepository\",\"codeartifact:DescribePackageGroup\",\"codeartifact:DescribeDomain\",\"cloudwatch:List*\",\"cloudwatch:Get*\",\"cloudwatch:Describe*\",\"cloudtrail:LookupEvents\",\"cloudtrail:ListTrails\",\"cloudtrail:GetTrailStatus\",\"cloudtrail:GetTrail\",\"cloudtrail:DescribeTrails\",\"cloudhsm:DescribeClusters\",\"cloudhsm:DescribeBackups\",\"cloudfront:ListDistributions\",\"cloudfront:GetDistributionConfig\",\"cloudformation:ListTypes\",\"cloudformation:ListResourceScans\",\"cloudformation:ListGeneratedTemplates\",\"cloudformation:DescribeResourceScan\",\"cloudformation:DescribeGeneratedTemplate\",\"ce:GetCostCategories\",\"ce:GetAnomalySubscriptions\",\"ce:GetAnomalyMonitors\",\"ce:DescribeCostCategoryDefinition\",\"cassandra:Select\",\"budgets:ViewBudget\",\"billingconductor:ListPricingRules\",\"billingconductor:ListPricingPlans\",\"billingconductor:ListCustomLineItems\",\"billingconductor:ListBillingGroups\",\"bedrock:ListKnowledgeBaseDocuments\",\"bedrock:ListBlueprints\",\"bedrock:ListAsyncInvokes\",\"bedrock:ListAgentCollaborators\",\"bedrock:GetPrompt\",\"bedrock:GetModelInvocationJob\",\"bedrock:GetKnowledgeBase\",\"bedrock:GetGuardrail\",\"bedrock:GetFlowVersion\",\"bedrock:GetFlow\",\"bedrock:GetEvaluationJob\",\"bedrock:GetDataSource\",\"bedrock:GetBlueprint\",\"bedrock:GetAsyncInvoke\",\"bedrock:GetAgentActionGroup\",\"bedrock:GetAgent\",\"bcm-data-exports:ListExports\",\"bcm-data-exports:GetExport\",\"batch:ListSchedulingPolicies\",\"batch:ListJobs\",\"batch:DescribeSchedulingPolicies\",\"batch:DescribeJobs\",\"batch:DescribeJobQueues\",\"batch:DescribeJobDefinitions\",\"backup:ListRecoveryPointsByBackupVault\",\"backup:ListProtectedResources\",\"backup:ListLegalHolds\",\"backup:ListFrameworks\",\"backup:ListBackupPlans\",\"backup:List*\",\"backup:GetLegalHold\",\"backup:DescribeFramework\",\"backup-gateway:ListVirtualMachines\",\"backup-gateway:ListHypervisors\",\"backup-gateway:ListGateways\",\"backup-gateway:GetVirtualMachine\",\"backup-gateway:GetHypervisor\",\"backup-gateway:GetGateway\",\"b2bi:ListTransformers\",\"b2bi:ListProfiles\",\"b2bi:ListPartnerships\",\"b2bi:ListCapabilities\",\"b2bi:GetTransformer\",\"b2bi:GetProfile\",\"b2bi:GetPartnership\",\"b2bi:GetCapability\",\"autoscaling:Describe*\",\"auditmanager:GetControl\",\"auditmanager:GetAssessmentFramework\",\"auditmanager:GetAssessment\",\"athena:BatchGetPreparedStatement\",\"athena:BatchGetNamedQuery\",\"aps:ListWorkspaces\",\"aps:ListScrapers\",\"aps:ListRuleGroupsNamespaces\",\"aps:DescribeWorkspace\",\"aps:DescribeScraper\",\"aps:DescribeRuleGroupsNamespace\",\"appsync:ListGraphqlApis\",\"appsync:GetGraphqlApi\",\"appstream:DescribeStacks\",\"appstream:DescribeImages\",\"appstream:DescribeImageBuilders\",\"appstream:DescribeFleets\",\"appstream:DescribeApplications\",\"appstream:DescribeAppBlocks\",\"appstream:DescribeAppBlockBuilders\",\"application-signals:ListServiceLevelObjectives\",\"application-signals:GetServiceLevelObjective\",\"appflow:ListConnectors\",\"appflow:DescribeFlow\",\"appflow:DescribeConnectorProfiles\",\"appflow:DescribeConnector\",\"app-integrations:ListEventIntegrations\",\"app-integrations:ListEventIntegrationAssociations\",\"app-integrations:ListDataIntegrations\",\"app-integrations:ListDataIntegrationAssociations\",\"app-integrations:ListApplications\",\"app-integrations:ListApplicationAssociations\",\"app-integrations:GetDataIntegration\",\"app-integrations:GetApplication\",\"apigateway:GET\",\"aoss:ListCollections\",\"aoss:BatchGetCollection\",\"amplify:ListWebhooks\",\"amplify:ListJobs\",\"amplify:ListDomainAssociations\",\"amplify:ListBranches\",\"amplify:ListBackendEnvironments\",\"amplify:ListApps\",\"airflow:ListEnvironments\",\"airflow:GetEnvironment\",\"account:GetContactInformation\",\"account:GetAccountInformation\"],\"Resource\":\"*\"}]}",
            "override_json": null,
            "override_policy_documents": null,
            "policy_id": null,
            "source_json": null,
            "source_policy_documents": null,
            "statement": [
              {
                "actions": [
                  "account:GetAccountInformation",
                  "account:GetContactInformation",
                  "airflow:GetEnvironment",
                  "airflow:ListEnvironments",
                  "amplify:ListApps",
                  "amplify:ListBackendEnvironments",
                  "amplify:ListBranches",
                  "amplify:ListDomainAssociations",
                  "amplify:ListJobs",
                  "amplify:ListWebhooks",
                  "aoss:BatchGetCollection",
                  "aoss:ListCollections",
                  "apigateway:GET",
                  "app-integrations:GetApplication",
                  "app-integrations:GetDataIntegration",
                  "app-integrations:ListApplicationAssociations",
                  "app-integrations:ListApplications",
                  "app-integrations:ListDataIntegrationAssociations",
                  "app-integrations:ListDataIntegrations",
                  "app-integrations:ListEventIntegrationAssociations",
                  "app-integrations:ListEventIntegrations",
                  "appflow:DescribeConnector",
                  "appflow:DescribeConnectorProfiles",
                  "appflow:DescribeFlow",
                  "appflow:ListConnectors",
                  "application-signals:GetServiceLevelObjective",
                  "application-signals:ListServiceLevelObjectives",
                  "appstream:DescribeAppBlockBuilders",
                  "appstream:DescribeAppBlocks",
                  "appstream:DescribeApplications",
                  "appstream:DescribeFleets",
                  "appstream:DescribeImageBuilders",
                  "appstream:DescribeImages",
                  "appstream:DescribeStacks",
                  "appsync:GetGraphqlApi",
                  "appsync:ListGraphqlApis",
                  "aps:DescribeRuleGroupsNamespace",
                  "aps:DescribeScraper",
                  "aps:DescribeWorkspace",
                  "aps:ListRuleGroupsNamespaces",
                  "aps:ListScrapers",
                  "aps:ListWorkspaces",
                  "athena:BatchGetNamedQuery",
                  "athena:BatchGetPreparedStatement",
                  "auditmanager:GetAssessment",
                  "auditmanager:GetAssessmentFramework",
                  "auditmanager:GetControl",
                  "autoscaling:Describe*",
                  "b2bi:GetCapability",
                  "b2bi:GetPartnership",
                  "b2bi:GetProfile",
                  "b2bi:GetTransformer",
                  "b2bi:ListCapabilities",
                  "b2bi:ListPartnerships",
                  "b2bi:ListProfiles",
                  "b2bi:ListTransformers",
                  "backup-gateway:GetGateway",
                  "backup-gateway:GetHypervisor",
                  "backup-gateway:GetVirtualMachine",
                  "backup-gateway:ListGateways",
                  "backup-gateway:ListHypervisors",
                  "backup-gateway:ListVirtualMachines",
                  "backup:DescribeFramework",
                  "backup:GetLegalHold",
                  "backup:List*",
                  "backup:ListBackupPlans",
                  "backup:ListFrameworks",
                  "backup:ListLegalHolds",
                  "backup:ListProtectedResources",
                  "backup:ListRecoveryPointsByBackupVault",
                  "batch:DescribeJobDefinitions",
                  "batch:DescribeJobQueues",
                  "batch:DescribeJobs",
                  "batch:DescribeSchedulingPolicies",
                  "batch:ListJobs",
                  "batch:ListSchedulingPolicies",
                  "bcm-data-exports:GetExport",
                  "bcm-data-exports:ListExports",
                  "bedrock:GetAgent",
                  "bedrock:GetAgentActionGroup",
                  "bedrock:GetAsyncInvoke",
                  "bedrock:GetBlueprint",
                  "bedrock:GetDataSource",
                  "bedrock:GetEvaluationJob",
                  "bedrock:GetFlow",
                  "bedrock:GetFlowVersion",
                  "bedrock:GetGuardrail",
                  "bedrock:GetKnowledgeBase",
                  "bedrock:GetModelInvocationJob",
                  "bedrock:GetPrompt",
                  "bedrock:ListAgentCollaborators",
                  "bedrock:ListAsyncInvokes",
                  "bedrock:ListBlueprints",
                  "bedrock:ListKnowledgeBaseDocuments",
                  "billingconductor:ListBillingGroups",
                  "billingconductor:ListCustomLineItems",
                  "billingconductor:ListPricingPlans",
                  "billingconductor:ListPricingRules",
                  "budgets:ViewBudget",
                  "cassandra:Select",
                  "ce:DescribeCostCategoryDefinition",
                  "ce:GetAnomalyMonitors",
                  "ce:GetAnomalySubscriptions",
                  "ce:GetCostCategories",
                  "cloudformation:DescribeGeneratedTemplate",
                  "cloudformation:DescribeResourceScan",
                  "cloudformation:ListGeneratedTemplates",
                  "cloudformation:ListResourceScans",
                  "cloudformation:ListTypes",
                  "cloudfront:GetDistributionConfig",
                  "cloudfront:ListDistributions",
                  "cloudhsm:DescribeBackups",
                  "cloudhsm:DescribeClusters",
                  "cloudtrail:DescribeTrails",
                  "cloudtrail:GetTrail",
                  "cloudtrail:GetTrailStatus",
                  "cloudtrail:ListTrails",
                  "cloudtrail:LookupEvents",
                  "cloudwatch:Describe*",
                  "cloudwatch:Get*",
                  "cloudwatch:List*",
                  "codeartifact:DescribeDomain",
                  "codeartifact:DescribePackageGroup",
                  "codeartifact:DescribeRepository",
                  "codeartifact:ListDomains",
                  "codeartifact:ListPackageGroups",
                  "codeartifact:ListPackages",
                  "codebuild:BatchGetProjects",
                  "codebuild:ListProjects",
                  "codedeploy:BatchGet*",
                  "codedeploy:List*",
                  "codeguru-profiler:ListFindingsReports",
                  "codeguru-profiler:ListProfilingGroups",
                  "codeguru-reviewer:ListCodeReviews",
                  "codeguru-reviewer:ListRepositoryAssociations",
                  "codepipeline:GetActionType",
                  "codepipeline:ListActionTypes",
                  "codepipeline:ListWebhooks",
                  "connect:DescribeAgentStatus",
                  "connect:DescribeAuthenticationProfile",
                  "connect:DescribeContactFlow",
                  "connect:DescribeContactFlowModule",
                  "connect:DescribeHoursOfOperation",
                  "connect:DescribeInstance",
                  "connect:DescribeQueue",
                  "connect:DescribeQuickConnect",
                  "connect:DescribeRoutingProfile",
                  "connect:DescribeSecurityProfile",
                  "connect:DescribeUser",
                  "connect:ListAgentStatuses",
                  "connect:ListAuthenticationProfiles",
                  "connect:ListContactFlowModules",
                  "connect:ListContactFlows",
                  "connect:ListHoursOfOperations",
                  "connect:ListQueues",
                  "connect:ListQuickConnects",
                  "connect:ListRoutingProfiles",
                  "connect:ListSecurityProfiles",
                  "connect:ListUsers",
                  "controltower:GetLandingZone",
                  "controltower:ListEnabledBaselines",
                  "controltower:ListEnabledControls",
                  "controltower:ListLandingZones",
                  "cur:DescribeReportDefinitions",
                  "databrew:ListDatasets",
                  "databrew:ListRecipes",
                  "databrew:ListRulesets",
                  "databrew:ListSchedules",
                  "datazone:GetDomain",
                  "datazone:ListDomains",
                  "deadline:GetBudget",
                  "deadline:GetLicenseEndpoint",
                  "deadline:GetQueue",
                  "deadline:ListBudgets",
                  "deadline:ListFarms",
                  "deadline:ListFleets",
                  "deadline:ListLicenseEndpoints",
                  "deadline:ListMonitors",
                  "deadline:ListQueues",
                  "deadline:ListWorkers",
                  "devicefarm:GetUpload",
                  "devicefarm:ListDeviceInstances",
                  "devicefarm:ListDevicePools",
                  "devicefarm:ListDevices",
                  "devicefarm:ListInstanceProfiles",
                  "devicefarm:ListNetworkProfiles",
                  "devicefarm:ListRemoteAccessSessions",
                  "devicefarm:ListTestGridProjects",
                  "devicefarm:ListTestGridSessions",
                  "devicefarm:ListUploads",
                  "devicefarm:ListVPCEConfigurations",
                  "directconnect:Describe*",
                  "dlm:GetLifecyclePolicies",
                  "dlm:GetLifecyclePolicy",
                  "dms:DescribeReplicationInstances",
                  "docdb-elastic:GetCluster",
                  "docdb-elastic:GetClusterSnapshot",
                  "docdb-elastic:ListClusterSnapshots",
                  "drs:DescribeJobs",
                  "drs:DescribeLaunchConfigurationTemplates",
                  "drs:DescribeRecoveryInstances",
                  "drs:DescribeReplicationConfigurationTemplates"
                ],
                "condition": [],
                "effect": "Allow",
                "not_actions": [],
                "not_principals": [],
                "not_resources": [],
                "principals": [],
                "resources": [
                  "*"
                ],
                "sid": ""
              }
            ],
            "version": "2012-10-17"
          },
          "sensitive_attributes": [],
          "identity_schema_version": 0
        },
        {
          "index_key": 1,
          "schema_version": 0,
          "attributes": {
            "id": "1846264275",
            "json": "{\n  \"Version\": \"2012-10-17\",\n  \"Statement\": [\n    {\n      \"Effect\": \"Allow\",\n      \"Action\": [\n        \"lightsail:GetInstancePortStates\",\n        \"lightsail:GetDistributions\",\n        \"lightsail:GetCertificates\",\n        \"lightsail:GetAlarms\",\n        \"launchwizard:ListDeployments\",\n        \"launchwizard:GetDeployment\",\n        \"lambda:List*\",\n        \"lambda:GetFunction\",\n        \"lakeformation:ListPermissions\",\n        \"lakeformation:GetDataLakeSettings\",\n        \"kinesis:List*\",\n        \"kinesis:Describe*\",\n        \"kendra:ListThesauri\",\n        \"kendra:ListQuerySuggestionsBlockLists\",\n        \"kendra:ListFeaturedResultsSets\",\n        \"kendra:ListFaqs\",\n        \"kendra:ListExperiences\",\n        \"kendra:ListAccessControlConfigurations\",\n        \"kendra:DescribeThesaurus\",\n        \"kendra:DescribeQuerySuggestionsBlockList\",\n        \"kendra:DescribeFeaturedResultsSet\",\n        \"kendra:DescribeFaq\",\n        \"kendra:DescribeExperience\",\n        \"kendra:DescribeDataSource\",\n        \"kendra:DescribeAccessControlConfiguration\",\n        \"ivschat:ListRooms\",\n        \"ivschat:ListLoggingConfigurations\",\n        \"ivschat:GetRoom\",\n        \"ivschat:GetLoggingConfiguration\",\n        \"ivs:ListStreamKeys\",\n        \"ivs:ListStorageConfigurations\",\n        \"ivs:ListStages\",\n        \"ivs:ListRecordingConfigurations\",\n        \"ivs:ListPublicKeys\",\n        \"ivs:ListPlaybackRestrictionPolicies\",\n        \"ivs:ListPlaybackKeyPairs\",\n        \"ivs:ListIngestConfigurations\",\n        \"ivs:ListEncoderConfigurations\",\n        \"ivs:ListCompositions\",\n        \"ivs:ListChannels\",\n        \"ivs:GetStage\",\n        \"ivs:GetRecordingConfiguration\",\n        \"ivs:GetPublicKey\",\n        \"ivs:GetIngestConfiguration\",\n        \"ivs:GetEncoderConfiguration\",\n        \"ivs:GetComposition\",\n        \"ivs:GetChannel\",\n        \"iotwireless:ListWirelessGateways\",\n        \"iotwireless:ListWirelessDevices\",\n        \"iotwireless:ListServiceProfiles\",\n        \"iotwireless:ListNetworkAnalyzerConfigurations\",\n        \"iotwireless:ListMulticastGroups\",\n        \"iotwireless:ListDeviceProfiles\",\n        \"iotwireless:ListDestinations\",\n        \"iotwireless:GetWirelessGateway\",\n        \"iotwireless:GetWirelessDevice\",\n        \"iotwireless:GetServiceProfile\",\n        \"iotwireless:GetNetworkAnalyzerConfiguration\",\n        \"iotwireless:GetMulticastGroup\",\n        \"iotwireless:GetDeviceProfile\",\n        \"iottwinmaker:ListScenes\",\n        \"iottwinmaker:ListEntities\",\n        \"iottwinmaker:ListComponentTypes\",\n        \"iottwinmaker:GetWorkspace\",\n        \"iottwinmaker:GetScene\",\n        \"iottwinmaker:GetEntity\",\n        \"iottwinmaker:GetComponentType\",\n        \"iotsitewise:ListTimeSeries\",\n        \"iotsitewise:ListProjects\",\n        \"iotsitewise:ListPortals\",\n        \"iotsitewise:ListDatasets\",\n        \"iotsitewise:ListDashboards\",\n        \"iotsitewise:ListAssets\",\n        \"iotsitewise:DescribeProject\",\n        \"iotsitewise:DescribePortal\",\n        \"iotsitewise:DescribeDataset\",\n        \"iotsitewise:DescribeDashboard\",\n        \"iotsitewise:DescribeAssetModel\",\n        \"iotsitewise:DescribeAsset\",\n        \"iotfleetwise:ListVehicles\",\n        \"iotfleetwise:ListStateTemplates\",\n        \"iotfleetwise:ListSignalCatalogs\",\n        \"iotfleetwise:ListFleets\",\n        \"iotfleetwise:ListDecoderManifests\",\n        \"iotfleetwise:ListCampaigns\",\n        \"iotfleetwise:GetVehicle\",\n        \"iotfleetwise:GetStateTemplate\",\n        \"iotfleetwise:GetSignalCatalog\",\n        \"iotfleetwise:GetCampaign\",\n        \"imagebuilder:ListWorkflows\",\n        \"imagebuilder:ListLifecyclePolicies\",\n        \"imagebuilder:ListInfrastructureConfigurations\",\n        \"imagebuilder:ListImages\",\n        \"imagebuilder:ListImageRecipes\",\n        \"imagebuilder:ListImagePipelines\",\n        \"imagebuilder:ListDistributionConfigurations\",\n        \"imagebuilder:ListContainerRecipes\",\n        \"imagebuilder:ListComponents\",\n        \"imagebuilder:GetWorkflow\",\n        \"imagebuilder:GetLifecyclePolicy\",\n        \"imagebuilder:GetInfrastructureConfiguration\",\n        \"imagebuilder:GetImageRecipe\",\n        \"imagebuilder:GetDistributionConfiguration\",\n        \"imagebuilder:GetContainerRecipe\",\n        \"iam:ListAccountAliases\",\n        \"health:DescribeEvents\",\n        \"health:DescribeEventDetails\",\n        \"health:DescribeAffectedEntities\",\n        \"greengrass:GetGroup\",\n        \"greengrass:GetDeployment\",\n        \"greengrass:GetCoreDevice\",\n        \"greengrass:GetConnectivityInfo\",\n        \"greengrass:GetComponent\",\n        \"greengrass:GetBulkDeploymentStatus\",\n        \"grafana:DescribeWorkspace\",\n        \"glue:ListRegistries\",\n        \"glacier:GetVaultNotifications\",\n        \"geo:ListTrackers\",\n        \"geo:ListRouteCalculators\",\n        \"geo:ListPlaceIndexes\",\n        \"geo:ListKeys\",\n        \"geo:ListGeofenceCollections\",\n        \"geo:DescribeTracker\",\n        \"geo:DescribeRouteCalculator\",\n        \"geo:DescribePlaceIndex\",\n        \"geo:DescribeMap\",\n        \"geo:DescribeKey\",\n        \"geo:DescribeGeofenceCollection\",\n        \"gamelift:ListScripts\",\n        \"gamelift:ListLocations\",\n        \"gamelift:ListGameServerGroups\",\n        \"gamelift:ListContainerGroupDefinitions\",\n        \"gamelift:ListContainerFleets\",\n        \"gamelift:ListAliases\",\n        \"gamelift:DescribeMatchmakingRuleSets\",\n        \"gamelift:DescribeMatchmakingConfigurations\",\n        \"gamelift:DescribeGameSessionQueues\",\n        \"fsx:ListTagsForResource\",\n        \"fsx:DescribeFileSystems\",\n        \"frauddetector:GetVariables\",\n        \"frauddetector:GetRules\",\n        \"frauddetector:GetOutcomes\",\n        \"frauddetector:GetModels\",\n        \"frauddetector:GetListsMetadata\",\n        \"frauddetector:GetLabels\",\n        \"frauddetector:GetExternalModels\",\n        \"frauddetector:GetEventTypes\",\n        \"frauddetector:GetEntityTypes\",\n        \"frauddetector:GetDetectorVersion\",\n        \"frauddetector:GetBatchPredictionJobs\",\n        \"frauddetector:GetBatchImportJobs\",\n        \"frauddetector:DescribeModelVersions\",\n        \"frauddetector:DescribeDetector\",\n        \"fis:ListExperiments\",\n        \"fis:ListExperimentTemplates\",\n        \"fis:ListActions\",\n        \"fis:GetExperimentTemplate\",\n        \"fis:GetExperiment\",\n        \"fis:GetAction\",\n        \"events:CreateEventBus\",\n        \"es:ListTags\",\n        \"es:ListDomainNames\",\n        \"es:DescribeElasticsearchDomains\",\n        \"emr-containers:ListVirtualClusters\",\n        \"emr-containers:ListSecurityConfigurations\",\n        \"emr-containers:ListManagedEndpoints\",\n        \"elasticmapreduce:ListInstanceGroups\",\n        \"elasticmapreduce:ListInstanceFleets\",\n        \"elasticmapreduce:List*\",\n        \"elasticmapreduce:Describe*\",\n        \"elasticloadbalancing:Describe*\",\n        \"elasticfilesystem:DescribeTags\",\n        \"elasticfilesystem:DescribeFileSystems\",\n        \"elasticfilesystem:DescribeAccessPoints\",\n        \"elasticache:List*\",\n        \"elasticache:Describe*\",\n        \"eks:ListPodIdentityAssociations\",\n        \"eks:ListInsights\",\n        \"eks:ListIdentityProviderConfigs\",\n        \"eks:ListEksAnywhereSubscriptions\",\n        \"eks:ListClusters\",\n        \"eks:ListAddons\",\n        \"eks:DescribeUpdate\",\n        \"eks:DescribePodIdentityAssociation\",\n        \"eks:DescribeInsight\",\n        \"eks:DescribeIdentityProviderConfig\",\n        \"eks:DescribeCluster\",\n        \"eks:DescribeAddon\",\n        \"eks:DescribeAccessEntry\",\n        \"ecs:List*\",\n        \"ecs:Describe*\",\n        \"ec2:GetVerifiedAccessGroupPolicy\",\n        \"ec2:GetVerifiedAccessEndpointTargets\",\n        \"ec2:GetVerifiedAccessEndpointPolicy\",\n        \"ec2:Describe*\",\n        \"dynamodb:List*\",\n        \"dynamodb:DescribeStream\",\n        \"dynamodb:DescribeBackup\",\n        \"dynamodb:Describe*\",\n        \"dsql:ListClusters\",\n        \"dsql:GetCluster\",\n        \"drs:DescribeSourceServers\",\n        \"drs:DescribeSourceNetworks\"\n      ],\n      \"Resource\": \"*\"\n    }\n  ]\n}",
            "minified_json": "{\"Version\":\"2012-10-17\",\"Statement\":[{\"Effect\":\"Allow\",\"Action\":[\"lightsail:GetInstancePortStates\",\"lightsail:GetDistributions\",\"lightsail:GetCertificates\",\"lightsail:GetAlarms\",\"launchwizard:ListDeployments\",\"launchwizard:GetDeployment\",\"lambda:List*\",\"lambda:GetFunction\",\"lakeformation:ListPermissions\",\"lakeformation:GetDataLakeSettings\",\"kinesis:List*\",\"kinesis:Describe*\",\"kendra:ListThesauri\",\"kendra:ListQuerySuggestionsBlockLists\",\"kendra:ListFeaturedResultsSets\",\"kendra:ListFaqs\",\"kendra:ListExperiences\",\"kendra:ListAccessControlConfigurations\",\"kendra:DescribeThesaurus\",\"kendra:DescribeQuerySuggestionsBlockList\",\"kendra:DescribeFeaturedResultsSet\",\"kendra:DescribeFaq\",\"kendra:DescribeExperience\",\"kendra:DescribeDataSource\",\"kendra:DescribeAccessControlConfiguration\",\"ivschat:ListRooms\",\"ivschat:ListLoggingConfigurations\",\"ivschat:GetRoom\",\"ivschat:GetLoggingConfiguration\",\"ivs:ListStreamKeys\",\"ivs:ListStorageConfigurations\",\"ivs:ListStages\",\"ivs:ListRecordingConfigurations\",\"ivs:ListPublicKeys\",\"ivs:ListPlaybackRestrictionPolicies\",\"ivs:ListPlaybackKeyPairs\",\"ivs:ListIngestConfigurations\",\"ivs:ListEncoderConfigurations\",\"ivs:ListCompositions\",\"ivs:ListChannels\",\"ivs:GetStage\",\"ivs:GetRecordingConfiguration\",\"ivs:GetPublicKey\",\"ivs:GetIngestConfiguration\",\"ivs:GetEncoderConfiguration\",\"ivs:GetComposition\",\"ivs:GetChannel\",\"iotwireless:ListWirelessGateways\",\"iotwireless:ListWirelessDevices\",\"iotwireless:ListServiceProfiles\",\"iotwireless:ListNetworkAnalyzerConfigurations\",\"iotwireless:ListMulticastGroups\",\"iotwireless:ListDeviceProfiles\",\"iotwireless:ListDestinations\",\"iotwireless:GetWirelessGateway\",\"iotwireless:GetWirelessDevice\",\"iotwireless:GetServiceProfile\",\"iotwireless:GetNetworkAnalyzerConfiguration\",\"iotwireless:GetMulticastGroup\",\"iotwireless:GetDeviceProfile\",\"iottwinmaker:ListScenes\",\"iottwinmaker:ListEntities\",\"iottwinmaker:ListComponentTypes\",\"iottwinmaker:GetWorkspace\",\"iottwinmaker:GetScene\",\"iottwinmaker:GetEntity\",\"iottwinmaker:GetComponentType\",\"iotsitewise:ListTimeSeries\",\"iotsitewise:ListProjects\",\"iotsitewise:ListPortals\",\"iotsitewise:ListDatasets\",\"iotsitewise:ListDashboards\",\"iotsitewise:ListAssets\",\"iotsitewise:DescribeProject\",\"iotsitewise:DescribePortal\",\"iotsitewise:DescribeDataset\",\"iotsitewise:DescribeDashboard\",\"iotsitewise:DescribeAssetModel\",\"iotsitewise:DescribeAsset\",\"iotfleetwise:ListVehicles\",\"iotfleetwise:ListStateTemplates\",\"iotfleetwise:ListSignalCatalogs\",\"iotfleetwise:ListFleets\",\"iotfleetwise:ListDecoderManifests\",\"iotfleetwise:ListCampaigns\",\"iotfleetwise:GetVehicle\",\"iotfleetwise:GetStateTemplate\",\"iotfleetwise:GetSignalCatalog\",\"iotfleetwise:GetCampaign\",\"imagebuilder:ListWorkflows\",\"imagebuilder:ListLifecyclePolicies\",\"imagebuilder:ListInfrastructureConfigurations\",\"imagebuilder:ListImages\",\"imagebuilder:ListImageRecipes\",\"imagebuilder:ListImagePipelines\",\"imagebuilder:ListDistributionConfigurations\",\"imagebuilder:ListContainerRecipes\",\"imagebuilder:ListComponents\",\"imagebuilder:GetWorkflow\",\"imagebuilder:GetLifecyclePolicy\",\"imagebuilder:GetInfrastructureConfiguration\",\"imagebuilder:GetImageRecipe\",\"imagebuilder:GetDistributionConfiguration\",\"imagebuilder:GetContainerRecipe\",\"iam:ListAccountAliases\",\"health:DescribeEvents\",\"health:DescribeEventDetails\",\"health:DescribeAffectedEntities\",\"greengrass:GetGroup\",\"greengrass:GetDeployment\",\"greengrass:GetCoreDevice\",\"greengrass:GetConnectivityInfo\",\"greengrass:GetComponent\",\"greengrass:GetBulkDeploymentStatus\",\"grafana:DescribeWorkspace\",\"glue:ListRegistries\",\"glacier:GetVaultNotifications\",\"geo:ListTrackers\",\"geo:ListRouteCalculators\",\"geo:ListPlaceIndexes\",\"geo:ListKeys\",\"geo:ListGeofenceCollections\",\"geo:DescribeTracker\",\"geo:DescribeRouteCalculator\",\"geo:DescribePlaceIndex\",\"geo:DescribeMap\",\"geo:DescribeKey\",\"geo:DescribeGeofenceCollection\",\"gamelift:ListScripts\",\"gamelift:ListLocations\",\"gamelift:ListGameServerGroups\",\"gamelift:ListContainerGroupDefinitions\",\"gamelift:ListContainerFleets\",\"gamelift:ListAliases\",\"gamelift:DescribeMatchmakingRuleSets\",\"gamelift:DescribeMatchmakingConfigurations\",\"gamelift:DescribeGameSessionQueues\",\"fsx:ListTagsForResource\",\"fsx:DescribeFileSystems\",\"frauddetector:GetVariables\",\"frauddetector:GetRules\",\"frauddetector:GetOutcomes\",\"frauddetector:GetModels\",\"frauddetector:GetListsMetadata\",\"frauddetector:GetLabels\",\"frauddetector:GetExternalModels\",\"frauddetector:GetEventTypes\",\"frauddetector:GetEntityTypes\",\"frauddetector:GetDetectorVersion\",\"frauddetector:GetBatchPredictionJobs\",\"frauddetector:GetBatchImportJobs\",\"frauddetector:DescribeModelVersions\",\"frauddetector:DescribeDetector\",\"fis:ListExperiments\",\"fis:ListExperimentTemplates\",\"fis:ListActions\",\"fis:GetExperimentTemplate\",\"fis:GetExperiment\",\"fis:GetAction\",\"events:CreateEventBus\",\"es:ListTags\",\"es:ListDomainNames\",\"es:DescribeElasticsearchDomains\",\"emr-containers:ListVirtualClusters\",\"emr-containers:ListSecurityConfigurations\",\"emr-containers:ListManagedEndpoints\",\"elasticmapreduce:ListInstanceGroups\",\"elasticmapreduce:ListInstanceFleets\",\"elasticmapreduce:List*\",\"elasticmapreduce:Describe*\",\"elasticloadbalancing:Describe*\",\"elasticfilesystem:DescribeTags\",\"elasticfilesystem:DescribeFileSystems\",\"elasticfilesystem:DescribeAccessPoints\",\"elasticache:List*\",\"elasticache:Describe*\",\"eks:ListPodIdentityAssociations\",\"eks:ListInsights\",\"eks:ListIdentityProviderConfigs\",\"eks:ListEksAnywhereSubscriptions\",\"eks:ListClusters\",\"eks:ListAddons\",\"eks:DescribeUpdate\",\"eks:DescribePodIdentityAssociation\",\"eks:DescribeInsight\",\"eks:DescribeIdentityProviderConfig\",\"eks:DescribeCluster\",\"eks:DescribeAddon\",\"eks:DescribeAccessEntry\",\"ecs:List*\",\"ecs:Describe*\",\"ec2:GetVerifiedAccessGroupPolicy\",\"ec2:GetVerifiedAccessEndpointTargets\",\"ec2:GetVerifiedAccessEndpointPolicy\",\"ec2:Describe*\",\"dynamodb:List*\",\"dynamodb:DescribeStream\",\"dynamodb:DescribeBackup\",\"dynamodb:Describe*\",\"dsql:ListClusters\",\"dsql:GetCluster\",\"drs:DescribeSourceServers\",\"drs:DescribeSourceNetworks\"],\"Resource\":\"*\"}]}",
            "override_json": null,
            "override_policy_documents": null,
            "policy_id": null,
            "source_json": null,
            "source_policy_documents": null,
            "statement": [
              {
                "actions": [
                  "drs:DescribeSourceNetworks",
                  "drs:DescribeSourceServers",
                  "dsql:GetCluster",
                  "dsql:ListClusters",
                  "dynamodb:Describe*",
                  "dynamodb:DescribeBackup",
                  "dynamodb:DescribeStream",
                  "dynamodb:List*",
                  "ec2:Describe*",
                  "ec2:GetVerifiedAccessEndpointPolicy",
                  "ec2:GetVerifiedAccessEndpointTargets",
                  "ec2:GetVerifiedAccessGroupPolicy",
                  "ecs:Describe*",
                  "ecs:List*",
                  "eks:DescribeAccessEntry",
                  "eks:DescribeAddon",
                  "eks:DescribeCluster",
                  "eks:DescribeIdentityProviderConfig",
                  "eks:DescribeInsight",
                  "eks:DescribePodIdentityAssociation",
                  "eks:DescribeUpdate",
                  "eks:ListAddons",
                  "eks:ListClusters",
                  "eks:ListEksAnywhereSubscriptions",
                  "eks:ListIdentityProviderConfigs",
                  "eks:ListInsights",
                  "eks:ListPodIdentityAssociations",
                  "elasticache:Describe*",
                  "elasticache:List*",
                  "elasticfilesystem:DescribeAccessPoints",
                  "elasticfilesystem:DescribeFileSystems",
                  "elasticfilesystem:DescribeTags",
                  "elasticloadbalancing:Describe*",
                  "elasticmapreduce:Describe*",
                  "elasticmapreduce:List*",
                  "elasticmapreduce:ListInstanceFleets",
                  "elasticmapreduce:ListInstanceGroups",
                  "emr-containers:ListManagedEndpoints",
                  "emr-containers:ListSecurityConfigurations",
                  "emr-containers:ListVirtualClusters",
                  "es:DescribeElasticsearchDomains",
                  "es:ListDomainNames",
                  "es:ListTags",
                  "events:CreateEventBus",
                  "fis:GetAction",
                  "fis:GetExperiment",
                  "fis:GetExperimentTemplate",
                  "fis:ListActions",
                  "fis:ListExperimentTemplates",
                  "fis:ListExperiments",
                  "frauddetector:DescribeDetector",
                  "frauddetector:DescribeModelVersions",
                  "frauddetector:GetBatchImportJobs",
                  "frauddetector:GetBatchPredictionJobs",
                  "frauddetector:GetDetectorVersion",
                  "frauddetector:GetEntityTypes",
                  "frauddetector:GetEventTypes",
                  "frauddetector:GetExternalModels",
                  "frauddetector:GetLabels",
                  "frauddetector:GetListsMetadata",
                  "frauddetector:GetModels",
                  "frauddetector:GetOutcomes",
                  "frauddetector:GetRules",
                  "frauddetector:GetVariables",
                  "fsx:DescribeFileSystems",
                  "fsx:ListTagsForResource",
                  "gamelift:DescribeGameSessionQueues",
                  "gamelift:DescribeMatchmakingConfigurations",
                  "gamelift:DescribeMatchmakingRuleSets",
                  "gamelift:ListAliases",
                  "gamelift:ListContainerFleets",
                  "gamelift:ListContainerGroupDefinitions",
                  "gamelift:ListGameServerGroups",
                  "gamelift:ListLocations",
                  "gamelift:ListScripts",
                  "geo:DescribeGeofenceCollection",
                  "geo:DescribeKey",
                  "geo:DescribeMap",
                  "geo:DescribePlaceIndex",
                  "geo:DescribeRouteCalculator",
                  "geo:DescribeTracker",
                  "geo:ListGeofenceCollections",
                  "geo:ListKeys",
                  "geo:ListPlaceIndexes",
                  "geo:ListRouteCalculators",
                  "geo:ListTrackers",
                  "glacier:GetVaultNotifications",
                  "glue:ListRegistries",
                  "grafana:DescribeWorkspace",
                  "greengrass:GetBulkDeploymentStatus",
                  "greengrass:GetComponent",
                  "greengrass:GetConnectivityInfo",
                  "greengrass:GetCoreDevice",
                  "greengrass:GetDeployment",
                  "greengrass:GetGroup",
                  "health:DescribeAffectedEntities",
                  "health:DescribeEventDetails",
                  "health:DescribeEvents",
                  "iam:ListAccountAliases",
                  "imagebuilder:GetContainerRecipe",
                  "imagebuilder:GetDistributionConfiguration",
                  "imagebuilder:GetImageRecipe",
                  "imagebuilder:GetInfrastructureConfiguration",
                  "imagebuilder:GetLifecyclePolicy",
                  "imagebuilder:GetWorkflow",
                  "imagebuilder:ListComponents",
                  "imagebuilder:ListContainerRecipes",
                  "imagebuilder:ListDistributionConfigurations",
                  "imagebuilder:ListImagePipelines",
                  "imagebuilder:ListImageRecipes",
                  "imagebuilder:ListImages",
                  "imagebuilder:ListInfrastructureConfigurations",
                  "imagebuilder:ListLifecyclePolicies",
                  "imagebuilder:ListWorkflows",
                  "iotfleetwise:GetCampaign",
                  "iotfleetwise:GetSignalCatalog",
                  "iotfleetwise:GetStateTemplate",
                  "iotfleetwise:GetVehicle",
                  "iotfleetwise:ListCampaigns",
                  "iotfleetwise:ListDecoderManifests",
                  "iotfleetwise:ListFleets",
                  "iotfleetwise:ListSignalCatalogs",
                  "iotfleetwise:ListStateTemplates",
                  "iotfleetwise:ListVehicles",
                  "iotsitewise:DescribeAsset",
                  "iotsitewise:DescribeAssetModel",
                  "iotsitewise:DescribeDashboard",
                  "iotsitewise:DescribeDataset",
                  "iotsitewise:DescribePortal",
                  "iotsitewise:DescribeProject",
                  "iotsitewise:ListAssets",
                  "iotsitewise:ListDashboards",
                  "iotsitewise:ListDatasets",
                  "iotsitewise:ListPortals",
                  "iotsitewise:ListProjects",
                  "iotsitewise:ListTimeSeries",
                  "iottwinmaker:GetComponentType",
                  "iottwinmaker:GetEntity",
                  "iottwinmaker:GetScene",
                  "iottwinmaker:GetWorkspace",
                  "iottwinmaker:ListComponentTypes",
                  "iottwinmaker:ListEntities",
                  "iottwinmaker:ListScenes",
                  "iotwireless:GetDeviceProfile",
                  "iotwireless:GetMulticastGroup",
                  "iotwireless:GetNetworkAnalyzerConfiguration",
                  "iotwireless:GetServiceProfile",
                  "iotwireless:GetWirelessDevice",
                  "iotwireless:GetWirelessGateway",
                  "iotwireless:ListDestinations",
                  "iotwireless:ListDeviceProfiles",
                  "iotwireless:ListMulticastGroups",
                  "iotwireless:ListNetworkAnalyzerConfigurations",
                  "iotwireless:ListServiceProfiles",
                  "iotwireless:ListWirelessDevices",
                  "iotwireless:ListWirelessGateways",
                  "ivs:GetChannel",
                  "ivs:GetComposition",
                  "ivs:GetEncoderConfiguration",
                  "ivs:GetIngestConfiguration",
                  "ivs:GetPublicKey",
                  "ivs:GetRecordingConfiguration",
                  "ivs:GetStage",
                  "ivs:ListChannels",
                  "ivs:ListCompositions",
                  "ivs:ListEncoderConfigurations",
                  "ivs:ListIngestConfigurations",
                  "ivs:ListPlaybackKeyPairs",
                  "ivs:ListPlaybackRestrictionPolicies",
                  "ivs:ListPublicKeys",
                  "ivs:ListRecordingConfigurations",
                  "ivs:ListStages",
                  "ivs:ListStorageConfigurations",
                  "ivs:ListStreamKeys",
                  "ivschat:GetLoggingConfiguration",
                  "ivschat:GetRoom",
                  "ivschat:ListLoggingConfigurations",
                  "ivschat:ListRooms",
                  "kendra:DescribeAccessControlConfiguration",
                  "kendra:DescribeDataSource",
                  "kendra:DescribeExperience",
                  "kendra:DescribeFaq",
                  "kendra:DescribeFeaturedResultsSet",
                  "kendra:DescribeQuerySuggestionsBlockList",
                  "kendra:DescribeThesaurus",
                  "kendra:ListAccessControlConfigurations",
                  "kendra:ListExperiences",
                  "kendra:ListFaqs",
                  "kendra:ListFeaturedResultsSets",
                  "kendra:ListQuerySuggestionsBlockLists",
                  "kendra:ListThesauri",
                  "kinesis:Describe*",
                  "kinesis:List*",
                  "lakeformation:GetDataLakeSettings",
                  "lakeformation:ListPermissions",
                  "lambda:GetFunction",
                  "lambda:List*",
                  "launchwizard:GetDeployment",
                  "launchwizard:ListDeployments",
                  "lightsail:GetAlarms",
                  "lightsail:GetCertificates",
                  "lightsail:GetDistributions",
                  "lightsail:GetInstancePortStates"
                ],
                "condition": [],
                "effect": "Allow",
                "not_actions": [],
                "not_principals": [],
                "not_resources": [],
                "principals": [],
                "resources": [
                  "*"
                ],
                "sid": ""
              }
            ],
            "version": "2012-10-17"
          },
          "sensitive_attributes": [],
          "identity_schema_version": 0
        },
        {
          "index_key": 2,
          "schema_version": 0,
          "attributes": {
            "id": "4005895420",
            "json": "{\n  \"Version\": \"2012-10-17\",\n  \"Statement\": [\n    {\n      \"Effect\": \"Allow\",\n      \"Action\": [\n        \"qbusiness:ListDataAccessors\",\n        \"qbusiness:GetWebExperience\",\n        \"qbusiness:GetRetriever\",\n        \"qbusiness:GetPlugin\",\n        \"qbusiness:GetIndex\",\n        \"qbusiness:GetDataSource\",\n        \"qbusiness:GetDataAccessor\",\n        \"qbusiness:GetApplication\",\n        \"proton:ListServices\",\n        \"proton:ListServiceTemplates\",\n        \"proton:ListServiceTemplateVersions\",\n        \"proton:ListServiceInstances\",\n        \"proton:ListRepositories\",\n        \"proton:ListEnvironments\",\n        \"proton:ListEnvironmentTemplates\",\n        \"proton:ListEnvironmentTemplateVersions\",\n        \"proton:ListEnvironmentAccountConnections\",\n        \"proton:ListDeployments\",\n        \"proton:ListComponents\",\n        \"proton:GetServiceTemplateVersion\",\n        \"proton:GetServiceTemplate\",\n        \"proton:GetServiceInstance\",\n        \"proton:GetService\",\n        \"proton:GetRepository\",\n        \"proton:GetEnvironmentTemplateVersion\",\n        \"proton:GetEnvironmentTemplate\",\n        \"proton:GetEnvironmentAccountConnection\",\n        \"proton:GetEnvironment\",\n        \"proton:GetDeployment\",\n        \"proton:GetComponent\",\n        \"pipes:ListPipes\",\n        \"personalize:ListSolutions\",\n        \"personalize:ListSchemas\",\n        \"personalize:ListRecommenders\",\n        \"personalize:ListRecipes\",\n        \"personalize:ListMetricAttributions\",\n        \"personalize:ListFilters\",\n        \"personalize:ListEventTrackers\",\n        \"personalize:ListDatasets\",\n        \"personalize:ListDatasetImportJobs\",\n        \"personalize:ListDatasetExportJobs\",\n        \"personalize:ListDataDeletionJobs\",\n        \"personalize:ListCampaigns\",\n        \"personalize:ListBatchSegmentJobs\",\n        \"personalize:ListBatchInferenceJobs\",\n        \"personalize:DescribeSolution\",\n        \"personalize:DescribeSchema\",\n        \"personalize:DescribeRecommender\",\n        \"personalize:DescribeRecipe\",\n        \"personalize:DescribeMetricAttribution\",\n        \"personalize:DescribeFilter\",\n        \"personalize:DescribeFeatureTransformation\",\n        \"personalize:DescribeEventTracker\",\n        \"personalize:DescribeDatasetImportJob\",\n        \"personalize:DescribeDatasetExportJob\",\n        \"personalize:DescribeDataset\",\n        \"personalize:DescribeDataDeletionJob\",\n        \"personalize:DescribeCampaign\",\n        \"personalize:DescribeBatchSegmentJob\",\n        \"personalize:DescribeBatchInferenceJob\",\n        \"personalize:DescribeAlgorithm\",\n        \"pca-connector-scep:ListConnectors\",\n        \"pca-connector-ad:ListTemplates\",\n        \"pca-connector-ad:ListDirectoryRegistrations\",\n        \"pca-connector-ad:ListConnectors\",\n        \"payment-cryptography:ListKeys\",\n        \"payment-cryptography:ListAliases\",\n        \"payment-cryptography:GetKey\",\n        \"outposts:ListSites\",\n        \"outposts:ListOutposts\",\n        \"osis:ListPipelines\",\n        \"osis:ListPipelineBlueprints\",\n        \"osis:GetPipelineBlueprint\",\n        \"osis:GetPipeline\",\n        \"organizations:List*\",\n        \"organizations:Describe*\",\n        \"omics:ListWorkflows\",\n        \"omics:ListWorkflowVersions\",\n        \"omics:ListVariantStores\",\n        \"omics:ListSequenceStores\",\n        \"omics:ListReferences\",\n        \"omics:ListReferenceStores\",\n        \"omics:ListReadSets\",\n        \"omics:ListAnnotationStores\",\n        \"omics:ListAnnotationStoreVersions\",\n        \"omics:GetWorkflowVersion\",\n        \"omics:GetWorkflow\",\n        \"omics:GetVariantStore\",\n        \"omics:GetSequenceStore\",\n        \"omics:GetAnnotationStoreVersion\",\n        \"omics:GetAnnotationStore\",\n        \"oam:ListSinks\",\n        \"oam:ListAttachedLinks\",\n        \"networkmanager:ListPeerings\",\n        \"networkmanager:ListCoreNetworks\",\n        \"networkmanager:ListConnectPeers\",\n        \"networkmanager:ListAttachments\",\n        \"networkmanager:GetSites\",\n        \"networkmanager:GetLinks\",\n        \"networkmanager:GetDevices\",\n        \"networkmanager:GetCoreNetwork\",\n        \"networkmanager:GetConnections\",\n        \"networkmanager:GetConnectPeer\",\n        \"network-firewall:ListVpcEndpointAssociations\",\n        \"network-firewall:ListTLSInspectionConfigurations\",\n        \"network-firewall:ListFirewalls\",\n        \"network-firewall:DescribeVpcEndpointAssociation\",\n        \"network-firewall:DescribeTLSInspectionConfiguration\",\n        \"network-firewall:DescribeLoggingConfiguration\",\n        \"mobiletargeting:ListTemplates\",\n        \"mobiletargeting:ListJourneys\",\n        \"mobiletargeting:GetSegments\",\n        \"mobiletargeting:GetEventStream\",\n        \"mobiletargeting:GetChannels\",\n        \"mobiletargeting:GetCampaigns\",\n        \"mobiletargeting:GetApps\",\n        \"memorydb:DescribeUsers\",\n        \"memorydb:DescribeSubnetGroups\",\n        \"memorydb:DescribeSnapshots\",\n        \"memorydb:DescribeReservedNodes\",\n        \"memorydb:DescribeParameterGroups\",\n        \"memorydb:DescribeMultiRegionClusters\",\n        \"memorydb:DescribeAcls\",\n        \"mediatailor:ListVodSources\",\n        \"mediatailor:ListSourceLocations\",\n        \"mediatailor:ListPrefetchSchedules\",\n        \"mediatailor:ListPlaybackConfigurations\",\n        \"mediatailor:ListLiveSources\",\n        \"mediatailor:ListChannels\",\n        \"mediapackagev2:ListOriginEndpoints\",\n        \"mediapackagev2:ListHarvestJobs\",\n        \"mediapackagev2:ListChannels\",\n        \"mediapackagev2:ListChannelGroups\",\n        \"mediapackagev2:GetOriginEndpointPolicy\",\n        \"mediapackagev2:GetOriginEndpoint\",\n        \"mediapackagev2:GetChannelPolicy\",\n        \"mediapackagev2:GetChannelGroup\",\n        \"mediapackagev2:GetChannel\",\n        \"mediapackage:ListHarvestJobs\",\n        \"mediapackage:ListChannels\",\n        \"mediapackage-vod:ListPackagingConfigurations\",\n        \"mediapackage-vod:ListAssets\",\n        \"mediapackage-vod:DescribeAsset\",\n        \"medialive:ListSignalMaps\",\n        \"medialive:ListSdiSources\",\n        \"medialive:ListReservations\",\n        \"medialive:ListNodes\",\n        \"medialive:ListNetworks\",\n        \"medialive:ListMultiplexes\",\n        \"medialive:ListInputs\",\n        \"medialive:ListInputSecurityGroups\",\n        \"medialive:ListInputDevices\",\n        \"medialive:ListEventBridgeRuleTemplates\",\n        \"medialive:ListEventBridgeRuleTemplateGroups\",\n        \"medialive:ListClusters\",\n        \"medialive:ListCloudWatchAlarmTemplates\",\n        \"medialive:ListCloudWatchAlarmTemplateGroups\",\n        \"medialive:ListChannelPlacementGroups\",\n        \"mediaconvert:ListQueues\",\n        \"mediaconvert:ListPresets\",\n        \"mediaconvert:ListJobTemplates\",\n        \"managedblockchain:ListProposals\",\n        \"managedblockchain:ListNodes\",\n        \"managedblockchain:ListMembers\",\n        \"managedblockchain:ListInvitations\",\n        \"managedblockchain:ListAccessors\",\n        \"managedblockchain:GetProposal\",\n        \"managedblockchain:GetNode\",\n        \"managedblockchain:GetNetwork\",\n        \"managedblockchain:GetMember\",\n        \"managedblockchain:GetAccessor\",\n        \"macie2:ListMembers\",\n        \"macie2:ListCustomDataIdentifiers\",\n        \"macie2:ListAllowLists\",\n        \"macie2:GetMacieSession\",\n        \"macie2:GetCustomDataIdentifier\",\n        \"macie2:GetAllowList\",\n        \"logs:TestMetricFilter\",\n        \"logs:PutSubscriptionFilter\",\n        \"logs:GetDeliveryDestination\",\n        \"logs:FilterLogEvents\",\n        \"logs:DescribeSubscriptionFilters\",\n        \"logs:DescribeLogStreams\",\n        \"logs:DescribeLogGroups\",\n        \"logs:DescribeDeliverySources\",\n        \"logs:DescribeDeliveries\",\n        \"logs:DeleteSubscriptionFilter\",\n        \"lightsail:GetStaticIps\",\n        \"lightsail:GetRelationalDatabases\",\n        \"lightsail:GetRelationalDatabaseSnapshots\",\n        \"lightsail:GetRelationalDatabaseParameters\"\n      ],\n      \"Resource\": \"*\"\n    }\n  ]\n}",
            "minified_json": "{\"Version\":\"2012-10-17\",\"Statement\":[{\"Effect\":\"Allow\",\"Action\":[\"qbusiness:ListDataAccessors\",\"qbusiness:GetWebExperience\",\"qbusiness:GetRetriever\",\"qbusiness:GetPlugin\",\"qbusiness:GetIndex\",\"qbusiness:GetDataSource\",\"qbusiness:GetDataAccessor\",\"qbusiness:GetApplication\",\"proton:ListServices\",\"proton:ListServiceTemplates\",\"proton:ListServiceTemplateVersions\",\"proton:ListServiceInstances\",\"proton:ListRepositories\",\"proton:ListEnvironments\",\"proton:ListEnvironmentTemplates\",\"proton:ListEnvironmentTemplateVersions\",\"proton:ListEnvironmentAccountConnections\",\"proton:ListDeployments\",\"proton:ListComponents\",\"proton:GetServiceTemplateVersion\",\"proton:GetServiceTemplate\",\"proton:GetServiceInstance\",\"proton:GetService\",\"proton:GetRepository\",\"proton:GetEnvironmentTemplateVersion\",\"proton:GetEnvironmentTemplate\",\"proton:GetEnvironmentAccountConnection\",\"proton:GetEnvironment\",\"proton:GetDeployment\",\"proton:GetComponent\",\"pipes:ListPipes\",\"personalize:ListSolutions\",\"personalize:ListSchemas\",\"personalize:ListRecommenders\",\"personalize:ListRecipes\",\"personalize:ListMetricAttributions\",\"personalize:ListFilters\",\"personalize:ListEventTrackers\",\"personalize:ListDatasets\",\"personalize:ListDatasetImportJobs\",\"personalize:ListDatasetExportJobs\",\"personalize:ListDataDeletionJobs\",\"personalize:ListCampaigns\",\"personalize:ListBatchSegmentJobs\",\"personalize:ListBatchInferenceJobs\",\"personalize:DescribeSolution\",\"personalize:DescribeSchema\",\"personalize:DescribeRecommender\",\"personalize:DescribeRecipe\",\"personalize:DescribeMetricAttribution\",\"personalize:DescribeFilter\",\"personalize:DescribeFeatureTransformation\",\"personalize:DescribeEventTracker\",\"personalize:DescribeDatasetImportJob\",\"personalize:DescribeDatasetExportJob\",\"personalize:DescribeDataset\",\"personalize:DescribeDataDeletionJob\",\"personalize:DescribeCampaign\",\"personalize:DescribeBatchSegmentJob\",\"personalize:DescribeBatchInferenceJob\",\"personalize:DescribeAlgorithm\",\"pca-connector-scep:ListConnectors\",\"pca-connector-ad:ListTemplates\",\"pca-connector-ad:ListDirectoryRegistrations\",\"pca-connector-ad:ListConnectors\",\"payment-cryptography:ListKeys\",\"payment-cryptography:ListAliases\",\"payment-cryptography:GetKey\",\"outposts:ListSites\",\"outposts:ListOutposts\",\"osis:ListPipelines\",\"osis:ListPipelineBlueprints\",\"osis:GetPipelineBlueprint\",\"osis:GetPipeline\",\"organizations:List*\",\"organizations:Describe*\",\"omics:ListWorkflows\",\"omics:ListWorkflowVersions\",\"omics:ListVariantStores\",\"omics:ListSequenceStores\",\"omics:ListReferences\",\"omics:ListReferenceStores\",\"omics:ListReadSets\",\"omics:ListAnnotationStores\",\"omics:ListAnnotationStoreVersions\",\"omics:GetWorkflowVersion\",\"omics:GetWorkflow\",\"omics:GetVariantStore\",\"omics:GetSequenceStore\",\"omics:GetAnnotationStoreVersion\",\"omics:GetAnnotationStore\",\"oam:ListSinks\",\"oam:ListAttachedLinks\",\"networkmanager:ListPeerings\",\"networkmanager:ListCoreNetworks\",\"networkmanager:ListConnectPeers\",\"networkmanager:ListAttachments\",\"networkmanager:GetSites\",\"networkmanager:GetLinks\",\"networkmanager:GetDevices\",\"networkmanager:GetCoreNetwork\",\"networkmanager:GetConnections\",\"networkmanager:GetConnectPeer\",\"network-firewall:ListVpcEndpointAssociations\",\"network-firewall:ListTLSInspectionConfigurations\",\"network-firewall:ListFirewalls\",\"network-firewall:DescribeVpcEndpointAssociation\",\"network-firewall:DescribeTLSInspectionConfiguration\",\"network-firewall:DescribeLoggingConfiguration\",\"mobiletargeting:ListTemplates\",\"mobiletargeting:ListJourneys\",\"mobiletargeting:GetSegments\",\"mobiletargeting:GetEventStream\",\"mobiletargeting:GetChannels\",\"mobiletargeting:GetCampaigns\",\"mobiletargeting:GetApps\",\"memorydb:DescribeUsers\",\"memorydb:DescribeSubnetGroups\",\"memorydb:DescribeSnapshots\",\"memorydb:DescribeReservedNodes\",\"memorydb:DescribeParameterGroups\",\"memorydb:DescribeMultiRegionClusters\",\"memorydb:DescribeAcls\",\"mediatailor:ListVodSources\",\"mediatailor:ListSourceLocations\",\"mediatailor:ListPrefetchSchedules\",\"mediatailor:ListPlaybackConfigurations\",\"mediatailor:ListLiveSources\",\"mediatailor:ListChannels\",\"mediapackagev2:ListOriginEndpoints\",\"mediapackagev2:ListHarvestJobs\",\"mediapackagev2:ListChannels\",\"mediapackagev2:ListChannelGroups\",\"mediapackagev2:GetOriginEndpointPolicy\",\"mediapackagev2:GetOriginEndpoint\",\"mediapackagev2:GetChannelPolicy\",\"mediapackagev2:GetChannelGroup\",\"mediapackagev2:GetChannel\",\"mediapackage:ListHarvestJobs\",\"mediapackage:ListChannels\",\"mediapackage-vod:ListPackagingConfigurations\",\"mediapackage-vod:ListAssets\",\"mediapackage-vod:DescribeAsset\",\"medialive:ListSignalMaps\",\"medialive:ListSdiSources\",\"medialive:ListReservations\",\"medialive:ListNodes\",\"medialive:ListNetworks\",\"medialive:ListMultiplexes\",\"medialive:ListInputs\",\"medialive:ListInputSecurityGroups\",\"medialive:ListInputDevices\",\"medialive:ListEventBridgeRuleTemplates\",\"medialive:ListEventBridgeRuleTemplateGroups\",\"medialive:ListClusters\",\"medialive:ListCloudWatchAlarmTemplates\",\"medialive:ListCloudWatchAlarmTemplateGroups\",\"medialive:ListChannelPlacementGroups\",\"mediaconvert:ListQueues\",\"mediaconvert:ListPresets\",\"mediaconvert:ListJobTemplates\",\"managedblockchain:ListProposals\",\"managedblockchain:ListNodes\",\"managedblockchain:ListMembers\",\"managedblockchain:ListInvitations\",\"managedblockchain:ListAccessors\",\"managedblockchain:GetProposal\",\"managedblockchain:GetNode\",\"managedblockchain:GetNetwork\",\"managedblockchain:GetMember\",\"managedblockchain:GetAccessor\",\"macie2:ListMembers\",\"macie2:ListCustomDataIdentifiers\",\"macie2:ListAllowLists\",\"macie2:GetMacieSession\",\"macie2:GetCustomDataIdentifier\",\"macie2:GetAllowList\",\"logs:TestMetricFilter\",\"logs:PutSubscriptionFilter\",\"logs:GetDeliveryDestination\",\"logs:FilterLogEvents\",\"logs:DescribeSubscriptionFilters\",\"logs:DescribeLogStreams\",\"logs:DescribeLogGroups\",\"logs:DescribeDeliverySources\",\"logs:DescribeDeliveries\",\"logs:DeleteSubscriptionFilter\",\"lightsail:GetStaticIps\",\"lightsail:GetRelationalDatabases\",\"lightsail:GetRelationalDatabaseSnapshots\",\"lightsail:GetRelationalDatabaseParameters\"],\"Resource\":\"*\"}]}",
            "override_json": null,
            "override_policy_documents": null,
            "policy_id": null,
            "source_json": null,
            "source_policy_documents": null,
            "statement": [
              {
                "actions": [
                  "lightsail:GetRelationalDatabaseParameters",
                  "lightsail:GetRelationalDatabaseSnapshots",
                  "lightsail:GetRelationalDatabases",
                  "lightsail:GetStaticIps",
                  "logs:DeleteSubscriptionFilter",
                  "logs:DescribeDeliveries",
                  "logs:DescribeDeliverySources",
                  "logs:DescribeLogGroups",
                  "logs:DescribeLogStreams",
                  "logs:DescribeSubscriptionFilters",
                  "logs:FilterLogEvents",
                  "logs:GetDeliveryDestination",
                  "logs:PutSubscriptionFilter",
                  "logs:TestMetricFilter",
                  "macie2:GetAllowList",
                  "macie2:GetCustomDataIdentifier",
                  "macie2:GetMacieSession",
                  "macie2:ListAllowLists",
                  "macie2:ListCustomDataIdentifiers",
                  "macie2:ListMembers",
                  "managedblockchain:GetAccessor",
                  "managedblockchain:GetMember",
                  "managedblockchain:GetNetwork",
                  "managedblockchain:GetNode",
                  "managedblockchain:GetProposal",
                  "managedblockchain:ListAccessors",
                  "managedblockchain:ListInvitations",
                  "managedblockchain:ListMembers",
                  "managedblockchain:ListNodes",
                  "managedblockchain:ListProposals",
                  "mediaconvert:ListJobTemplates",
                  "mediaconvert:ListPresets",
                  "mediaconvert:ListQueues",
                  "medialive:ListChannelPlacementGroups",
                  "medialive:ListCloudWatchAlarmTemplateGroups",
                  "medialive:ListCloudWatchAlarmTemplates",
                  "medialive:ListClusters",
                  "medialive:ListEventBridgeRuleTemplateGroups",
                  "medialive:ListEventBridgeRuleTemplates",
                  "medialive:ListInputDevices",
                  "medialive:ListInputSecurityGroups",
                  "medialive:ListInputs",
                  "medialive:ListMultiplexes",
                  "medialive:ListNetworks",
                  "medialive:ListNodes",
                  "medialive:ListReservations",
                  "medialive:ListSdiSources",
                  "medialive:ListSignalMaps",
                  "mediapackage-vod:DescribeAsset",
                  "mediapackage-vod:ListAssets",
                  "mediapackage-vod:ListPackagingConfigurations",
                  "mediapackage:ListChannels",
                  "mediapackage:ListHarvestJobs",
                  "mediapackagev2:GetChannel",
                  "mediapackagev2:GetChannelGroup",
                  "mediapackagev2:GetChannelPolicy",
                  "mediapackagev2:GetOriginEndpoint",
                  "mediapackagev2:GetOriginEndpointPolicy",
                  "mediapackagev2:ListChannelGroups",
                  "mediapackagev2:ListChannels",
                  "mediapackagev2:ListHarvestJobs",
                  "mediapackagev2:ListOriginEndpoints",
                  "mediatailor:ListChannels",
                  "mediatailor:ListLiveSources",
                  "mediatailor:ListPlaybackConfigurations",
                  "mediatailor:ListPrefetchSchedules",
                  "mediatailor:ListSourceLocations",
                  "mediatailor:ListVodSources",
                  "memorydb:DescribeAcls",
                  "memorydb:DescribeMultiRegionClusters",
                  "memorydb:DescribeParameterGroups",
                  "memorydb:DescribeReservedNodes",
                  "memorydb:DescribeSnapshots",
                  "memorydb:DescribeSubnetGroups",
                  "memorydb:DescribeUsers",
                  "mobiletargeting:GetApps",
                  "mobiletargeting:GetCampaigns",
                  "mobiletargeting:GetChannels",
                  "mobiletargeting:GetEventStream",
                  "mobiletargeting:GetSegments",
                  "mobiletargeting:ListJourneys",
                  "mobiletargeting:ListTemplates",
                  "network-firewall:DescribeLoggingConfiguration",
                  "network-firewall:DescribeTLSInspectionConfiguration",
                  "network-firewall:DescribeVpcEndpointAssociation",
                  "network-firewall:ListFirewalls",
                  "network-firewall:ListTLSInspectionConfigurations",
                  "network-firewall:ListVpcEndpointAssociations",
                  "networkmanager:GetConnectPeer",
                  "networkmanager:GetConnections",
                  "networkmanager:GetCoreNetwork",
                  "networkmanager:GetDevices",
                  "networkmanager:GetLinks",
                  "networkmanager:GetSites",
                  "networkmanager:ListAttachments",
                  "networkmanager:ListConnectPeers",
                  "networkmanager:ListCoreNetworks",
                  "networkmanager:ListPeerings",
                  "oam:ListAttachedLinks",
                  "oam:ListSinks",
                  "omics:GetAnnotationStore",
                  "omics:GetAnnotationStoreVersion",
                  "omics:GetSequenceStore",
                  "omics:GetVariantStore",
                  "omics:GetWorkflow",
                  "omics:GetWorkflowVersion",
                  "omics:ListAnnotationStoreVersions",
                  "omics:ListAnnotationStores",
                  "omics:ListReadSets",
                  "omics:ListReferenceStores",
                  "omics:ListReferences",
                  "omics:ListSequenceStores",
                  "omics:ListVariantStores",
                  "omics:ListWorkflowVersions",
                  "omics:ListWorkflows",
                  "organizations:Describe*",
                  "organizations:List*",
                  "osis:GetPipeline",
                  "osis:GetPipelineBlueprint",
                  "osis:ListPipelineBlueprints",
                  "osis:ListPipelines",
                  "outposts:ListOutposts",
                  "outposts:ListSites",
                  "payment-cryptography:GetKey",
                  "payment-cryptography:ListAliases",
                  "payment-cryptography:ListKeys",
                  "pca-connector-ad:ListConnectors",
                  "pca-connector-ad:ListDirectoryRegistrations",
                  "pca-connector-ad:ListTemplates",
                  "pca-connector-scep:ListConnectors",
                  "personalize:DescribeAlgorithm",
                  "personalize:DescribeBatchInferenceJob",
                  "personalize:DescribeBatchSegmentJob",
                  "personalize:DescribeCampaign",
                  "personalize:DescribeDataDeletionJob",
                  "personalize:DescribeDataset",
                  "personalize:DescribeDatasetExportJob",
                  "personalize:DescribeDatasetImportJob",
                  "personalize:DescribeEventTracker",
                  "personalize:DescribeFeatureTransformation",
                  "personalize:DescribeFilter",
                  "personalize:DescribeMetricAttribution",
                  "personalize:DescribeRecipe",
                  "personalize:DescribeRecommender",
                  "personalize:DescribeSchema",
                  "personalize:DescribeSolution",
                  "personalize:ListBatchInferenceJobs",
                  "personalize:ListBatchSegmentJobs",
                  "personalize:ListCampaigns",
                  "personalize:ListDataDeletionJobs",
                  "personalize:ListDatasetExportJobs",
                  "personalize:ListDatasetImportJobs",
                  "personalize:ListDatasets",
                  "personalize:ListEventTrackers",
                  "personalize:ListFilters",
                  "personalize:ListMetricAttributions",
                  "personalize:ListRecipes",
                  "personalize:ListRecommenders",
                  "personalize:ListSchemas",
                  "personalize:ListSolutions",
                  "pipes:ListPipes",
                  "proton:GetComponent",
                  "proton:GetDeployment",
                  "proton:GetEnvironment",
                  "proton:GetEnvironmentAccountConnection",
                  "proton:GetEnvironmentTemplate",
                  "proton:GetEnvironmentTemplateVersion",
                  "proton:GetRepository",
                  "proton:GetService",
                  "proton:GetServiceInstance",
                  "proton:GetServiceTemplate",
                  "proton:GetServiceTemplateVersion",
                  "proton:ListComponents",
                  "proton:ListDeployments",
                  "proton:ListEnvironmentAccountConnections",
                  "proton:ListEnvironmentTemplateVersions",
                  "proton:ListEnvironmentTemplates",
                  "proton:ListEnvironments",
                  "proton:ListRepositories",
                  "proton:ListServiceInstances",
                  "proton:ListServiceTemplateVersions",
                  "proton:ListServiceTemplates",
                  "proton:ListServices",
                  "qbusiness:GetApplication",
                  "qbusiness:GetDataAccessor",
                  "qbusiness:GetDataSource",
                  "qbusiness:GetIndex",
                  "qbusiness:GetPlugin",
                  "qbusiness:GetRetriever",
                  "qbusiness:GetWebExperience",
                  "qbusiness:ListDataAccessors"
                ],
                "condition": [],
                "effect": "Allow",
                "not_actions": [],
                "not_principals": [],
                "not_resources": [],
                "principals": [],
                "resources": [
                  "*"
                ],
                "sid": ""
              }
            ],
            "version": "2012-10-17"
          },
          "sensitive_attributes": [],
          "identity_schema_version": 0
        },
        {
          "index_key": 3,
          "schema_version": 0,
          "attributes": {
            "id": "2585308447",
            "json": "{\n  \"Version\": \"2012-10-17\",\n  \"Statement\": [\n    {\n      \"Effect\": \"Allow\",\n      \"Action\": [\n        \"wisdom:ListContents\",\n        \"wisdom:ListAssistants\",\n        \"wisdom:ListAssistantAssociations\",\n        \"wellarchitected:ListWorkloads\",\n        \"wellarchitected:ListReviewTemplates\",\n        \"wellarchitected:ListProfiles\",\n        \"wellarchitected:ListLenses\",\n        \"wellarchitected:GetWorkload\",\n        \"wellarchitected:GetReviewTemplate\",\n        \"wellarchitected:GetProfile\",\n        \"wellarchitected:GetLens\",\n        \"wafv2:ListLoggingConfigurations\",\n        \"wafv2:GetRuleGroup\",\n        \"wafv2:GetRegexPatternSet\",\n        \"wafv2:GetIPSet\",\n        \"waf:ListRules\",\n        \"waf:ListRuleGroups\",\n        \"waf:GetRuleGroup\",\n        \"waf:GetRule\",\n        \"waf-regional:ListRules\",\n        \"waf-regional:ListRuleGroups\",\n        \"waf-regional:GetRuleGroup\",\n        \"waf-regional:GetRule\",\n        \"vpc-lattice:ListTargetGroups\",\n        \"vpc-lattice:ListServices\",\n        \"vpc-lattice:ListServiceNetworks\",\n        \"vpc-lattice:ListServiceNetworkVpcAssociations\",\n        \"vpc-lattice:ListServiceNetworkServiceAssociations\",\n        \"vpc-lattice:ListServiceNetworkResourceAssociations\",\n        \"vpc-lattice:ListRules\",\n        \"vpc-lattice:ListResourceGateways\",\n        \"vpc-lattice:ListResourceEndpointAssociations\",\n        \"vpc-lattice:ListResourceConfigurations\",\n        \"vpc-lattice:ListListeners\",\n        \"vpc-lattice:ListAccessLogSubscriptions\",\n        \"vpc-lattice:GetTargetGroup\",\n        \"vpc-lattice:GetServiceNetwork\",\n        \"vpc-lattice:GetService\",\n        \"vpc-lattice:GetRule\",\n        \"vpc-lattice:GetResourceGateway\",\n        \"vpc-lattice:GetResourceConfiguration\",\n        \"vpc-lattice:GetListener\",\n        \"verifiedpermissions:ListPolicyTemplates\",\n        \"verifiedpermissions:ListPolicyStores\",\n        \"verifiedpermissions:ListPolicies\",\n        \"verifiedpermissions:ListIdentitySources\",\n        \"verifiedpermissions:GetPolicyStore\",\n        \"translate:GetTerminology\",\n        \"translate:GetParallelData\",\n        \"transcribe:ListMedicalScribeJobs\",\n        \"transcribe:GetTranscriptionJob\",\n        \"transcribe:GetMedicalTranscriptionJob\",\n        \"transcribe:GetMedicalScribeJob\",\n        \"transcribe:GetCallAnalyticsJob\",\n        \"timestream:ListTables\",\n        \"timestream:ListScheduledQueries\",\n        \"timestream:DescribeEndpoints\",\n        \"textract:ListAdapters\",\n        \"textract:ListAdapterVersions\",\n        \"textract:GetAdapterVersion\",\n        \"textract:GetAdapter\",\n        \"tag:GetTagValues\",\n        \"tag:GetTagKeys\",\n        \"tag:GetResources\",\n        \"support:RefreshTrustedAdvisorCheck\",\n        \"support:DescribeTrustedAdvisor*\",\n        \"storagegateway:DescribeSMBFileShares\",\n        \"storagegateway:DescribeFileSystemAssociations\",\n        \"states:ListStateMachines\",\n        \"states:ListStateMachineAliases\",\n        \"states:ListExecutions\",\n        \"states:ListActivities\",\n        \"states:DescribeStateMachine\",\n        \"ssm:ListCommands\",\n        \"ssm:GetServiceSetting\",\n        \"ssm:GetPatchBaseline\",\n        \"ssm:GetMaintenanceWindow\",\n        \"ssm-incidents:ListResponsePlans\",\n        \"ssm-incidents:ListReplicationSets\",\n        \"ssm-incidents:ListIncidentRecords\",\n        \"ssm-incidents:GetResponsePlan\",\n        \"ssm-incidents:GetReplicationSet\",\n        \"ssm-incidents:GetIncidentRecord\",\n        \"sqs:ListQueues\",\n        \"sqs:GetQueueUrl\",\n        \"social-messaging:ListLinkedWhatsAppBusinessAccounts\",\n        \"social-messaging:GetLinkedWhatsAppBusinessAccount\",\n        \"sns:Publish\",\n        \"sns:ListPlatformApplications\",\n        \"sns:List*\",\n        \"sns:GetSubscriptionAttributes\",\n        \"snowball:DescribeJob\",\n        \"snowball:DescribeCluster\",\n        \"sms-voice:DescribeVerifiedDestinationNumbers\",\n        \"sms-voice:DescribeSenderIds\",\n        \"sms-voice:DescribeRegistrations\",\n        \"sms-voice:DescribeRegistrationAttachments\",\n        \"sms-voice:DescribeProtectConfigurations\",\n        \"sms-voice:DescribePools\",\n        \"sms-voice:DescribePhoneNumbers\",\n        \"sms-voice:DescribeOptOutLists\",\n        \"sms-voice:DescribeConfigurationSets\",\n        \"signer:ListSigningProfiles\",\n        \"signer:GetSigningProfile\",\n        \"ses:ListTrafficPolicies\",\n        \"ses:ListTemplates\",\n        \"ses:ListRuleSets\",\n        \"ses:ListRelays\",\n        \"ses:ListMultiRegionEndpoints\",\n        \"ses:ListIngressPoints\",\n        \"ses:ListCustomVerificationEmailTemplates\",\n        \"ses:ListContactLists\",\n        \"ses:ListArchives\",\n        \"ses:ListAddressLists\",\n        \"ses:ListAddonSubscriptions\",\n        \"ses:ListAddonInstances\",\n        \"ses:List*\",\n        \"ses:GetTrafficPolicy\",\n        \"ses:GetTemplate\",\n        \"ses:GetRuleSet\",\n        \"ses:GetRelay\",\n        \"ses:GetMultiRegionEndpoint\",\n        \"ses:GetIngressPoint\",\n        \"ses:GetIdentityMailFromDomainAttributes\",\n        \"ses:GetDedicatedIpPool\",\n        \"ses:GetCustomVerificationEmailTemplate\",\n        \"ses:GetContactList\",\n        \"ses:GetArchive\",\n        \"ses:Get*\",\n        \"servicediscovery:ListServices\",\n        \"servicediscovery:ListNamespaces\",\n        \"servicediscovery:GetService\",\n        \"servicediscovery:GetNamespace\",\n        \"servicecatalog:SearchProducts\",\n        \"servicecatalog:ListPortfolios\",\n        \"servicecatalog:ListAttributeGroups\",\n        \"servicecatalog:ListApplications\",\n        \"servicecatalog:GetAttributeGroup\",\n        \"servicecatalog:GetApplication\",\n        \"servicecatalog:DescribeProduct\",\n        \"servicecatalog:DescribePortfolio\",\n        \"serverlessrepo:GetApplication\",\n        \"securitylake:ListSubscribers\",\n        \"securitylake:ListDataLakes\",\n        \"scheduler:ListSchedules\",\n        \"scheduler:ListScheduleGroups\",\n        \"scheduler:GetSchedule\",\n        \"s3:PutBucketNotification\",\n        \"s3:ListAllMyBuckets\",\n        \"s3:GetIntelligentTieringConfiguration\",\n        \"s3:GetBucketTagging\",\n        \"s3:GetBucketNotification\",\n        \"s3:GetBucketLogging\",\n        \"s3:GetBucketLocation\",\n        \"s3-outposts:ListRegionalBuckets\",\n        \"rum:ListAppMonitors\",\n        \"rum:GetAppMonitor\",\n        \"route53resolver:ListResolverQueryLogConfigs\",\n        \"route53profiles:ListProfiles\",\n        \"route53profiles:ListProfileAssociations\",\n        \"route53profiles:GetProfile\",\n        \"route53:List*\",\n        \"route53-recovery-readiness:ListResourceSets\",\n        \"route53-recovery-readiness:ListRecoveryGroups\",\n        \"route53-recovery-readiness:ListReadinessChecks\",\n        \"route53-recovery-readiness:ListCells\",\n        \"resource-groups:ListGroups\",\n        \"resource-groups:GetGroup\",\n        \"resource-explorer-2:ListViews\",\n        \"resource-explorer-2:ListManagedViews\",\n        \"resource-explorer-2:GetView\",\n        \"resource-explorer-2:GetManagedView\",\n        \"resource-explorer-2:GetIndex\",\n        \"resiliencehub:ListResiliencyPolicies\",\n        \"resiliencehub:ListApps\",\n        \"resiliencehub:ListAppAssessments\",\n        \"resiliencehub:DescribeAppAssessment\",\n        \"resiliencehub:DescribeApp\",\n        \"refactor-spaces:ListServices\",\n        \"refactor-spaces:ListRoutes\",\n        \"refactor-spaces:ListEnvironments\",\n        \"refactor-spaces:ListApplications\",\n        \"redshift:DescribeLoggingStatus\",\n        \"redshift:DescribeClusters\",\n        \"redshift-serverless:ListSnapshots\",\n        \"redshift-serverless:ListRecoveryPoints\",\n        \"redshift-serverless:ListNamespaces\",\n        \"redshift-serverless:ListManagedWorkgroups\",\n        \"redshift-serverless:ListEndpointAccess\",\n        \"redshift-serverless:GetSnapshot\",\n        \"rds:List*\",\n        \"rds:Describe*\",\n        \"rbin:ListRules\",\n        \"rbin:GetRule\",\n        \"ram:GetResourceShareInvitations\"\n      ],\n      \"Resource\": \"*\"\n    }\n  ]\n}",
            "minified_json": "{\"Version\":\"2012-10-17\",\"Statement\":[{\"Effect\":\"Allow\",\"Action\":[\"wisdom:ListContents\",\"wisdom:ListAssistants\",\"wisdom:ListAssistantAssociations\",\"wellarchitected:ListWorkloads\",\"wellarchitected:ListReviewTemplates\",\"wellarchitected:ListProfiles\",\"wellarchitected:ListLenses\",\"wellarchitected:GetWorkload\",\"wellarchitected:GetReviewTemplate\",\"wellarchitected:GetProfile\",\"wellarchitected:GetLens\",\"wafv2:ListLoggingConfigurations\",\"wafv2:GetRuleGroup\",\"wafv2:GetRegexPatternSet\",\"wafv2:GetIPSet\",\"waf:ListRules\",\"waf:ListRuleGroups\",\"waf:GetRuleGroup\",\"waf:GetRule\",\"waf-regional:ListRules\",\"waf-regional:ListRuleGroups\",\"waf-regional:GetRuleGroup\",\"waf-regional:GetRule\",\"vpc-lattice:ListTargetGroups\",\"vpc-lattice:ListServices\",\"vpc-lattice:ListServiceNetworks\",\"vpc-lattice:ListServiceNetworkVpcAssociations\",\"vpc-lattice:ListServiceNetworkServiceAssociations\",\"vpc-lattice:ListServiceNetworkResourceAssociations\",\"vpc-lattice:ListRules\",\"vpc-lattice:ListResourceGateways\",\"vpc-lattice:ListResourceEndpointAssociations\",\"vpc-lattice:ListResourceConfigurations\",\"vpc-lattice:ListListeners\",\"vpc-lattice:ListAccessLogSubscriptions\",\"vpc-lattice:GetTargetGroup\",\"vpc-lattice:GetServiceNetwork\",\"vpc-lattice:GetService\",\"vpc-lattice:GetRule\",\"vpc-lattice:GetResourceGateway\",\"vpc-lattice:GetResourceConfiguration\",\"vpc-lattice:GetListener\",\"verifiedpermissions:ListPolicyTemplates\",\"verifiedpermissions:ListPolicyStores\",\"verifiedpermissions:ListPolicies\",\"verifiedpermissions:ListIdentitySources\",\"verifiedpermissions:GetPolicyStore\",\"translate:GetTerminology\",\"translate:GetParallelData\",\"transcribe:ListMedicalScribeJobs\",\"transcribe:GetTranscriptionJob\",\"transcribe:GetMedicalTranscriptionJob\",\"transcribe:GetMedicalScribeJob\",\"transcribe:GetCallAnalyticsJob\",\"timestream:ListTables\",\"timestream:ListScheduledQueries\",\"timestream:DescribeEndpoints\",\"textract:ListAdapters\",\"textract:ListAdapterVersions\",\"textract:GetAdapterVersion\",\"textract:GetAdapter\",\"tag:GetTagValues\",\"tag:GetTagKeys\",\"tag:GetResources\",\"support:RefreshTrustedAdvisorCheck\",\"support:DescribeTrustedAdvisor*\",\"storagegateway:DescribeSMBFileShares\",\"storagegateway:DescribeFileSystemAssociations\",\"states:ListStateMachines\",\"states:ListStateMachineAliases\",\"states:ListExecutions\",\"states:ListActivities\",\"states:DescribeStateMachine\",\"ssm:ListCommands\",\"ssm:GetServiceSetting\",\"ssm:GetPatchBaseline\",\"ssm:GetMaintenanceWindow\",\"ssm-incidents:ListResponsePlans\",\"ssm-incidents:ListReplicationSets\",\"ssm-incidents:ListIncidentRecords\",\"ssm-incidents:GetResponsePlan\",\"ssm-incidents:GetReplicationSet\",\"ssm-incidents:GetIncidentRecord\",\"sqs:ListQueues\",\"sqs:GetQueueUrl\",\"social-messaging:ListLinkedWhatsAppBusinessAccounts\",\"social-messaging:GetLinkedWhatsAppBusinessAccount\",\"sns:Publish\",\"sns:ListPlatformApplications\",\"sns:List*\",\"sns:GetSubscriptionAttributes\",\"snowball:DescribeJob\",\"snowball:DescribeCluster\",\"sms-voice:DescribeVerifiedDestinationNumbers\",\"sms-voice:DescribeSenderIds\",\"sms-voice:DescribeRegistrations\",\"sms-voice:DescribeRegistrationAttachments\",\"sms-voice:DescribeProtectConfigurations\",\"sms-voice:DescribePools\",\"sms-voice:DescribePhoneNumbers\",\"sms-voice:DescribeOptOutLists\",\"sms-voice:DescribeConfigurationSets\",\"signer:ListSigningProfiles\",\"signer:GetSigningProfile\",\"ses:ListTrafficPolicies\",\"ses:ListTemplates\",\"ses:ListRuleSets\",\"ses:ListRelays\",\"ses:ListMultiRegionEndpoints\",\"ses:ListIngressPoints\",\"ses:ListCustomVerificationEmailTemplates\",\"ses:ListContactLists\",\"ses:ListArchives\",\"ses:ListAddressLists\",\"ses:ListAddonSubscriptions\",\"ses:ListAddonInstances\",\"ses:List*\",\"ses:GetTrafficPolicy\",\"ses:GetTemplate\",\"ses:GetRuleSet\",\"ses:GetRelay\",\"ses:GetMultiRegionEndpoint\",\"ses:GetIngressPoint\",\"ses:GetIdentityMailFromDomainAttributes\",\"ses:GetDedicatedIpPool\",\"ses:GetCustomVerificationEmailTemplate\",\"ses:GetContactList\",\"ses:GetArchive\",\"ses:Get*\",\"servicediscovery:ListServices\",\"servicediscovery:ListNamespaces\",\"servicediscovery:GetService\",\"servicediscovery:GetNamespace\",\"servicecatalog:SearchProducts\",\"servicecatalog:ListPortfolios\",\"servicecatalog:ListAttributeGroups\",\"servicecatalog:ListApplications\",\"servicecatalog:GetAttributeGroup\",\"servicecatalog:GetApplication\",\"servicecatalog:DescribeProduct\",\"servicecatalog:DescribePortfolio\",\"serverlessrepo:GetApplication\",\"securitylake:ListSubscribers\",\"securitylake:ListDataLakes\",\"scheduler:ListSchedules\",\"scheduler:ListScheduleGroups\",\"scheduler:GetSchedule\",\"s3:PutBucketNotification\",\"s3:ListAllMyBuckets\",\"s3:GetIntelligentTieringConfiguration\",\"s3:GetBucketTagging\",\"s3:GetBucketNotification\",\"s3:GetBucketLogging\",\"s3:GetBucketLocation\",\"s3-outposts:ListRegionalBuckets\",\"rum:ListAppMonitors\",\"rum:GetAppMonitor\",\"route53resolver:ListResolverQueryLogConfigs\",\"route53profiles:ListProfiles\",\"route53profiles:ListProfileAssociations\",\"route53profiles:GetProfile\",\"route53:List*\",\"route53-recovery-readiness:ListResourceSets\",\"route53-recovery-readiness:ListRecoveryGroups\",\"route53-recovery-readiness:ListReadinessChecks\",\"route53-recovery-readiness:ListCells\",\"resource-groups:ListGroups\",\"resource-groups:GetGroup\",\"resource-explorer-2:ListViews\",\"resource-explorer-2:ListManagedViews\",\"resource-explorer-2:GetView\",\"resource-explorer-2:GetManagedView\",\"resource-explorer-2:GetIndex\",\"resiliencehub:ListResiliencyPolicies\",\"resiliencehub:ListApps\",\"resiliencehub:ListAppAssessments\",\"resiliencehub:DescribeAppAssessment\",\"resiliencehub:DescribeApp\",\"refactor-spaces:ListServices\",\"refactor-spaces:ListRoutes\",\"refactor-spaces:ListEnvironments\",\"refactor-spaces:ListApplications\",\"redshift:DescribeLoggingStatus\",\"redshift:DescribeClusters\",\"redshift-serverless:ListSnapshots\",\"redshift-serverless:ListRecoveryPoints\",\"redshift-serverless:ListNamespaces\",\"redshift-serverless:ListManagedWorkgroups\",\"redshift-serverless:ListEndpointAccess\",\"redshift-serverless:GetSnapshot\",\"rds:List*\",\"rds:Describe*\",\"rbin:ListRules\",\"rbin:GetRule\",\"ram:GetResourceShareInvitations\"],\"Resource\":\"*\"}]}",
            "override_json": null,
            "override_policy_documents": null,
            "policy_id": null,
            "source_json": null,
            "source_policy_documents": null,
            "statement": [
              {
                "actions": [
                  "ram:GetResourceShareInvitations",
                  "rbin:GetRule",
                  "rbin:ListRules",
                  "rds:Describe*",
                  "rds:List*",
                  "redshift-serverless:GetSnapshot",
                  "redshift-serverless:ListEndpointAccess",
                  "redshift-serverless:ListManagedWorkgroups",
                  "redshift-serverless:ListNamespaces",
                  "redshift-serverless:ListRecoveryPoints",
                  "redshift-serverless:ListSnapshots",
                  "redshift:DescribeClusters",
                  "redshift:DescribeLoggingStatus",
                  "refactor-spaces:ListApplications",
                  "refactor-spaces:ListEnvironments",
                  "refactor-spaces:ListRoutes",
                  "refactor-spaces:ListServices",
                  "resiliencehub:DescribeApp",
                  "resiliencehub:DescribeAppAssessment",
                  "resiliencehub:ListAppAssessments",
                  "resiliencehub:ListApps",
                  "resiliencehub:ListResiliencyPolicies",
                  "resource-explorer-2:GetIndex",
                  "resource-explorer-2:GetManagedView",
                  "resource-explorer-2:GetView",
                  "resource-explorer-2:ListManagedViews",
                  "resource-explorer-2:ListViews",
                  "resource-groups:GetGroup",
                  "resource-groups:ListGroups",
                  "route53-recovery-readiness:ListCells",
                  "route53-recovery-readiness:ListReadinessChecks",
                  "route53-recovery-readiness:ListRecoveryGroups",
                  "route53-recovery-readiness:ListResourceSets",
                  "route53:List*",
                  "route53profiles:GetProfile",
                  "route53profiles:ListProfileAssociations",
                  "route53profiles:ListProfiles",
                  "route53resolver:ListResolverQueryLogConfigs",
                  "rum:GetAppMonitor",
                  "rum:ListAppMonitors",
                  "s3-outposts:ListRegionalBuckets",
                  "s3:GetBucketLocation",
                  "s3:GetBucketLogging",
                  "s3:GetBucketNotification",
                  "s3:GetBucketTagging",
                  "s3:GetIntelligentTieringConfiguration",
                  "s3:ListAllMyBuckets",
                  "s3:PutBucketNotification",
                  "scheduler:GetSchedule",
                  "scheduler:ListScheduleGroups",
                  "scheduler:ListSchedules",
                  "securitylake:ListDataLakes",
                  "securitylake:ListSubscribers",
                  "serverlessrepo:GetApplication",
                  "servicecatalog:DescribePortfolio",
                  "servicecatalog:DescribeProduct",
                  "servicecatalog:GetApplication",
                  "servicecatalog:GetAttributeGroup",
                  "servicecatalog:ListApplications",
                  "servicecatalog:ListAttributeGroups",
                  "servicecatalog:ListPortfolios",
                  "servicecatalog:SearchProducts",
                  "servicediscovery:GetNamespace",
                  "servicediscovery:GetService",
                  "servicediscovery:ListNamespaces",
                  "servicediscovery:ListServices",
                  "ses:Get*",
                  "ses:GetArchive",
                  "ses:GetContactList",
                  "ses:GetCustomVerificationEmailTemplate",
                  "ses:GetDedicatedIpPool",
                  "ses:GetIdentityMailFromDomainAttributes",
                  "ses:GetIngressPoint",
                  "ses:GetMultiRegionEndpoint",
                  "ses:GetRelay",
                  "ses:GetRuleSet",
                  "ses:GetTemplate",
                  "ses:GetTrafficPolicy",
                  "ses:List*",
                  "ses:ListAddonInstances",
                  "ses:ListAddonSubscriptions",
                  "ses:ListAddressLists",
                  "ses:ListArchives",
                  "ses:ListContactLists",
                  "ses:ListCustomVerificationEmailTemplates",
                  "ses:ListIngressPoints",
                  "ses:ListMultiRegionEndpoints",
                  "ses:ListRelays",
                  "ses:ListRuleSets",
                  "ses:ListTemplates",
                  "ses:ListTrafficPolicies",
                  "signer:GetSigningProfile",
                  "signer:ListSigningProfiles",
                  "sms-voice:DescribeConfigurationSets",
                  "sms-voice:DescribeOptOutLists",
                  "sms-voice:DescribePhoneNumbers",
                  "sms-voice:DescribePools",
                  "sms-voice:DescribeProtectConfigurations",
                  "sms-voice:DescribeRegistrationAttachments",
                  "sms-voice:DescribeRegistrations",
                  "sms-voice:DescribeSenderIds",
                  "sms-voice:DescribeVerifiedDestinationNumbers",
                  "snowball:DescribeCluster",
                  "snowball:DescribeJob",
                  "sns:GetSubscriptionAttributes",
                  "sns:List*",
                  "sns:ListPlatformApplications",
                  "sns:Publish",
                  "social-messaging:GetLinkedWhatsAppBusinessAccount",
                  "social-messaging:ListLinkedWhatsAppBusinessAccounts",
                  "sqs:GetQueueUrl",
                  "sqs:ListQueues",
                  "ssm-incidents:GetIncidentRecord",
                  "ssm-incidents:GetReplicationSet",
                  "ssm-incidents:GetResponsePlan",
                  "ssm-incidents:ListIncidentRecords",
                  "ssm-incidents:ListReplicationSets",
                  "ssm-incidents:ListResponsePlans",
                  "ssm:GetMaintenanceWindow",
                  "ssm:GetPatchBaseline",
                  "ssm:GetServiceSetting",
                  "ssm:ListCommands",
                  "states:DescribeStateMachine",
                  "states:ListActivities",
                  "states:ListExecutions",
                  "states:ListStateMachineAliases",
                  "states:ListStateMachines",
                  "storagegateway:DescribeFileSystemAssociations",
                  "storagegateway:DescribeSMBFileShares",
                  "support:DescribeTrustedAdvisor*",
                  "support:RefreshTrustedAdvisorCheck",
                  "tag:GetResources",
                  "tag:GetTagKeys",
                  "tag:GetTagValues",
                  "textract:GetAdapter",
                  "textract:GetAdapterVersion",
                  "textract:ListAdapterVersions",
                  "textract:ListAdapters",
                  "timestream:DescribeEndpoints",
                  "timestream:ListScheduledQueries",
                  "timestream:ListTables",
                  "transcribe:GetCallAnalyticsJob",
                  "transcribe:GetMedicalScribeJob",
                  "transcribe:GetMedicalTranscriptionJob",
                  "transcribe:GetTranscriptionJob",
                  "transcribe:ListMedicalScribeJobs",
                  "translate:GetParallelData",
                  "translate:GetTerminology",
                  "verifiedpermissions:GetPolicyStore",
                  "verifiedpermissions:ListIdentitySources",
                  "verifiedpermissions:ListPolicies",
                  "verifiedpermissions:ListPolicyStores",
                  "verifiedpermissions:ListPolicyTemplates",
                  "vpc-lattice:GetListener",
                  "vpc-lattice:GetResourceConfiguration",
                  "vpc-lattice:GetResourceGateway",
                  "vpc-lattice:GetRule",
                  "vpc-lattice:GetService",
                  "vpc-lattice:GetServiceNetwork",
                  "vpc-lattice:GetTargetGroup",
                  "vpc-lattice:ListAccessLogSubscriptions",
                  "vpc-lattice:ListListeners",
                  "vpc-lattice:ListResourceConfigurations",
                  "vpc-lattice:ListResourceEndpointAssociations",
                  "vpc-lattice:ListResourceGateways",
                  "vpc-lattice:ListRules",
                  "vpc-lattice:ListServiceNetworkResourceAssociations",
                  "vpc-lattice:ListServiceNetworkServiceAssociations",
                  "vpc-lattice:ListServiceNetworkVpcAssociations",
                  "vpc-lattice:ListServiceNetworks",
                  "vpc-lattice:ListServices",
                  "vpc-lattice:ListTargetGroups",
                  "waf-regional:GetRule",
                  "waf-regional:GetRuleGroup",
                  "waf-regional:ListRuleGroups",
                  "waf-regional:ListRules",
                  "waf:GetRule",
                  "waf:GetRuleGroup",
                  "waf:ListRuleGroups",
                  "waf:ListRules",
                  "wafv2:GetIPSet",
                  "wafv2:GetRegexPatternSet",
                  "wafv2:GetRuleGroup",
                  "wafv2:ListLoggingConfigurations",
                  "wellarchitected:GetLens",
                  "wellarchitected:GetProfile",
                  "wellarchitected:GetReviewTemplate",
                  "wellarchitected:GetWorkload",
                  "wellarchitected:ListLenses",
                  "wellarchitected:ListProfiles",
                  "wellarchitected:ListReviewTemplates",
                  "wellarchitected:ListWorkloads",
                  "wisdom:ListAssistantAssociations",
                  "wisdom:ListAssistants",
                  "wisdom:ListContents"
                ],
                "condition": [],
                "effect": "Allow",
                "not_actions": [],
                "not_principals": [],
                "not_resources": [],
                "principals": [],
                "resources": [
                  "*"
                ],
                "sid": ""
              }
            ],
            "version": "2012-10-17"
          },
          "sensitive_attributes": [],
          "identity_schema_version": 0
        },
        {
          "index_key": 4,
          "schema_version": 0,
          "attributes": {
            "id": "3797455924",
            "json": "{\n  \"Version\": \"2012-10-17\",\n  \"Statement\": [\n    {\n      \"Effect\": \"Allow\",\n      \"Action\": [\n        \"xray:GetTraceSummaries\",\n        \"xray:BatchGetTraces\",\n        \"workspaces-web:ListUserSettings\",\n        \"workspaces-web:ListUserAccessLoggingSettings\",\n        \"workspaces-web:ListTrustStores\",\n        \"workspaces-web:ListPortals\",\n        \"workspaces-web:ListNetworkSettings\",\n        \"workspaces-web:ListIpAccessSettings\",\n        \"workspaces-web:ListIdentityProviders\",\n        \"workspaces-web:ListDataProtectionSettings\",\n        \"workspaces-web:ListBrowserSettings\",\n        \"workspaces-web:GetUserSettings\",\n        \"workspaces-web:GetUserAccessLoggingSettings\",\n        \"workspaces-web:GetTrustStore\",\n        \"workspaces-web:GetNetworkSettings\",\n        \"workspaces-web:GetIpAccessSettings\",\n        \"workspaces-web:GetIdentityProvider\",\n        \"workspaces-web:GetDataProtectionSettings\",\n        \"workspaces-web:GetBrowserSettings\",\n        \"workmail:ListOrganizations\",\n        \"workmail:DescribeOrganization\",\n        \"wisdom:ListQuickResponses\",\n        \"wisdom:ListKnowledgeBases\"\n      ],\n      \"Resource\": \"*\"\n    }\n  ]\n}",
            "minified_json": "{\"Version\":\"2012-10-17\",\"Statement\":[{\"Effect\":\"Allow\",\"Action\":[\"xray:GetTraceSummaries\",\"xray:BatchGetTraces\",\"workspaces-web:ListUserSettings\",\"workspaces-web:ListUserAccessLoggingSettings\",\"workspaces-web:ListTrustStores\",\"workspaces-web:ListPortals\",\"workspaces-web:ListNetworkSettings\",\"workspaces-web:ListIpAccessSettings\",\"workspaces-web:ListIdentityProviders\",\"workspaces-web:ListDataProtectionSettings\",\"workspaces-web:ListBrowserSettings\",\"workspaces-web:GetUserSettings\",\"workspaces-web:GetUserAccessLoggingSettings\",\"workspaces-web:GetTrustStore\",\"workspaces-web:GetNetworkSettings\",\"workspaces-web:GetIpAccessSettings\",\"workspaces-web:GetIdentityProvider\",\"workspaces-web:GetDataProtectionSettings\",\"workspaces-web:GetBrowserSettings\",\"workmail:ListOrganizations\",\"workmail:DescribeOrganization\",\"wisdom:ListQuickResponses\",\"wisdom:ListKnowledgeBases\"],\"Resource\":\"*\"}]}",
            "override_json": null,
            "override_policy_documents": null,
            "policy_id": null,
            "source_json": null,
            "source_policy_documents": null,
            "statement": [
              {
                "actions": [
                  "wisdom:ListKnowledgeBases",
                  "wisdom:ListQuickResponses",
                  "workmail:DescribeOrganization",
                  "workmail:ListOrganizations",
                  "workspaces-web:GetBrowserSettings",
                  "workspaces-web:GetDataProtectionSettings",
                  "workspaces-web:GetIdentityProvider",
                  "workspaces-web:GetIpAccessSettings",
                  "workspaces-web:GetNetworkSettings",
                  "workspaces-web:GetTrustStore",
                  "workspaces-web:GetUserAccessLoggingSettings",
                  "workspaces-web:GetUserSettings",
                  "workspaces-web:ListBrowserSettings",
                  "workspaces-web:ListDataProtectionSettings",
                  "workspaces-web:ListIdentityProviders",
                  "workspaces-web:ListIpAccessSettings",
                  "workspaces-web:ListNetworkSettings",
                  "workspaces-web:ListPortals",
                  "workspaces-web:ListTrustStores",
                  "workspaces-web:ListUserAccessLoggingSettings",
                  "workspaces-web:ListUserSettings",
                  "xray:BatchGetTraces",
                  "xray:GetTraceSummaries"
                ],
                "condition": [],
                "effect": "Allow",
                "not_actions": [],
                "not_principals": [],
                "not_resources": [],
                "principals": [],
                "resources": [
                  "*"
                ],
                "sid": ""
              }
            ],
            "version": "2012-10-17"
          },
          "sensitive_attributes": [],
          "identity_schema_version": 0
        }
      ]
    },
    {
      "mode": "data",
      "type": "aws_iam_policy_document",
      "name": "datadog_aws_integration_assume_role",
      "provider": "provider[\"registry.terraform.io/hashicorp/aws\"]",
      "instances": [
        {
          "schema_version": 0,
          "attributes": {
            "id": "2075624474",
            "json": "{\n  \"Version\": \"2012-10-17\",\n  \"Statement\": [\n    {\n      \"Effect\": \"Allow\",\n      \"Action\": \"sts:AssumeRole\",\n      \"Principal\": {\n        \"AWS\": \"arn:aws:iam::464622532012:root\"\n      },\n      \"Condition\": {\n        \"StringEquals\": {\n          \"sts:ExternalId\": \"fbf06f7500374fcc9414a5c42e6eb2c6\"\n        }\n      }\n    }\n  ]\n}",
            "minified_json": "{\"Version\":\"2012-10-17\",\"Statement\":[{\"Effect\":\"Allow\",\"Action\":\"sts:AssumeRole\",\"Principal\":{\"AWS\":\"arn:aws:iam::464622532012:root\"},\"Condition\":{\"StringEquals\":{\"sts:ExternalId\":\"fbf06f7500374fcc9414a5c42e6eb2c6\"}}}]}",
            "override_json": null,
            "override_policy_documents": null,
            "policy_id": null,
            "source_json": null,
            "source_policy_documents": null,
            "statement": [
              {
                "actions": [
                  "sts:AssumeRole"
                ],
                "condition": [
                  {
                    "test": "StringEquals",
                    "values": [
                      "fbf06f7500374fcc9414a5c42e6eb2c6"
                    ],
                    "variable": "sts:ExternalId"
                  }
                ],
                "effect": "Allow",
                "not_actions": [],
                "not_principals": [],
                "not_resources": [],
                "principals": [
                  {
                    "identifiers": [
                      "arn:aws:iam::464622532012:root"
                    ],
                    "type": "AWS"
                  }
                ],
                "resources": [],
                "sid": ""
              }
            ],
            "version": "2012-10-17"
          },
          "sensitive_attributes": [],
          "identity_schema_version": 0
        }
      ]
    },
    {
      "mode": "data",
      "type": "aws_iam_policy_document",
      "name": "s3_access_policy",
      "provider": "provider[\"registry.terraform.io/hashicorp/aws\"]",
      "instances": [
        {
          "schema_version": 0,
          "attributes": {
            "id": "1055355445",
            "json": "{\n  \"Version\": \"2012-10-17\",\n  \"Statement\": [\n    {\n      \"Effect\": \"Allow\",\n      \"Action\": \"s3:GetObject\",\n      \"Resource\": \"arn:aws:s3:::lti-project-code-bucket-733153951206/*\"\n    }\n  ]\n}",
            "minified_json": "{\"Version\":\"2012-10-17\",\"Statement\":[{\"Effect\":\"Allow\",\"Action\":\"s3:GetObject\",\"Resource\":\"arn:aws:s3:::lti-project-code-bucket-733153951206/*\"}]}",
            "override_json": null,
            "override_policy_documents": null,
            "policy_id": null,
            "source_json": null,
            "source_policy_documents": null,
            "statement": [
              {
                "actions": [
                  "s3:GetObject"
                ],
                "condition": [],
                "effect": "Allow",
                "not_actions": [],
                "not_principals": [],
                "not_resources": [],
                "principals": [],
                "resources": [
                  "arn:aws:s3:::lti-project-code-bucket-733153951206/*"
                ],
                "sid": ""
              }
            ],
            "version": "2012-10-17"
          },
          "sensitive_attributes": [],
          "identity_schema_version": 0
        }
      ]
    },
    {
      "mode": "data",
      "type": "datadog_integration_aws_iam_permissions",
      "name": "datadog_permissions",
      "provider": "provider[\"registry.terraform.io/datadog/datadog\"]",
      "instances": [
        {
          "schema_version": 0,
          "attributes": {
            "iam_permissions": [
              "account:GetAccountInformation",
              "account:GetContactInformation",
              "airflow:GetEnvironment",
              "airflow:ListEnvironments",
              "amplify:ListApps",
              "amplify:ListBackendEnvironments",
              "amplify:ListBranches",
              "amplify:ListDomainAssociations",
              "amplify:ListJobs",
              "amplify:ListWebhooks",
              "aoss:BatchGetCollection",
              "aoss:ListCollections",
              "apigateway:GET",
              "app-integrations:GetApplication",
              "app-integrations:GetDataIntegration",
              "app-integrations:ListApplicationAssociations",
              "app-integrations:ListApplications",
              "app-integrations:ListDataIntegrationAssociations",
              "app-integrations:ListDataIntegrations",
              "app-integrations:ListEventIntegrationAssociations",
              "app-integrations:ListEventIntegrations",
              "appflow:DescribeConnector",
              "appflow:DescribeConnectorProfiles",
              "appflow:DescribeFlow",
              "appflow:ListConnectors",
              "application-signals:GetServiceLevelObjective",
              "application-signals:ListServiceLevelObjectives",
              "appstream:DescribeAppBlockBuilders",
              "appstream:DescribeAppBlocks",
              "appstream:DescribeApplications",
              "appstream:DescribeFleets",
              "appstream:DescribeImageBuilders",
              "appstream:DescribeImages",
              "appstream:DescribeStacks",
              "appsync:GetGraphqlApi",
              "appsync:ListGraphqlApis",
              "aps:DescribeRuleGroupsNamespace",
              "aps:DescribeScraper",
              "aps:DescribeWorkspace",
              "aps:ListRuleGroupsNamespaces",
              "aps:ListScrapers",
              "aps:ListWorkspaces",
              "athena:BatchGetNamedQuery",
              "athena:BatchGetPreparedStatement",
              "auditmanager:GetAssessment",
              "auditmanager:GetAssessmentFramework",
              "auditmanager:GetControl",
              "autoscaling:Describe*",
              "b2bi:GetCapability",
              "b2bi:GetPartnership",
              "b2bi:GetProfile",
              "b2bi:GetTransformer",
              "b2bi:ListCapabilities",
              "b2bi:ListPartnerships",
              "b2bi:ListProfiles",
              "b2bi:ListTransformers",
              "backup-gateway:GetGateway",
              "backup-gateway:GetHypervisor",
              "backup-gateway:GetVirtualMachine",
              "backup-gateway:ListGateways",
              "backup-gateway:ListHypervisors",
              "backup-gateway:ListVirtualMachines",
              "backup:DescribeFramework",
              "backup:GetLegalHold",
              "backup:List*",
              "backup:ListBackupPlans",
              "backup:ListFrameworks",
              "backup:ListLegalHolds",
              "backup:ListProtectedResources",
              "backup:ListRecoveryPointsByBackupVault",
              "batch:DescribeJobDefinitions",
              "batch:DescribeJobQueues",
              "batch:DescribeJobs",
              "batch:DescribeSchedulingPolicies",
              "batch:ListJobs",
              "batch:ListSchedulingPolicies",
              "bcm-data-exports:GetExport",
              "bcm-data-exports:ListExports",
              "bedrock:GetAgent",
              "bedrock:GetAgentActionGroup",
              "bedrock:GetAsyncInvoke",
              "bedrock:GetBlueprint",
              "bedrock:GetDataSource",
              "bedrock:GetEvaluationJob",
              "bedrock:GetFlow",
              "bedrock:GetFlowVersion",
              "bedrock:GetGuardrail",
              "bedrock:GetKnowledgeBase",
              "bedrock:GetModelInvocationJob",
              "bedrock:GetPrompt",
              "bedrock:ListAgentCollaborators",
              "bedrock:ListAsyncInvokes",
              "bedrock:ListBlueprints",
              "bedrock:ListKnowledgeBaseDocuments",
              "billingconductor:ListBillingGroups",
              "billingconductor:ListCustomLineItems",
              "billingconductor:ListPricingPlans",
              "billingconductor:ListPricingRules",
              "budgets:ViewBudget",
              "cassandra:Select",
              "ce:DescribeCostCategoryDefinition",
              "ce:GetAnomalyMonitors",
              "ce:GetAnomalySubscriptions",
              "ce:GetCostCategories",
              "cloudformation:DescribeGeneratedTemplate",
              "cloudformation:DescribeResourceScan",
              "cloudformation:ListGeneratedTemplates",
              "cloudformation:ListResourceScans",
              "cloudformation:ListTypes",
              "cloudfront:GetDistributionConfig",
              "cloudfront:ListDistributions",
              "cloudhsm:DescribeBackups",
              "cloudhsm:DescribeClusters",
              "cloudtrail:DescribeTrails",
              "cloudtrail:GetTrail",
              "cloudtrail:GetTrailStatus",
              "cloudtrail:ListTrails",
              "cloudtrail:LookupEvents",
              "cloudwatch:Describe*",
              "cloudwatch:Get*",
              "cloudwatch:List*",
              "codeartifact:DescribeDomain",
              "codeartifact:DescribePackageGroup",
              "codeartifact:DescribeRepository",
              "codeartifact:ListDomains",
              "codeartifact:ListPackageGroups",
              "codeartifact:ListPackages",
              "codebuild:BatchGetProjects",
              "codebuild:ListProjects",
              "codedeploy:BatchGet*",
              "codedeploy:List*",
              "codeguru-profiler:ListFindingsReports",
              "codeguru-profiler:ListProfilingGroups",
              "codeguru-reviewer:ListCodeReviews",
              "codeguru-reviewer:ListRepositoryAssociations",
              "codepipeline:GetActionType",
              "codepipeline:ListActionTypes",
              "codepipeline:ListWebhooks",
              "connect:DescribeAgentStatus",
              "connect:DescribeAuthenticationProfile",
              "connect:DescribeContactFlow",
              "connect:DescribeContactFlowModule",
              "connect:DescribeHoursOfOperation",
              "connect:DescribeInstance",
              "connect:DescribeQueue",
              "connect:DescribeQuickConnect",
              "connect:DescribeRoutingProfile",
              "connect:DescribeSecurityProfile",
              "connect:DescribeUser",
              "connect:ListAgentStatuses",
              "connect:ListAuthenticationProfiles",
              "connect:ListContactFlowModules",
              "connect:ListContactFlows",
              "connect:ListHoursOfOperations",
              "connect:ListQueues",
              "connect:ListQuickConnects",
              "connect:ListRoutingProfiles",
              "connect:ListSecurityProfiles",
              "connect:ListUsers",
              "controltower:GetLandingZone",
              "controltower:ListEnabledBaselines",
              "controltower:ListEnabledControls",
              "controltower:ListLandingZones",
              "cur:DescribeReportDefinitions",
              "databrew:ListDatasets",
              "databrew:ListRecipes",
              "databrew:ListRulesets",
              "databrew:ListSchedules",
              "datazone:GetDomain",
              "datazone:ListDomains",
              "deadline:GetBudget",
              "deadline:GetLicenseEndpoint",
              "deadline:GetQueue",
              "deadline:ListBudgets",
              "deadline:ListFarms",
              "deadline:ListFleets",
              "deadline:ListLicenseEndpoints",
              "deadline:ListMonitors",
              "deadline:ListQueues",
              "deadline:ListWorkers",
              "devicefarm:GetUpload",
              "devicefarm:ListDeviceInstances",
              "devicefarm:ListDevicePools",
              "devicefarm:ListDevices",
              "devicefarm:ListInstanceProfiles",
              "devicefarm:ListNetworkProfiles",
              "devicefarm:ListRemoteAccessSessions",
              "devicefarm:ListTestGridProjects",
              "devicefarm:ListTestGridSessions",
              "devicefarm:ListUploads",
              "devicefarm:ListVPCEConfigurations",
              "directconnect:Describe*",
              "dlm:GetLifecyclePolicies",
              "dlm:GetLifecyclePolicy",
              "dms:DescribeReplicationInstances",
              "docdb-elastic:GetCluster",
              "docdb-elastic:GetClusterSnapshot",
              "docdb-elastic:ListClusterSnapshots",
              "drs:DescribeJobs",
              "drs:DescribeLaunchConfigurationTemplates",
              "drs:DescribeRecoveryInstances",
              "drs:DescribeReplicationConfigurationTemplates",
              "drs:DescribeSourceNetworks",
              "drs:DescribeSourceServers",
              "dsql:GetCluster",
              "dsql:ListClusters",
              "dynamodb:Describe*",
              "dynamodb:DescribeBackup",
              "dynamodb:DescribeStream",
              "dynamodb:List*",
              "ec2:Describe*",
              "ec2:GetVerifiedAccessEndpointPolicy",
              "ec2:GetVerifiedAccessEndpointTargets",
              "ec2:GetVerifiedAccessGroupPolicy",
              "ecs:Describe*",
              "ecs:List*",
              "eks:DescribeAccessEntry",
              "eks:DescribeAddon",
              "eks:DescribeCluster",
              "eks:DescribeIdentityProviderConfig",
              "eks:DescribeInsight",
              "eks:DescribePodIdentityAssociation",
              "eks:DescribeUpdate",
              "eks:ListAddons",
              "eks:ListClusters",
              "eks:ListEksAnywhereSubscriptions",
              "eks:ListIdentityProviderConfigs",
              "eks:ListInsights",
              "eks:ListPodIdentityAssociations",
              "elasticache:Describe*",
              "elasticache:List*",
              "elasticfilesystem:DescribeAccessPoints",
              "elasticfilesystem:DescribeFileSystems",
              "elasticfilesystem:DescribeTags",
              "elasticloadbalancing:Describe*",
              "elasticmapreduce:Describe*",
              "elasticmapreduce:List*",
              "elasticmapreduce:ListInstanceFleets",
              "elasticmapreduce:ListInstanceGroups",
              "emr-containers:ListManagedEndpoints",
              "emr-containers:ListSecurityConfigurations",
              "emr-containers:ListVirtualClusters",
              "es:DescribeElasticsearchDomains",
              "es:ListDomainNames",
              "es:ListTags",
              "events:CreateEventBus",
              "fis:GetAction",
              "fis:GetExperiment",
              "fis:GetExperimentTemplate",
              "fis:ListActions",
              "fis:ListExperimentTemplates",
              "fis:ListExperiments",
              "frauddetector:DescribeDetector",
              "frauddetector:DescribeModelVersions",
              "frauddetector:GetBatchImportJobs",
              "frauddetector:GetBatchPredictionJobs",
              "frauddetector:GetDetectorVersion",
              "frauddetector:GetEntityTypes",
              "frauddetector:GetEventTypes",
              "frauddetector:GetExternalModels",
              "frauddetector:GetLabels",
              "frauddetector:GetListsMetadata",
              "frauddetector:GetModels",
              "frauddetector:GetOutcomes",
              "frauddetector:GetRules",
              "frauddetector:GetVariables",
              "fsx:DescribeFileSystems",
              "fsx:ListTagsForResource",
              "gamelift:DescribeGameSessionQueues",
              "gamelift:DescribeMatchmakingConfigurations",
              "gamelift:DescribeMatchmakingRuleSets",
              "gamelift:ListAliases",
              "gamelift:ListContainerFleets",
              "gamelift:ListContainerGroupDefinitions",
              "gamelift:ListGameServerGroups",
              "gamelift:ListLocations",
              "gamelift:ListScripts",
              "geo:DescribeGeofenceCollection",
              "geo:DescribeKey",
              "geo:DescribeMap",
              "geo:DescribePlaceIndex",
              "geo:DescribeRouteCalculator",
              "geo:DescribeTracker",
              "geo:ListGeofenceCollections",
              "geo:ListKeys",
              "geo:ListPlaceIndexes",
              "geo:ListRouteCalculators",
              "geo:ListTrackers",
              "glacier:GetVaultNotifications",
              "glue:ListRegistries",
              "grafana:DescribeWorkspace",
              "greengrass:GetBulkDeploymentStatus",
              "greengrass:GetComponent",
              "greengrass:GetConnectivityInfo",
              "greengrass:GetCoreDevice",
              "greengrass:GetDeployment",
              "greengrass:GetGroup",
              "health:DescribeAffectedEntities",
              "health:DescribeEventDetails",
              "health:DescribeEvents",
              "iam:ListAccountAliases",
              "imagebuilder:GetContainerRecipe",
              "imagebuilder:GetDistributionConfiguration",
              "imagebuilder:GetImageRecipe",
              "imagebuilder:GetInfrastructureConfiguration",
              "imagebuilder:GetLifecyclePolicy",
              "imagebuilder:GetWorkflow",
              "imagebuilder:ListComponents",
              "imagebuilder:ListContainerRecipes",
              "imagebuilder:ListDistributionConfigurations",
              "imagebuilder:ListImagePipelines",
              "imagebuilder:ListImageRecipes",
              "imagebuilder:ListImages",
              "imagebuilder:ListInfrastructureConfigurations",
              "imagebuilder:ListLifecyclePolicies",
              "imagebuilder:ListWorkflows",
              "iotfleetwise:GetCampaign",
              "iotfleetwise:GetSignalCatalog",
              "iotfleetwise:GetStateTemplate",
              "iotfleetwise:GetVehicle",
              "iotfleetwise:ListCampaigns",
              "iotfleetwise:ListDecoderManifests",
              "iotfleetwise:ListFleets",
              "iotfleetwise:ListSignalCatalogs",
              "iotfleetwise:ListStateTemplates",
              "iotfleetwise:ListVehicles",
              "iotsitewise:DescribeAsset",
              "iotsitewise:DescribeAssetModel",
              "iotsitewise:DescribeDashboard",
              "iotsitewise:DescribeDataset",
              "iotsitewise:DescribePortal",
              "iotsitewise:DescribeProject",
              "iotsitewise:ListAssets",
              "iotsitewise:ListDashboards",
              "iotsitewise:ListDatasets",
              "iotsitewise:ListPortals",
              "iotsitewise:ListProjects",
              "iotsitewise:ListTimeSeries",
              "iottwinmaker:GetComponentType",
              "iottwinmaker:GetEntity",
              "iottwinmaker:GetScene",
              "iottwinmaker:GetWorkspace",
              "iottwinmaker:ListComponentTypes",
              "iottwinmaker:ListEntities",
              "iottwinmaker:ListScenes",
              "iotwireless:GetDeviceProfile",
              "iotwireless:GetMulticastGroup",
              "iotwireless:GetNetworkAnalyzerConfiguration",
              "iotwireless:GetServiceProfile",
              "iotwireless:GetWirelessDevice",
              "iotwireless:GetWirelessGateway",
              "iotwireless:ListDestinations",
              "iotwireless:ListDeviceProfiles",
              "iotwireless:ListMulticastGroups",
              "iotwireless:ListNetworkAnalyzerConfigurations",
              "iotwireless:ListServiceProfiles",
              "iotwireless:ListWirelessDevices",
              "iotwireless:ListWirelessGateways",
              "ivs:GetChannel",
              "ivs:GetComposition",
              "ivs:GetEncoderConfiguration",
              "ivs:GetIngestConfiguration",
              "ivs:GetPublicKey",
              "ivs:GetRecordingConfiguration",
              "ivs:GetStage",
              "ivs:ListChannels",
              "ivs:ListCompositions",
              "ivs:ListEncoderConfigurations",
              "ivs:ListIngestConfigurations",
              "ivs:ListPlaybackKeyPairs",
              "ivs:ListPlaybackRestrictionPolicies",
              "ivs:ListPublicKeys",
              "ivs:ListRecordingConfigurations",
              "ivs:ListStages",
              "ivs:ListStorageConfigurations",
              "ivs:ListStreamKeys",
              "ivschat:GetLoggingConfiguration",
              "ivschat:GetRoom",
              "ivschat:ListLoggingConfigurations",
              "ivschat:ListRooms",
              "kendra:DescribeAccessControlConfiguration",
              "kendra:DescribeDataSource",
              "kendra:DescribeExperience",
              "kendra:DescribeFaq",
              "kendra:DescribeFeaturedResultsSet",
              "kendra:DescribeQuerySuggestionsBlockList",
              "kendra:DescribeThesaurus",
              "kendra:ListAccessControlConfigurations",
              "kendra:ListExperiences",
              "kendra:ListFaqs",
              "kendra:ListFeaturedResultsSets",
              "kendra:ListQuerySuggestionsBlockLists",
              "kendra:ListThesauri",
              "kinesis:Describe*",
              "kinesis:List*",
              "lakeformation:GetDataLakeSettings",
              "lakeformation:ListPermissions",
              "lambda:GetFunction",
              "lambda:List*",
              "launchwizard:GetDeployment",
              "launchwizard:ListDeployments",
              "lightsail:GetAlarms",
              "lightsail:GetCertificates",
              "lightsail:GetDistributions",
              "lightsail:GetInstancePortStates",
              "lightsail:GetRelationalDatabaseParameters",
              "lightsail:GetRelationalDatabaseSnapshots",
              "lightsail:GetRelationalDatabases",
              "lightsail:GetStaticIps",
              "logs:DeleteSubscriptionFilter",
              "logs:DescribeDeliveries",
              "logs:DescribeDeliverySources",
              "logs:DescribeLogGroups",
              "logs:DescribeLogStreams",
              "logs:DescribeSubscriptionFilters",
              "logs:FilterLogEvents",
              "logs:GetDeliveryDestination",
              "logs:PutSubscriptionFilter",
              "logs:TestMetricFilter",
              "macie2:GetAllowList",
              "macie2:GetCustomDataIdentifier",
              "macie2:GetMacieSession",
              "macie2:ListAllowLists",
              "macie2:ListCustomDataIdentifiers",
              "macie2:ListMembers",
              "managedblockchain:GetAccessor",
              "managedblockchain:GetMember",
              "managedblockchain:GetNetwork",
              "managedblockchain:GetNode",
              "managedblockchain:GetProposal",
              "managedblockchain:ListAccessors",
              "managedblockchain:ListInvitations",
              "managedblockchain:ListMembers",
              "managedblockchain:ListNodes",
              "managedblockchain:ListProposals",
              "mediaconvert:ListJobTemplates",
              "mediaconvert:ListPresets",
              "mediaconvert:ListQueues",
              "medialive:ListChannelPlacementGroups",
              "medialive:ListCloudWatchAlarmTemplateGroups",
              "medialive:ListCloudWatchAlarmTemplates",
              "medialive:ListClusters",
              "medialive:ListEventBridgeRuleTemplateGroups",
              "medialive:ListEventBridgeRuleTemplates",
              "medialive:ListInputDevices",
              "medialive:ListInputSecurityGroups",
              "medialive:ListInputs",
              "medialive:ListMultiplexes",
              "medialive:ListNetworks",
              "medialive:ListNodes",
              "medialive:ListReservations",
              "medialive:ListSdiSources",
              "medialive:ListSignalMaps",
              "mediapackage-vod:DescribeAsset",
              "mediapackage-vod:ListAssets",
              "mediapackage-vod:ListPackagingConfigurations",
              "mediapackage:ListChannels",
              "mediapackage:ListHarvestJobs",
              "mediapackagev2:GetChannel",
              "mediapackagev2:GetChannelGroup",
              "mediapackagev2:GetChannelPolicy",
              "mediapackagev2:GetOriginEndpoint",
              "mediapackagev2:GetOriginEndpointPolicy",
              "mediapackagev2:ListChannelGroups",
              "mediapackagev2:ListChannels",
              "mediapackagev2:ListHarvestJobs",
              "mediapackagev2:ListOriginEndpoints",
              "mediatailor:ListChannels",
              "mediatailor:ListLiveSources",
              "mediatailor:ListPlaybackConfigurations",
              "mediatailor:ListPrefetchSchedules",
              "mediatailor:ListSourceLocations",
              "mediatailor:ListVodSources",
              "memorydb:DescribeAcls",
              "memorydb:DescribeMultiRegionClusters",
              "memorydb:DescribeParameterGroups",
              "memorydb:DescribeReservedNodes",
              "memorydb:DescribeSnapshots",
              "memorydb:DescribeSubnetGroups",
              "memorydb:DescribeUsers",
              "mobiletargeting:GetApps",
              "mobiletargeting:GetCampaigns",
              "mobiletargeting:GetChannels",
              "mobiletargeting:GetEventStream",
              "mobiletargeting:GetSegments",
              "mobiletargeting:ListJourneys",
              "mobiletargeting:ListTemplates",
              "network-firewall:DescribeLoggingConfiguration",
              "network-firewall:DescribeTLSInspectionConfiguration",
              "network-firewall:DescribeVpcEndpointAssociation",
              "network-firewall:ListFirewalls",
              "network-firewall:ListTLSInspectionConfigurations",
              "network-firewall:ListVpcEndpointAssociations",
              "networkmanager:GetConnectPeer",
              "networkmanager:GetConnections",
              "networkmanager:GetCoreNetwork",
              "networkmanager:GetDevices",
              "networkmanager:GetLinks",
              "networkmanager:GetSites",
              "networkmanager:ListAttachments",
              "networkmanager:ListConnectPeers",
              "networkmanager:ListCoreNetworks",
              "networkmanager:ListPeerings",
              "oam:ListAttachedLinks",
              "oam:ListSinks",
              "omics:GetAnnotationStore",
              "omics:GetAnnotationStoreVersion",
              "omics:GetSequenceStore",
              "omics:GetVariantStore",
              "omics:GetWorkflow",
              "omics:GetWorkflowVersion",
              "omics:ListAnnotationStoreVersions",
              "omics:ListAnnotationStores",
              "omics:ListReadSets",
              "omics:ListReferenceStores",
              "omics:ListReferences",
              "omics:ListSequenceStores",
              "omics:ListVariantStores",
              "omics:ListWorkflowVersions",
              "omics:ListWorkflows",
              "organizations:Describe*",
              "organizations:List*",
              "osis:GetPipeline",
              "osis:GetPipelineBlueprint",
              "osis:ListPipelineBlueprints",
              "osis:ListPipelines",
              "outposts:ListOutposts",
              "outposts:ListSites",
              "payment-cryptography:GetKey",
              "payment-cryptography:ListAliases",
              "payment-cryptography:ListKeys",
              "pca-connector-ad:ListConnectors",
              "pca-connector-ad:ListDirectoryRegistrations",
              "pca-connector-ad:ListTemplates",
              "pca-connector-scep:ListConnectors",
              "personalize:DescribeAlgorithm",
              "personalize:DescribeBatchInferenceJob",
              "personalize:DescribeBatchSegmentJob",
              "personalize:DescribeCampaign",
              "personalize:DescribeDataDeletionJob",
              "personalize:DescribeDataset",
              "personalize:DescribeDatasetExportJob",
              "personalize:DescribeDatasetImportJob",
              "personalize:DescribeEventTracker",
              "personalize:DescribeFeatureTransformation",
              "personalize:DescribeFilter",
              "personalize:DescribeMetricAttribution",
              "personalize:DescribeRecipe",
              "personalize:DescribeRecommender",
              "personalize:DescribeSchema",
              "personalize:DescribeSolution",
              "personalize:ListBatchInferenceJobs",
              "personalize:ListBatchSegmentJobs",
              "personalize:ListCampaigns",
              "personalize:ListDataDeletionJobs",
              "personalize:ListDatasetExportJobs",
              "personalize:ListDatasetImportJobs",
              "personalize:ListDatasets",
              "personalize:ListEventTrackers",
              "personalize:ListFilters",
              "personalize:ListMetricAttributions",
              "personalize:ListRecipes",
              "personalize:ListRecommenders",
              "personalize:ListSchemas",
              "personalize:ListSolutions",
              "pipes:ListPipes",
              "proton:GetComponent",
              "proton:GetDeployment",
              "proton:GetEnvironment",
              "proton:GetEnvironmentAccountConnection",
              "proton:GetEnvironmentTemplate",
              "proton:GetEnvironmentTemplateVersion",
              "proton:GetRepository",
              "proton:GetService",
              "proton:GetServiceInstance",
              "proton:GetServiceTemplate",
              "proton:GetServiceTemplateVersion",
              "proton:ListComponents",
              "proton:ListDeployments",
              "proton:ListEnvironmentAccountConnections",
              "proton:ListEnvironmentTemplateVersions",
              "proton:ListEnvironmentTemplates",
              "proton:ListEnvironments",
              "proton:ListRepositories",
              "proton:ListServiceInstances",
              "proton:ListServiceTemplateVersions",
              "proton:ListServiceTemplates",
              "proton:ListServices",
              "qbusiness:GetApplication",
              "qbusiness:GetDataAccessor",
              "qbusiness:GetDataSource",
              "qbusiness:GetIndex",
              "qbusiness:GetPlugin",
              "qbusiness:GetRetriever",
              "qbusiness:GetWebExperience",
              "qbusiness:ListDataAccessors",
              "ram:GetResourceShareInvitations",
              "rbin:GetRule",
              "rbin:ListRules",
              "rds:Describe*",
              "rds:List*",
              "redshift-serverless:GetSnapshot",
              "redshift-serverless:ListEndpointAccess",
              "redshift-serverless:ListManagedWorkgroups",
              "redshift-serverless:ListNamespaces",
              "redshift-serverless:ListRecoveryPoints",
              "redshift-serverless:ListSnapshots",
              "redshift:DescribeClusters",
              "redshift:DescribeLoggingStatus",
              "refactor-spaces:ListApplications",
              "refactor-spaces:ListEnvironments",
              "refactor-spaces:ListRoutes",
              "refactor-spaces:ListServices",
              "resiliencehub:DescribeApp",
              "resiliencehub:DescribeAppAssessment",
              "resiliencehub:ListAppAssessments",
              "resiliencehub:ListApps",
              "resiliencehub:ListResiliencyPolicies",
              "resource-explorer-2:GetIndex",
              "resource-explorer-2:GetManagedView",
              "resource-explorer-2:GetView",
              "resource-explorer-2:ListManagedViews",
              "resource-explorer-2:ListViews",
              "resource-groups:GetGroup",
              "resource-groups:ListGroups",
              "route53-recovery-readiness:ListCells",
              "route53-recovery-readiness:ListReadinessChecks",
              "route53-recovery-readiness:ListRecoveryGroups",
              "route53-recovery-readiness:ListResourceSets",
              "route53:List*",
              "route53profiles:GetProfile",
              "route53profiles:ListProfileAssociations",
              "route53profiles:ListProfiles",
              "route53resolver:ListResolverQueryLogConfigs",
              "rum:GetAppMonitor",
              "rum:ListAppMonitors",
              "s3-outposts:ListRegionalBuckets",
              "s3:GetBucketLocation",
              "s3:GetBucketLogging",
              "s3:GetBucketNotification",
              "s3:GetBucketTagging",
              "s3:GetIntelligentTieringConfiguration",
              "s3:ListAllMyBuckets",
              "s3:PutBucketNotification",
              "scheduler:GetSchedule",
              "scheduler:ListScheduleGroups",
              "scheduler:ListSchedules",
              "securitylake:ListDataLakes",
              "securitylake:ListSubscribers",
              "serverlessrepo:GetApplication",
              "servicecatalog:DescribePortfolio",
              "servicecatalog:DescribeProduct",
              "servicecatalog:GetApplication",
              "servicecatalog:GetAttributeGroup",
              "servicecatalog:ListApplications",
              "servicecatalog:ListAttributeGroups",
              "servicecatalog:ListPortfolios",
              "servicecatalog:SearchProducts",
              "servicediscovery:GetNamespace",
              "servicediscovery:GetService",
              "servicediscovery:ListNamespaces",
              "servicediscovery:ListServices",
              "ses:Get*",
              "ses:GetArchive",
              "ses:GetContactList",
              "ses:GetCustomVerificationEmailTemplate",
              "ses:GetDedicatedIpPool",
              "ses:GetIdentityMailFromDomainAttributes",
              "ses:GetIngressPoint",
              "ses:GetMultiRegionEndpoint",
              "ses:GetRelay",
              "ses:GetRuleSet",
              "ses:GetTemplate",
              "ses:GetTrafficPolicy",
              "ses:List*",
              "ses:ListAddonInstances",
              "ses:ListAddonSubscriptions",
              "ses:ListAddressLists",
              "ses:ListArchives",
              "ses:ListContactLists",
              "ses:ListCustomVerificationEmailTemplates",
              "ses:ListIngressPoints",
              "ses:ListMultiRegionEndpoints",
              "ses:ListRelays",
              "ses:ListRuleSets",
              "ses:ListTemplates",
              "ses:ListTrafficPolicies",
              "signer:GetSigningProfile",
              "signer:ListSigningProfiles",
              "sms-voice:DescribeConfigurationSets",
              "sms-voice:DescribeOptOutLists",
              "sms-voice:DescribePhoneNumbers",
              "sms-voice:DescribePools",
              "sms-voice:DescribeProtectConfigurations",
              "sms-voice:DescribeRegistrationAttachments",
              "sms-voice:DescribeRegistrations",
              "sms-voice:DescribeSenderIds",
              "sms-voice:DescribeVerifiedDestinationNumbers",
              "snowball:DescribeCluster",
              "snowball:DescribeJob",
              "sns:GetSubscriptionAttributes",
              "sns:List*",
              "sns:ListPlatformApplications",
              "sns:Publish",
              "social-messaging:GetLinkedWhatsAppBusinessAccount",
              "social-messaging:ListLinkedWhatsAppBusinessAccounts",
              "sqs:GetQueueUrl",
              "sqs:ListQueues",
              "ssm-incidents:GetIncidentRecord",
              "ssm-incidents:GetReplicationSet",
              "ssm-incidents:GetResponsePlan",
              "ssm-incidents:ListIncidentRecords",
              "ssm-incidents:ListReplicationSets",
              "ssm-incidents:ListResponsePlans",
              "ssm:GetMaintenanceWindow",
              "ssm:GetPatchBaseline",
              "ssm:GetServiceSetting",
              "ssm:ListCommands",
              "states:DescribeStateMachine",
              "states:ListActivities",
              "states:ListExecutions",
              "states:ListStateMachineAliases",
              "states:ListStateMachines",
              "storagegateway:DescribeFileSystemAssociations",
              "storagegateway:DescribeSMBFileShares",
              "support:DescribeTrustedAdvisor*",
              "support:RefreshTrustedAdvisorCheck",
              "tag:GetResources",
              "tag:GetTagKeys",
              "tag:GetTagValues",
              "textract:GetAdapter",
              "textract:GetAdapterVersion",
              "textract:ListAdapterVersions",
              "textract:ListAdapters",
              "timestream:DescribeEndpoints",
              "timestream:ListScheduledQueries",
              "timestream:ListTables",
              "transcribe:GetCallAnalyticsJob",
              "transcribe:GetMedicalScribeJob",
              "transcribe:GetMedicalTranscriptionJob",
              "transcribe:GetTranscriptionJob",
              "transcribe:ListMedicalScribeJobs",
              "translate:GetParallelData",
              "translate:GetTerminology",
              "verifiedpermissions:GetPolicyStore",
              "verifiedpermissions:ListIdentitySources",
              "verifiedpermissions:ListPolicies",
              "verifiedpermissions:ListPolicyStores",
              "verifiedpermissions:ListPolicyTemplates",
              "vpc-lattice:GetListener",
              "vpc-lattice:GetResourceConfiguration",
              "vpc-lattice:GetResourceGateway",
              "vpc-lattice:GetRule",
              "vpc-lattice:GetService",
              "vpc-lattice:GetServiceNetwork",
              "vpc-lattice:GetTargetGroup",
              "vpc-lattice:ListAccessLogSubscriptions",
              "vpc-lattice:ListListeners",
              "vpc-lattice:ListResourceConfigurations",
              "vpc-lattice:ListResourceEndpointAssociations",
              "vpc-lattice:ListResourceGateways",
              "vpc-lattice:ListRules",
              "vpc-lattice:ListServiceNetworkResourceAssociations",
              "vpc-lattice:ListServiceNetworkServiceAssociations",
              "vpc-lattice:ListServiceNetworkVpcAssociations",
              "vpc-lattice:ListServiceNetworks",
              "vpc-lattice:ListServices",
              "vpc-lattice:ListTargetGroups",
              "waf-regional:GetRule",
              "waf-regional:GetRuleGroup",
              "waf-regional:ListRuleGroups",
              "waf-regional:ListRules",
              "waf:GetRule",
              "waf:GetRuleGroup",
              "waf:ListRuleGroups",
              "waf:ListRules",
              "wafv2:GetIPSet",
              "wafv2:GetRegexPatternSet",
              "wafv2:GetRuleGroup",
              "wafv2:ListLoggingConfigurations",
              "wellarchitected:GetLens",
              "wellarchitected:GetProfile",
              "wellarchitected:GetReviewTemplate",
              "wellarchitected:GetWorkload",
              "wellarchitected:ListLenses",
              "wellarchitected:ListProfiles",
              "wellarchitected:ListReviewTemplates",
              "wellarchitected:ListWorkloads",
              "wisdom:ListAssistantAssociations",
              "wisdom:ListAssistants",
              "wisdom:ListContents",
              "wisdom:ListKnowledgeBases",
              "wisdom:ListQuickResponses",
              "workmail:DescribeOrganization",
              "workmail:ListOrganizations",
              "workspaces-web:GetBrowserSettings",
              "workspaces-web:GetDataProtectionSettings",
              "workspaces-web:GetIdentityProvider",
              "workspaces-web:GetIpAccessSettings",
              "workspaces-web:GetNetworkSettings",
              "workspaces-web:GetTrustStore",
              "workspaces-web:GetUserAccessLoggingSettings",
              "workspaces-web:GetUserSettings",
              "workspaces-web:ListBrowserSettings",
              "workspaces-web:ListDataProtectionSettings",
              "workspaces-web:ListIdentityProviders",
              "workspaces-web:ListIpAccessSettings",
              "workspaces-web:ListNetworkSettings",
              "workspaces-web:ListPortals",
              "workspaces-web:ListTrustStores",
              "workspaces-web:ListUserAccessLoggingSettings",
              "workspaces-web:ListUserSettings",
              "xray:BatchGetTraces",
              "xray:GetTraceSummaries"
            ],
            "id": "integration-aws-iam-permissions"
          },
          "sensitive_attributes": [],
          "identity_schema_version": 0
        }
      ]
    },
    {
      "mode": "managed",
      "type": "aws_iam_instance_profile",
      "name": "ec2_instance_profile",
      "provider": "provider[\"registry.terraform.io/hashicorp/aws\"]",
      "instances": [
        {
          "schema_version": 0,
          "attributes": {
            "arn": "arn:aws:iam::733153951206:instance-profile/lti-project-ec2-instance-profile",
            "create_date": "2026-02-24T11:24:46Z",
            "id": "lti-project-ec2-instance-profile",
            "name": "lti-project-ec2-instance-profile",
            "name_prefix": "",
            "path": "/",
            "role": "lti-project-ec2-role",
            "tags": {},
            "tags_all": {},
            "unique_id": "AIPA2VM3BPXTIGOPMLX6J"
          },
          "sensitive_attributes": [],
          "identity_schema_version": 0,
          "private": "bnVsbA==",
          "dependencies": [
            "aws_iam_role.ec2_role"
          ]
        }
      ]
    },
    {
      "mode": "managed",
      "type": "aws_iam_policy",
      "name": "datadog_aws_integration",
      "provider": "provider[\"registry.terraform.io/hashicorp/aws\"]",
      "instances": [
        {
          "index_key": 0,
          "schema_version": 0,
          "attributes": {
            "arn": "arn:aws:iam::733153951206:policy/DatadogAWSIntegrationPolicy-1",
            "attachment_count": 1,
            "delay_after_policy_creation_in_ms": null,
            "description": "",
            "id": "arn:aws:iam::733153951206:policy/DatadogAWSIntegrationPolicy-1",
            "name": "DatadogAWSIntegrationPolicy-1",
            "name_prefix": "",
            "path": "/",
            "policy": "{\"Statement\":[{\"Action\":[\"drs:DescribeReplicationConfigurationTemplates\",\"drs:DescribeRecoveryInstances\",\"drs:DescribeLaunchConfigurationTemplates\",\"drs:DescribeJobs\",\"docdb-elastic:ListClusterSnapshots\",\"docdb-elastic:GetClusterSnapshot\",\"docdb-elastic:GetCluster\",\"dms:DescribeReplicationInstances\",\"dlm:GetLifecyclePolicy\",\"dlm:GetLifecyclePolicies\",\"directconnect:Describe*\",\"devicefarm:ListVPCEConfigurations\",\"devicefarm:ListUploads\",\"devicefarm:ListTestGridSessions\",\"devicefarm:ListTestGridProjects\",\"devicefarm:ListRemoteAccessSessions\",\"devicefarm:ListNetworkProfiles\",\"devicefarm:ListInstanceProfiles\",\"devicefarm:ListDevices\",\"devicefarm:ListDevicePools\",\"devicefarm:ListDeviceInstances\",\"devicefarm:GetUpload\",\"deadline:ListWorkers\",\"deadline:ListQueues\",\"deadline:ListMonitors\",\"deadline:ListLicenseEndpoints\",\"deadline:ListFleets\",\"deadline:ListFarms\",\"deadline:ListBudgets\",\"deadline:GetQueue\",\"deadline:GetLicenseEndpoint\",\"deadline:GetBudget\",\"datazone:ListDomains\",\"datazone:GetDomain\",\"databrew:ListSchedules\",\"databrew:ListRulesets\",\"databrew:ListRecipes\",\"databrew:ListDatasets\",\"cur:DescribeReportDefinitions\",\"controltower:ListLandingZones\",\"controltower:ListEnabledControls\",\"controltower:ListEnabledBaselines\",\"controltower:GetLandingZone\",\"connect:ListUsers\",\"connect:ListSecurityProfiles\",\"connect:ListRoutingProfiles\",\"connect:ListQuickConnects\",\"connect:ListQueues\",\"connect:ListHoursOfOperations\",\"connect:ListContactFlows\",\"connect:ListContactFlowModules\",\"connect:ListAuthenticationProfiles\",\"connect:ListAgentStatuses\",\"connect:DescribeUser\",\"connect:DescribeSecurityProfile\",\"connect:DescribeRoutingProfile\",\"connect:DescribeQuickConnect\",\"connect:DescribeQueue\",\"connect:DescribeInstance\",\"connect:DescribeHoursOfOperation\",\"connect:DescribeContactFlowModule\",\"connect:DescribeContactFlow\",\"connect:DescribeAuthenticationProfile\",\"connect:DescribeAgentStatus\",\"codepipeline:ListWebhooks\",\"codepipeline:ListActionTypes\",\"codepipeline:GetActionType\",\"codeguru-reviewer:ListRepositoryAssociations\",\"codeguru-reviewer:ListCodeReviews\",\"codeguru-profiler:ListProfilingGroups\",\"codeguru-profiler:ListFindingsReports\",\"codedeploy:List*\",\"codedeploy:BatchGet*\",\"codebuild:ListProjects\",\"codebuild:BatchGetProjects\",\"codeartifact:ListPackages\",\"codeartifact:ListPackageGroups\",\"codeartifact:ListDomains\",\"codeartifact:DescribeRepository\",\"codeartifact:DescribePackageGroup\",\"codeartifact:DescribeDomain\",\"cloudwatch:List*\",\"cloudwatch:Get*\",\"cloudwatch:Describe*\",\"cloudtrail:LookupEvents\",\"cloudtrail:ListTrails\",\"cloudtrail:GetTrailStatus\",\"cloudtrail:GetTrail\",\"cloudtrail:DescribeTrails\",\"cloudhsm:DescribeClusters\",\"cloudhsm:DescribeBackups\",\"cloudfront:ListDistributions\",\"cloudfront:GetDistributionConfig\",\"cloudformation:ListTypes\",\"cloudformation:ListResourceScans\",\"cloudformation:ListGeneratedTemplates\",\"cloudformation:DescribeResourceScan\",\"cloudformation:DescribeGeneratedTemplate\",\"ce:GetCostCategories\",\"ce:GetAnomalySubscriptions\",\"ce:GetAnomalyMonitors\",\"ce:DescribeCostCategoryDefinition\",\"cassandra:Select\",\"budgets:ViewBudget\",\"billingconductor:ListPricingRules\",\"billingconductor:ListPricingPlans\",\"billingconductor:ListCustomLineItems\",\"billingconductor:ListBillingGroups\",\"bedrock:ListKnowledgeBaseDocuments\",\"bedrock:ListBlueprints\",\"bedrock:ListAsyncInvokes\",\"bedrock:ListAgentCollaborators\",\"bedrock:GetPrompt\",\"bedrock:GetModelInvocationJob\",\"bedrock:GetKnowledgeBase\",\"bedrock:GetGuardrail\",\"bedrock:GetFlowVersion\",\"bedrock:GetFlow\",\"bedrock:GetEvaluationJob\",\"bedrock:GetDataSource\",\"bedrock:GetBlueprint\",\"bedrock:GetAsyncInvoke\",\"bedrock:GetAgentActionGroup\",\"bedrock:GetAgent\",\"bcm-data-exports:ListExports\",\"bcm-data-exports:GetExport\",\"batch:ListSchedulingPolicies\",\"batch:ListJobs\",\"batch:DescribeSchedulingPolicies\",\"batch:DescribeJobs\",\"batch:DescribeJobQueues\",\"batch:DescribeJobDefinitions\",\"backup:ListRecoveryPointsByBackupVault\",\"backup:ListProtectedResources\",\"backup:ListLegalHolds\",\"backup:ListFrameworks\",\"backup:ListBackupPlans\",\"backup:List*\",\"backup:GetLegalHold\",\"backup:DescribeFramework\",\"backup-gateway:ListVirtualMachines\",\"backup-gateway:ListHypervisors\",\"backup-gateway:ListGateways\",\"backup-gateway:GetVirtualMachine\",\"backup-gateway:GetHypervisor\",\"backup-gateway:GetGateway\",\"b2bi:ListTransformers\",\"b2bi:ListProfiles\",\"b2bi:ListPartnerships\",\"b2bi:ListCapabilities\",\"b2bi:GetTransformer\",\"b2bi:GetProfile\",\"b2bi:GetPartnership\",\"b2bi:GetCapability\",\"autoscaling:Describe*\",\"auditmanager:GetControl\",\"auditmanager:GetAssessmentFramework\",\"auditmanager:GetAssessment\",\"athena:BatchGetPreparedStatement\",\"athena:BatchGetNamedQuery\",\"aps:ListWorkspaces\",\"aps:ListScrapers\",\"aps:ListRuleGroupsNamespaces\",\"aps:DescribeWorkspace\",\"aps:DescribeScraper\",\"aps:DescribeRuleGroupsNamespace\",\"appsync:ListGraphqlApis\",\"appsync:GetGraphqlApi\",\"appstream:DescribeStacks\",\"appstream:DescribeImages\",\"appstream:DescribeImageBuilders\",\"appstream:DescribeFleets\",\"appstream:DescribeApplications\",\"appstream:DescribeAppBlocks\",\"appstream:DescribeAppBlockBuilders\",\"application-signals:ListServiceLevelObjectives\",\"application-signals:GetServiceLevelObjective\",\"appflow:ListConnectors\",\"appflow:DescribeFlow\",\"appflow:DescribeConnectorProfiles\",\"appflow:DescribeConnector\",\"app-integrations:ListEventIntegrations\",\"app-integrations:ListEventIntegrationAssociations\",\"app-integrations:ListDataIntegrations\",\"app-integrations:ListDataIntegrationAssociations\",\"app-integrations:ListApplications\",\"app-integrations:ListApplicationAssociations\",\"app-integrations:GetDataIntegration\",\"app-integrations:GetApplication\",\"apigateway:GET\",\"aoss:ListCollections\",\"aoss:BatchGetCollection\",\"amplify:ListWebhooks\",\"amplify:ListJobs\",\"amplify:ListDomainAssociations\",\"amplify:ListBranches\",\"amplify:ListBackendEnvironments\",\"amplify:ListApps\",\"airflow:ListEnvironments\",\"airflow:GetEnvironment\",\"account:GetContactInformation\",\"account:GetAccountInformation\"],\"Effect\":\"Allow\",\"Resource\":\"*\"}],\"Version\":\"2012-10-17\"}",
            "policy_id": "ANPA2VM3BPXTBOFUPS5HE",
            "tags": {},
            "tags_all": {}
          },
          "sensitive_attributes": [],
          "identity_schema_version": 0,
          "identity": {
            "arn": "arn:aws:iam::733153951206:policy/DatadogAWSIntegrationPolicy-1"
          },
          "private": "bnVsbA==",
          "dependencies": [
            "data.aws_iam_policy_document.datadog_aws_integration",
            "data.datadog_integration_aws_iam_permissions.datadog_permissions"
          ]
        },
        {
          "index_key": 1,
          "schema_version": 0,
          "attributes": {
            "arn": "arn:aws:iam::733153951206:policy/DatadogAWSIntegrationPolicy-2",
            "attachment_count": 1,
            "delay_after_policy_creation_in_ms": null,
            "description": "",
            "id": "arn:aws:iam::733153951206:policy/DatadogAWSIntegrationPolicy-2",
            "name": "DatadogAWSIntegrationPolicy-2",
            "name_prefix": "",
            "path": "/",
            "policy": "{\"Statement\":[{\"Action\":[\"lightsail:GetInstancePortStates\",\"lightsail:GetDistributions\",\"lightsail:GetCertificates\",\"lightsail:GetAlarms\",\"launchwizard:ListDeployments\",\"launchwizard:GetDeployment\",\"lambda:List*\",\"lambda:GetFunction\",\"lakeformation:ListPermissions\",\"lakeformation:GetDataLakeSettings\",\"kinesis:List*\",\"kinesis:Describe*\",\"kendra:ListThesauri\",\"kendra:ListQuerySuggestionsBlockLists\",\"kendra:ListFeaturedResultsSets\",\"kendra:ListFaqs\",\"kendra:ListExperiences\",\"kendra:ListAccessControlConfigurations\",\"kendra:DescribeThesaurus\",\"kendra:DescribeQuerySuggestionsBlockList\",\"kendra:DescribeFeaturedResultsSet\",\"kendra:DescribeFaq\",\"kendra:DescribeExperience\",\"kendra:DescribeDataSource\",\"kendra:DescribeAccessControlConfiguration\",\"ivschat:ListRooms\",\"ivschat:ListLoggingConfigurations\",\"ivschat:GetRoom\",\"ivschat:GetLoggingConfiguration\",\"ivs:ListStreamKeys\",\"ivs:ListStorageConfigurations\",\"ivs:ListStages\",\"ivs:ListRecordingConfigurations\",\"ivs:ListPublicKeys\",\"ivs:ListPlaybackRestrictionPolicies\",\"ivs:ListPlaybackKeyPairs\",\"ivs:ListIngestConfigurations\",\"ivs:ListEncoderConfigurations\",\"ivs:ListCompositions\",\"ivs:ListChannels\",\"ivs:GetStage\",\"ivs:GetRecordingConfiguration\",\"ivs:GetPublicKey\",\"ivs:GetIngestConfiguration\",\"ivs:GetEncoderConfiguration\",\"ivs:GetComposition\",\"ivs:GetChannel\",\"iotwireless:ListWirelessGateways\",\"iotwireless:ListWirelessDevices\",\"iotwireless:ListServiceProfiles\",\"iotwireless:ListNetworkAnalyzerConfigurations\",\"iotwireless:ListMulticastGroups\",\"iotwireless:ListDeviceProfiles\",\"iotwireless:ListDestinations\",\"iotwireless:GetWirelessGateway\",\"iotwireless:GetWirelessDevice\",\"iotwireless:GetServiceProfile\",\"iotwireless:GetNetworkAnalyzerConfiguration\",\"iotwireless:GetMulticastGroup\",\"iotwireless:GetDeviceProfile\",\"iottwinmaker:ListScenes\",\"iottwinmaker:ListEntities\",\"iottwinmaker:ListComponentTypes\",\"iottwinmaker:GetWorkspace\",\"iottwinmaker:GetScene\",\"iottwinmaker:GetEntity\",\"iottwinmaker:GetComponentType\",\"iotsitewise:ListTimeSeries\",\"iotsitewise:ListProjects\",\"iotsitewise:ListPortals\",\"iotsitewise:ListDatasets\",\"iotsitewise:ListDashboards\",\"iotsitewise:ListAssets\",\"iotsitewise:DescribeProject\",\"iotsitewise:DescribePortal\",\"iotsitewise:DescribeDataset\",\"iotsitewise:DescribeDashboard\",\"iotsitewise:DescribeAssetModel\",\"iotsitewise:DescribeAsset\",\"iotfleetwise:ListVehicles\",\"iotfleetwise:ListStateTemplates\",\"iotfleetwise:ListSignalCatalogs\",\"iotfleetwise:ListFleets\",\"iotfleetwise:ListDecoderManifests\",\"iotfleetwise:ListCampaigns\",\"iotfleetwise:GetVehicle\",\"iotfleetwise:GetStateTemplate\",\"iotfleetwise:GetSignalCatalog\",\"iotfleetwise:GetCampaign\",\"imagebuilder:ListWorkflows\",\"imagebuilder:ListLifecyclePolicies\",\"imagebuilder:ListInfrastructureConfigurations\",\"imagebuilder:ListImages\",\"imagebuilder:ListImageRecipes\",\"imagebuilder:ListImagePipelines\",\"imagebuilder:ListDistributionConfigurations\",\"imagebuilder:ListContainerRecipes\",\"imagebuilder:ListComponents\",\"imagebuilder:GetWorkflow\",\"imagebuilder:GetLifecyclePolicy\",\"imagebuilder:GetInfrastructureConfiguration\",\"imagebuilder:GetImageRecipe\",\"imagebuilder:GetDistributionConfiguration\",\"imagebuilder:GetContainerRecipe\",\"iam:ListAccountAliases\",\"health:DescribeEvents\",\"health:DescribeEventDetails\",\"health:DescribeAffectedEntities\",\"greengrass:GetGroup\",\"greengrass:GetDeployment\",\"greengrass:GetCoreDevice\",\"greengrass:GetConnectivityInfo\",\"greengrass:GetComponent\",\"greengrass:GetBulkDeploymentStatus\",\"grafana:DescribeWorkspace\",\"glue:ListRegistries\",\"glacier:GetVaultNotifications\",\"geo:ListTrackers\",\"geo:ListRouteCalculators\",\"geo:ListPlaceIndexes\",\"geo:ListKeys\",\"geo:ListGeofenceCollections\",\"geo:DescribeTracker\",\"geo:DescribeRouteCalculator\",\"geo:DescribePlaceIndex\",\"geo:DescribeMap\",\"geo:DescribeKey\",\"geo:DescribeGeofenceCollection\",\"gamelift:ListScripts\",\"gamelift:ListLocations\",\"gamelift:ListGameServerGroups\",\"gamelift:ListContainerGroupDefinitions\",\"gamelift:ListContainerFleets\",\"gamelift:ListAliases\",\"gamelift:DescribeMatchmakingRuleSets\",\"gamelift:DescribeMatchmakingConfigurations\",\"gamelift:DescribeGameSessionQueues\",\"fsx:ListTagsForResource\",\"fsx:DescribeFileSystems\",\"frauddetector:GetVariables\",\"frauddetector:GetRules\",\"frauddetector:GetOutcomes\",\"frauddetector:GetModels\",\"frauddetector:GetListsMetadata\",\"frauddetector:GetLabels\",\"frauddetector:GetExternalModels\",\"frauddetector:GetEventTypes\",\"frauddetector:GetEntityTypes\",\"frauddetector:GetDetectorVersion\",\"frauddetector:GetBatchPredictionJobs\",\"frauddetector:GetBatchImportJobs\",\"frauddetector:DescribeModelVersions\",\"frauddetector:DescribeDetector\",\"fis:ListExperiments\",\"fis:ListExperimentTemplates\",\"fis:ListActions\",\"fis:GetExperimentTemplate\",\"fis:GetExperiment\",\"fis:GetAction\",\"events:CreateEventBus\",\"es:ListTags\",\"es:ListDomainNames\",\"es:DescribeElasticsearchDomains\",\"emr-containers:ListVirtualClusters\",\"emr-containers:ListSecurityConfigurations\",\"emr-containers:ListManagedEndpoints\",\"elasticmapreduce:ListInstanceGroups\",\"elasticmapreduce:ListInstanceFleets\",\"elasticmapreduce:List*\",\"elasticmapreduce:Describe*\",\"elasticloadbalancing:Describe*\",\"elasticfilesystem:DescribeTags\",\"elasticfilesystem:DescribeFileSystems\",\"elasticfilesystem:DescribeAccessPoints\",\"elasticache:List*\",\"elasticache:Describe*\",\"eks:ListPodIdentityAssociations\",\"eks:ListInsights\",\"eks:ListIdentityProviderConfigs\",\"eks:ListEksAnywhereSubscriptions\",\"eks:ListClusters\",\"eks:ListAddons\",\"eks:DescribeUpdate\",\"eks:DescribePodIdentityAssociation\",\"eks:DescribeInsight\",\"eks:DescribeIdentityProviderConfig\",\"eks:DescribeCluster\",\"eks:DescribeAddon\",\"eks:DescribeAccessEntry\",\"ecs:List*\",\"ecs:Describe*\",\"ec2:GetVerifiedAccessGroupPolicy\",\"ec2:GetVerifiedAccessEndpointTargets\",\"ec2:GetVerifiedAccessEndpointPolicy\",\"ec2:Describe*\",\"dynamodb:List*\",\"dynamodb:DescribeStream\",\"dynamodb:DescribeBackup\",\"dynamodb:Describe*\",\"dsql:ListClusters\",\"dsql:GetCluster\",\"drs:DescribeSourceServers\",\"drs:DescribeSourceNetworks\"],\"Effect\":\"Allow\",\"Resource\":\"*\"}],\"Version\":\"2012-10-17\"}",
            "policy_id": "ANPA2VM3BPXTPXDWOB4PS",
            "tags": {},
            "tags_all": {}
          },
          "sensitive_attributes": [],
          "identity_schema_version": 0,
          "identity": {
            "arn": "arn:aws:iam::733153951206:policy/DatadogAWSIntegrationPolicy-2"
          },
          "private": "bnVsbA==",
          "dependencies": [
            "data.aws_iam_policy_document.datadog_aws_integration",
            "data.datadog_integration_aws_iam_permissions.datadog_permissions"
          ]
        },
        {
          "index_key": 2,
          "schema_version": 0,
          "attributes": {
            "arn": "arn:aws:iam::733153951206:policy/DatadogAWSIntegrationPolicy-3",
            "attachment_count": 1,
            "delay_after_policy_creation_in_ms": null,
            "description": "",
            "id": "arn:aws:iam::733153951206:policy/DatadogAWSIntegrationPolicy-3",
            "name": "DatadogAWSIntegrationPolicy-3",
            "name_prefix": "",
            "path": "/",
            "policy": "{\"Statement\":[{\"Action\":[\"qbusiness:ListDataAccessors\",\"qbusiness:GetWebExperience\",\"qbusiness:GetRetriever\",\"qbusiness:GetPlugin\",\"qbusiness:GetIndex\",\"qbusiness:GetDataSource\",\"qbusiness:GetDataAccessor\",\"qbusiness:GetApplication\",\"proton:ListServices\",\"proton:ListServiceTemplates\",\"proton:ListServiceTemplateVersions\",\"proton:ListServiceInstances\",\"proton:ListRepositories\",\"proton:ListEnvironments\",\"proton:ListEnvironmentTemplates\",\"proton:ListEnvironmentTemplateVersions\",\"proton:ListEnvironmentAccountConnections\",\"proton:ListDeployments\",\"proton:ListComponents\",\"proton:GetServiceTemplateVersion\",\"proton:GetServiceTemplate\",\"proton:GetServiceInstance\",\"proton:GetService\",\"proton:GetRepository\",\"proton:GetEnvironmentTemplateVersion\",\"proton:GetEnvironmentTemplate\",\"proton:GetEnvironmentAccountConnection\",\"proton:GetEnvironment\",\"proton:GetDeployment\",\"proton:GetComponent\",\"pipes:ListPipes\",\"personalize:ListSolutions\",\"personalize:ListSchemas\",\"personalize:ListRecommenders\",\"personalize:ListRecipes\",\"personalize:ListMetricAttributions\",\"personalize:ListFilters\",\"personalize:ListEventTrackers\",\"personalize:ListDatasets\",\"personalize:ListDatasetImportJobs\",\"personalize:ListDatasetExportJobs\",\"personalize:ListDataDeletionJobs\",\"personalize:ListCampaigns\",\"personalize:ListBatchSegmentJobs\",\"personalize:ListBatchInferenceJobs\",\"personalize:DescribeSolution\",\"personalize:DescribeSchema\",\"personalize:DescribeRecommender\",\"personalize:DescribeRecipe\",\"personalize:DescribeMetricAttribution\",\"personalize:DescribeFilter\",\"personalize:DescribeFeatureTransformation\",\"personalize:DescribeEventTracker\",\"personalize:DescribeDatasetImportJob\",\"personalize:DescribeDatasetExportJob\",\"personalize:DescribeDataset\",\"personalize:DescribeDataDeletionJob\",\"personalize:DescribeCampaign\",\"personalize:DescribeBatchSegmentJob\",\"personalize:DescribeBatchInferenceJob\",\"personalize:DescribeAlgorithm\",\"pca-connector-scep:ListConnectors\",\"pca-connector-ad:ListTemplates\",\"pca-connector-ad:ListDirectoryRegistrations\",\"pca-connector-ad:ListConnectors\",\"payment-cryptography:ListKeys\",\"payment-cryptography:ListAliases\",\"payment-cryptography:GetKey\",\"outposts:ListSites\",\"outposts:ListOutposts\",\"osis:ListPipelines\",\"osis:ListPipelineBlueprints\",\"osis:GetPipelineBlueprint\",\"osis:GetPipeline\",\"organizations:List*\",\"organizations:Describe*\",\"omics:ListWorkflows\",\"omics:ListWorkflowVersions\",\"omics:ListVariantStores\",\"omics:ListSequenceStores\",\"omics:ListReferences\",\"omics:ListReferenceStores\",\"omics:ListReadSets\",\"omics:ListAnnotationStores\",\"omics:ListAnnotationStoreVersions\",\"omics:GetWorkflowVersion\",\"omics:GetWorkflow\",\"omics:GetVariantStore\",\"omics:GetSequenceStore\",\"omics:GetAnnotationStoreVersion\",\"omics:GetAnnotationStore\",\"oam:ListSinks\",\"oam:ListAttachedLinks\",\"networkmanager:ListPeerings\",\"networkmanager:ListCoreNetworks\",\"networkmanager:ListConnectPeers\",\"networkmanager:ListAttachments\",\"networkmanager:GetSites\",\"networkmanager:GetLinks\",\"networkmanager:GetDevices\",\"networkmanager:GetCoreNetwork\",\"networkmanager:GetConnections\",\"networkmanager:GetConnectPeer\",\"network-firewall:ListVpcEndpointAssociations\",\"network-firewall:ListTLSInspectionConfigurations\",\"network-firewall:ListFirewalls\",\"network-firewall:DescribeVpcEndpointAssociation\",\"network-firewall:DescribeTLSInspectionConfiguration\",\"network-firewall:DescribeLoggingConfiguration\",\"mobiletargeting:ListTemplates\",\"mobiletargeting:ListJourneys\",\"mobiletargeting:GetSegments\",\"mobiletargeting:GetEventStream\",\"mobiletargeting:GetChannels\",\"mobiletargeting:GetCampaigns\",\"mobiletargeting:GetApps\",\"memorydb:DescribeUsers\",\"memorydb:DescribeSubnetGroups\",\"memorydb:DescribeSnapshots\",\"memorydb:DescribeReservedNodes\",\"memorydb:DescribeParameterGroups\",\"memorydb:DescribeMultiRegionClusters\",\"memorydb:DescribeAcls\",\"mediatailor:ListVodSources\",\"mediatailor:ListSourceLocations\",\"mediatailor:ListPrefetchSchedules\",\"mediatailor:ListPlaybackConfigurations\",\"mediatailor:ListLiveSources\",\"mediatailor:ListChannels\",\"mediapackagev2:ListOriginEndpoints\",\"mediapackagev2:ListHarvestJobs\",\"mediapackagev2:ListChannels\",\"mediapackagev2:ListChannelGroups\",\"mediapackagev2:GetOriginEndpointPolicy\",\"mediapackagev2:GetOriginEndpoint\",\"mediapackagev2:GetChannelPolicy\",\"mediapackagev2:GetChannelGroup\",\"mediapackagev2:GetChannel\",\"mediapackage:ListHarvestJobs\",\"mediapackage:ListChannels\",\"mediapackage-vod:ListPackagingConfigurations\",\"mediapackage-vod:ListAssets\",\"mediapackage-vod:DescribeAsset\",\"medialive:ListSignalMaps\",\"medialive:ListSdiSources\",\"medialive:ListReservations\",\"medialive:ListNodes\",\"medialive:ListNetworks\",\"medialive:ListMultiplexes\",\"medialive:ListInputs\",\"medialive:ListInputSecurityGroups\",\"medialive:ListInputDevices\",\"medialive:ListEventBridgeRuleTemplates\",\"medialive:ListEventBridgeRuleTemplateGroups\",\"medialive:ListClusters\",\"medialive:ListCloudWatchAlarmTemplates\",\"medialive:ListCloudWatchAlarmTemplateGroups\",\"medialive:ListChannelPlacementGroups\",\"mediaconvert:ListQueues\",\"mediaconvert:ListPresets\",\"mediaconvert:ListJobTemplates\",\"managedblockchain:ListProposals\",\"managedblockchain:ListNodes\",\"managedblockchain:ListMembers\",\"managedblockchain:ListInvitations\",\"managedblockchain:ListAccessors\",\"managedblockchain:GetProposal\",\"managedblockchain:GetNode\",\"managedblockchain:GetNetwork\",\"managedblockchain:GetMember\",\"managedblockchain:GetAccessor\",\"macie2:ListMembers\",\"macie2:ListCustomDataIdentifiers\",\"macie2:ListAllowLists\",\"macie2:GetMacieSession\",\"macie2:GetCustomDataIdentifier\",\"macie2:GetAllowList\",\"logs:TestMetricFilter\",\"logs:PutSubscriptionFilter\",\"logs:GetDeliveryDestination\",\"logs:FilterLogEvents\",\"logs:DescribeSubscriptionFilters\",\"logs:DescribeLogStreams\",\"logs:DescribeLogGroups\",\"logs:DescribeDeliverySources\",\"logs:DescribeDeliveries\",\"logs:DeleteSubscriptionFilter\",\"lightsail:GetStaticIps\",\"lightsail:GetRelationalDatabases\",\"lightsail:GetRelationalDatabaseSnapshots\",\"lightsail:GetRelationalDatabaseParameters\"],\"Effect\":\"Allow\",\"Resource\":\"*\"}],\"Version\":\"2012-10-17\"}",
            "policy_id": "ANPA2VM3BPXTAIX6ZKRJB",
            "tags": {},
            "tags_all": {}
          },
          "sensitive_attributes": [],
          "identity_schema_version": 0,
          "identity": {
            "arn": "arn:aws:iam::733153951206:policy/DatadogAWSIntegrationPolicy-3"
          },
          "private": "bnVsbA==",
          "dependencies": [
            "data.aws_iam_policy_document.datadog_aws_integration",
            "data.datadog_integration_aws_iam_permissions.datadog_permissions"
          ]
        },
        {
          "index_key": 3,
          "schema_version": 0,
          "attributes": {
            "arn": "arn:aws:iam::733153951206:policy/DatadogAWSIntegrationPolicy-4",
            "attachment_count": 1,
            "delay_after_policy_creation_in_ms": null,
            "description": "",
            "id": "arn:aws:iam::733153951206:policy/DatadogAWSIntegrationPolicy-4",
            "name": "DatadogAWSIntegrationPolicy-4",
            "name_prefix": "",
            "path": "/",
            "policy": "{\"Statement\":[{\"Action\":[\"wisdom:ListContents\",\"wisdom:ListAssistants\",\"wisdom:ListAssistantAssociations\",\"wellarchitected:ListWorkloads\",\"wellarchitected:ListReviewTemplates\",\"wellarchitected:ListProfiles\",\"wellarchitected:ListLenses\",\"wellarchitected:GetWorkload\",\"wellarchitected:GetReviewTemplate\",\"wellarchitected:GetProfile\",\"wellarchitected:GetLens\",\"wafv2:ListLoggingConfigurations\",\"wafv2:GetRuleGroup\",\"wafv2:GetRegexPatternSet\",\"wafv2:GetIPSet\",\"waf:ListRules\",\"waf:ListRuleGroups\",\"waf:GetRuleGroup\",\"waf:GetRule\",\"waf-regional:ListRules\",\"waf-regional:ListRuleGroups\",\"waf-regional:GetRuleGroup\",\"waf-regional:GetRule\",\"vpc-lattice:ListTargetGroups\",\"vpc-lattice:ListServices\",\"vpc-lattice:ListServiceNetworks\",\"vpc-lattice:ListServiceNetworkVpcAssociations\",\"vpc-lattice:ListServiceNetworkServiceAssociations\",\"vpc-lattice:ListServiceNetworkResourceAssociations\",\"vpc-lattice:ListRules\",\"vpc-lattice:ListResourceGateways\",\"vpc-lattice:ListResourceEndpointAssociations\",\"vpc-lattice:ListResourceConfigurations\",\"vpc-lattice:ListListeners\",\"vpc-lattice:ListAccessLogSubscriptions\",\"vpc-lattice:GetTargetGroup\",\"vpc-lattice:GetServiceNetwork\",\"vpc-lattice:GetService\",\"vpc-lattice:GetRule\",\"vpc-lattice:GetResourceGateway\",\"vpc-lattice:GetResourceConfiguration\",\"vpc-lattice:GetListener\",\"verifiedpermissions:ListPolicyTemplates\",\"verifiedpermissions:ListPolicyStores\",\"verifiedpermissions:ListPolicies\",\"verifiedpermissions:ListIdentitySources\",\"verifiedpermissions:GetPolicyStore\",\"translate:GetTerminology\",\"translate:GetParallelData\",\"transcribe:ListMedicalScribeJobs\",\"transcribe:GetTranscriptionJob\",\"transcribe:GetMedicalTranscriptionJob\",\"transcribe:GetMedicalScribeJob\",\"transcribe:GetCallAnalyticsJob\",\"timestream:ListTables\",\"timestream:ListScheduledQueries\",\"timestream:DescribeEndpoints\",\"textract:ListAdapters\",\"textract:ListAdapterVersions\",\"textract:GetAdapterVersion\",\"textract:GetAdapter\",\"tag:GetTagValues\",\"tag:GetTagKeys\",\"tag:GetResources\",\"support:RefreshTrustedAdvisorCheck\",\"support:DescribeTrustedAdvisor*\",\"storagegateway:DescribeSMBFileShares\",\"storagegateway:DescribeFileSystemAssociations\",\"states:ListStateMachines\",\"states:ListStateMachineAliases\",\"states:ListExecutions\",\"states:ListActivities\",\"states:DescribeStateMachine\",\"ssm:ListCommands\",\"ssm:GetServiceSetting\",\"ssm:GetPatchBaseline\",\"ssm:GetMaintenanceWindow\",\"ssm-incidents:ListResponsePlans\",\"ssm-incidents:ListReplicationSets\",\"ssm-incidents:ListIncidentRecords\",\"ssm-incidents:GetResponsePlan\",\"ssm-incidents:GetReplicationSet\",\"ssm-incidents:GetIncidentRecord\",\"sqs:ListQueues\",\"sqs:GetQueueUrl\",\"social-messaging:ListLinkedWhatsAppBusinessAccounts\",\"social-messaging:GetLinkedWhatsAppBusinessAccount\",\"sns:Publish\",\"sns:ListPlatformApplications\",\"sns:List*\",\"sns:GetSubscriptionAttributes\",\"snowball:DescribeJob\",\"snowball:DescribeCluster\",\"sms-voice:DescribeVerifiedDestinationNumbers\",\"sms-voice:DescribeSenderIds\",\"sms-voice:DescribeRegistrations\",\"sms-voice:DescribeRegistrationAttachments\",\"sms-voice:DescribeProtectConfigurations\",\"sms-voice:DescribePools\",\"sms-voice:DescribePhoneNumbers\",\"sms-voice:DescribeOptOutLists\",\"sms-voice:DescribeConfigurationSets\",\"signer:ListSigningProfiles\",\"signer:GetSigningProfile\",\"ses:ListTrafficPolicies\",\"ses:ListTemplates\",\"ses:ListRuleSets\",\"ses:ListRelays\",\"ses:ListMultiRegionEndpoints\",\"ses:ListIngressPoints\",\"ses:ListCustomVerificationEmailTemplates\",\"ses:ListContactLists\",\"ses:ListArchives\",\"ses:ListAddressLists\",\"ses:ListAddonSubscriptions\",\"ses:ListAddonInstances\",\"ses:List*\",\"ses:GetTrafficPolicy\",\"ses:GetTemplate\",\"ses:GetRuleSet\",\"ses:GetRelay\",\"ses:GetMultiRegionEndpoint\",\"ses:GetIngressPoint\",\"ses:GetIdentityMailFromDomainAttributes\",\"ses:GetDedicatedIpPool\",\"ses:GetCustomVerificationEmailTemplate\",\"ses:GetContactList\",\"ses:GetArchive\",\"ses:Get*\",\"servicediscovery:ListServices\",\"servicediscovery:ListNamespaces\",\"servicediscovery:GetService\",\"servicediscovery:GetNamespace\",\"servicecatalog:SearchProducts\",\"servicecatalog:ListPortfolios\",\"servicecatalog:ListAttributeGroups\",\"servicecatalog:ListApplications\",\"servicecatalog:GetAttributeGroup\",\"servicecatalog:GetApplication\",\"servicecatalog:DescribeProduct\",\"servicecatalog:DescribePortfolio\",\"serverlessrepo:GetApplication\",\"securitylake:ListSubscribers\",\"securitylake:ListDataLakes\",\"scheduler:ListSchedules\",\"scheduler:ListScheduleGroups\",\"scheduler:GetSchedule\",\"s3:PutBucketNotification\",\"s3:ListAllMyBuckets\",\"s3:GetIntelligentTieringConfiguration\",\"s3:GetBucketTagging\",\"s3:GetBucketNotification\",\"s3:GetBucketLogging\",\"s3:GetBucketLocation\",\"s3-outposts:ListRegionalBuckets\",\"rum:ListAppMonitors\",\"rum:GetAppMonitor\",\"route53resolver:ListResolverQueryLogConfigs\",\"route53profiles:ListProfiles\",\"route53profiles:ListProfileAssociations\",\"route53profiles:GetProfile\",\"route53:List*\",\"route53-recovery-readiness:ListResourceSets\",\"route53-recovery-readiness:ListRecoveryGroups\",\"route53-recovery-readiness:ListReadinessChecks\",\"route53-recovery-readiness:ListCells\",\"resource-groups:ListGroups\",\"resource-groups:GetGroup\",\"resource-explorer-2:ListViews\",\"resource-explorer-2:ListManagedViews\",\"resource-explorer-2:GetView\",\"resource-explorer-2:GetManagedView\",\"resource-explorer-2:GetIndex\",\"resiliencehub:ListResiliencyPolicies\",\"resiliencehub:ListApps\",\"resiliencehub:ListAppAssessments\",\"resiliencehub:DescribeAppAssessment\",\"resiliencehub:DescribeApp\",\"refactor-spaces:ListServices\",\"refactor-spaces:ListRoutes\",\"refactor-spaces:ListEnvironments\",\"refactor-spaces:ListApplications\",\"redshift:DescribeLoggingStatus\",\"redshift:DescribeClusters\",\"redshift-serverless:ListSnapshots\",\"redshift-serverless:ListRecoveryPoints\",\"redshift-serverless:ListNamespaces\",\"redshift-serverless:ListManagedWorkgroups\",\"redshift-serverless:ListEndpointAccess\",\"redshift-serverless:GetSnapshot\",\"rds:List*\",\"rds:Describe*\",\"rbin:ListRules\",\"rbin:GetRule\",\"ram:GetResourceShareInvitations\"],\"Effect\":\"Allow\",\"Resource\":\"*\"}],\"Version\":\"2012-10-17\"}",
            "policy_id": "ANPA2VM3BPXTMJT4K6SY3",
            "tags": {},
            "tags_all": {}
          },
          "sensitive_attributes": [],
          "identity_schema_version": 0,
          "identity": {
            "arn": "arn:aws:iam::733153951206:policy/DatadogAWSIntegrationPolicy-4"
          },
          "private": "bnVsbA==",
          "dependencies": [
            "data.aws_iam_policy_document.datadog_aws_integration",
            "data.datadog_integration_aws_iam_permissions.datadog_permissions"
          ]
        },
        {
          "index_key": 4,
          "schema_version": 0,
          "attributes": {
            "arn": "arn:aws:iam::733153951206:policy/DatadogAWSIntegrationPolicy-5",
            "attachment_count": 1,
            "delay_after_policy_creation_in_ms": null,
            "description": "",
            "id": "arn:aws:iam::733153951206:policy/DatadogAWSIntegrationPolicy-5",
            "name": "DatadogAWSIntegrationPolicy-5",
            "name_prefix": "",
            "path": "/",
            "policy": "{\"Statement\":[{\"Action\":[\"xray:GetTraceSummaries\",\"xray:BatchGetTraces\",\"workspaces-web:ListUserSettings\",\"workspaces-web:ListUserAccessLoggingSettings\",\"workspaces-web:ListTrustStores\",\"workspaces-web:ListPortals\",\"workspaces-web:ListNetworkSettings\",\"workspaces-web:ListIpAccessSettings\",\"workspaces-web:ListIdentityProviders\",\"workspaces-web:ListDataProtectionSettings\",\"workspaces-web:ListBrowserSettings\",\"workspaces-web:GetUserSettings\",\"workspaces-web:GetUserAccessLoggingSettings\",\"workspaces-web:GetTrustStore\",\"workspaces-web:GetNetworkSettings\",\"workspaces-web:GetIpAccessSettings\",\"workspaces-web:GetIdentityProvider\",\"workspaces-web:GetDataProtectionSettings\",\"workspaces-web:GetBrowserSettings\",\"workmail:ListOrganizations\",\"workmail:DescribeOrganization\",\"wisdom:ListQuickResponses\",\"wisdom:ListKnowledgeBases\"],\"Effect\":\"Allow\",\"Resource\":\"*\"}],\"Version\":\"2012-10-17\"}",
            "policy_id": "ANPA2VM3BPXTKTCOTHVGF",
            "tags": {},
            "tags_all": {}
          },
          "sensitive_attributes": [],
          "identity_schema_version": 0,
          "identity": {
            "arn": "arn:aws:iam::733153951206:policy/DatadogAWSIntegrationPolicy-5"
          },
          "private": "bnVsbA==",
          "dependencies": [
            "data.aws_iam_policy_document.datadog_aws_integration",
            "data.datadog_integration_aws_iam_permissions.datadog_permissions"
          ]
        }
      ]
    },
    {
      "mode": "managed",
      "type": "aws_iam_policy",
      "name": "s3_access_policy",
      "provider": "provider[\"registry.terraform.io/hashicorp/aws\"]",
      "instances": [
        {
          "schema_version": 0,
          "attributes": {
            "arn": "arn:aws:iam::733153951206:policy/s3-access-policy",
            "attachment_count": 0,
            "delay_after_policy_creation_in_ms": null,
            "description": "",
            "id": "arn:aws:iam::733153951206:policy/s3-access-policy",
            "name": "s3-access-policy",
            "name_prefix": "",
            "path": "/",
            "policy": "{\"Statement\":[{\"Action\":\"s3:GetObject\",\"Effect\":\"Allow\",\"Resource\":\"arn:aws:s3:::lti-project-code-bucket-733153951206/*\"}],\"Version\":\"2012-10-17\"}",
            "policy_id": "ANPA2VM3BPXTCQHFHLVCI",
            "tags": null,
            "tags_all": {}
          },
          "sensitive_attributes": [],
          "identity_schema_version": 0,
          "identity": {
            "arn": "arn:aws:iam::733153951206:policy/s3-access-policy"
          },
          "private": "bnVsbA==",
          "dependencies": [
            "aws_s3_bucket.code_bucket",
            "data.aws_caller_identity.current",
            "data.aws_iam_policy_document.s3_access_policy"
          ]
        }
      ]
    },
    {
      "mode": "managed",
      "type": "aws_iam_role",
      "name": "datadog_aws_integration",
      "provider": "provider[\"registry.terraform.io/hashicorp/aws\"]",
      "instances": [
        {
          "schema_version": 0,
          "attributes": {
            "arn": "arn:aws:iam::733153951206:role/DatadogIntegrationRole",
            "assume_role_policy": "{\"Statement\":[{\"Action\":\"sts:AssumeRole\",\"Condition\":{\"StringEquals\":{\"sts:ExternalId\":\"fbf06f7500374fcc9414a5c42e6eb2c6\"}},\"Effect\":\"Allow\",\"Principal\":{\"AWS\":\"arn:aws:iam::464622532012:root\"}}],\"Version\":\"2012-10-17\"}",
            "create_date": "2026-02-24T11:24:45Z",
            "description": "Role for Datadog AWS Integration (EU1)",
            "force_detach_policies": false,
            "id": "DatadogIntegrationRole",
            "inline_policy": [],
            "managed_policy_arns": [
              "arn:aws:iam::733153951206:policy/DatadogAWSIntegrationPolicy-1",
              "arn:aws:iam::733153951206:policy/DatadogAWSIntegrationPolicy-2",
              "arn:aws:iam::733153951206:policy/DatadogAWSIntegrationPolicy-3",
              "arn:aws:iam::733153951206:policy/DatadogAWSIntegrationPolicy-4",
              "arn:aws:iam::733153951206:policy/DatadogAWSIntegrationPolicy-5",
              "arn:aws:iam::aws:policy/SecurityAudit"
            ],
            "max_session_duration": 3600,
            "name": "DatadogIntegrationRole",
            "name_prefix": "",
            "path": "/",
            "permissions_boundary": "",
            "tags": {},
            "tags_all": {},
            "unique_id": "AROA2VM3BPXTOYZSOIGH4"
          },
          "sensitive_attributes": [],
          "identity_schema_version": 0,
          "identity": {
            "account_id": "733153951206",
            "name": "DatadogIntegrationRole"
          },
          "private": "bnVsbA==",
          "dependencies": [
            "data.aws_caller_identity.current",
            "data.aws_iam_policy_document.datadog_aws_integration_assume_role",
            "datadog_integration_aws_account.datadog_integration"
          ]
        }
      ]
    },
    {
      "mode": "managed",
      "type": "aws_iam_role",
      "name": "ec2_role",
      "provider": "provider[\"registry.terraform.io/hashicorp/aws\"]",
      "instances": [
        {
          "schema_version": 0,
          "attributes": {
            "arn": "arn:aws:iam::733153951206:role/lti-project-ec2-role",
            "assume_role_policy": "{\"Statement\":[{\"Action\":\"sts:AssumeRole\",\"Effect\":\"Allow\",\"Principal\":{\"Service\":\"ec2.amazonaws.com\"},\"Sid\":\"\"}],\"Version\":\"2012-10-17\"}",
            "create_date": "2026-02-24T11:24:45Z",
            "description": "",
            "force_detach_policies": false,
            "id": "lti-project-ec2-role",
            "inline_policy": [],
            "managed_policy_arns": [],
            "max_session_duration": 3600,
            "name": "lti-project-ec2-role",
            "name_prefix": "",
            "path": "/",
            "permissions_boundary": "",
            "tags": {},
            "tags_all": {},
            "unique_id": "AROA2VM3BPXTBJ7NHFTQQ"
          },
          "sensitive_attributes": [],
          "identity_schema_version": 0,
          "identity": {
            "account_id": "733153951206",
            "name": "lti-project-ec2-role"
          },
          "private": "bnVsbA=="
        }
      ]
    },
    {
      "mode": "managed",
      "type": "aws_iam_role_policy_attachment",
      "name": "attach_s3_access_policy",
      "provider": "provider[\"registry.terraform.io/hashicorp/aws\"]",
      "instances": [
        {
          "schema_version": 0,
          "attributes": {
            "id": "lti-project-ec2-role/arn:aws:iam::733153951206:policy/s3-access-policy",
            "policy_arn": "arn:aws:iam::733153951206:policy/s3-access-policy",
            "role": "lti-project-ec2-role"
          },
          "sensitive_attributes": [],
          "identity_schema_version": 0,
          "identity": {
            "account_id": "733153951206",
            "policy_arn": "arn:aws:iam::733153951206:policy/s3-access-policy",
            "role": "lti-project-ec2-role"
          },
          "private": "bnVsbA==",
          "dependencies": [
            "aws_iam_policy.s3_access_policy",
            "aws_iam_role.ec2_role",
            "aws_s3_bucket.code_bucket",
            "data.aws_caller_identity.current",
            "data.aws_iam_policy_document.s3_access_policy"
          ]
        }
      ]
    },
    {
      "mode": "managed",
      "type": "aws_iam_role_policy_attachment",
      "name": "datadog_aws_integration",
      "provider": "provider[\"registry.terraform.io/hashicorp/aws\"]",
      "instances": [
        {
          "index_key": 0,
          "schema_version": 0,
          "attributes": {
            "id": "DatadogIntegrationRole/arn:aws:iam::733153951206:policy/DatadogAWSIntegrationPolicy-1",
            "policy_arn": "arn:aws:iam::733153951206:policy/DatadogAWSIntegrationPolicy-1",
            "role": "DatadogIntegrationRole"
          },
          "sensitive_attributes": [],
          "identity_schema_version": 0,
          "identity": {
            "account_id": "733153951206",
            "policy_arn": "arn:aws:iam::733153951206:policy/DatadogAWSIntegrationPolicy-1",
            "role": "DatadogIntegrationRole"
          },
          "private": "bnVsbA==",
          "dependencies": [
            "aws_iam_policy.datadog_aws_integration",
            "aws_iam_role.datadog_aws_integration",
            "data.aws_caller_identity.current",
            "data.aws_iam_policy_document.datadog_aws_integration",
            "data.aws_iam_policy_document.datadog_aws_integration_assume_role",
            "data.datadog_integration_aws_iam_permissions.datadog_permissions",
            "datadog_integration_aws_account.datadog_integration"
          ]
        },
        {
          "index_key": 1,
          "schema_version": 0,
          "attributes": {
            "id": "DatadogIntegrationRole/arn:aws:iam::733153951206:policy/DatadogAWSIntegrationPolicy-2",
            "policy_arn": "arn:aws:iam::733153951206:policy/DatadogAWSIntegrationPolicy-2",
            "role": "DatadogIntegrationRole"
          },
          "sensitive_attributes": [],
          "identity_schema_version": 0,
          "identity": {
            "account_id": "733153951206",
            "policy_arn": "arn:aws:iam::733153951206:policy/DatadogAWSIntegrationPolicy-2",
            "role": "DatadogIntegrationRole"
          },
          "private": "bnVsbA==",
          "dependencies": [
            "aws_iam_policy.datadog_aws_integration",
            "aws_iam_role.datadog_aws_integration",
            "data.aws_caller_identity.current",
            "data.aws_iam_policy_document.datadog_aws_integration",
            "data.aws_iam_policy_document.datadog_aws_integration_assume_role",
            "data.datadog_integration_aws_iam_permissions.datadog_permissions",
            "datadog_integration_aws_account.datadog_integration"
          ]
        },
        {
          "index_key": 2,
          "schema_version": 0,
          "attributes": {
            "id": "DatadogIntegrationRole/arn:aws:iam::733153951206:policy/DatadogAWSIntegrationPolicy-3",
            "policy_arn": "arn:aws:iam::733153951206:policy/DatadogAWSIntegrationPolicy-3",
            "role": "DatadogIntegrationRole"
          },
          "sensitive_attributes": [],
          "identity_schema_version": 0,
          "identity": {
            "account_id": "733153951206",
            "policy_arn": "arn:aws:iam::733153951206:policy/DatadogAWSIntegrationPolicy-3",
            "role": "DatadogIntegrationRole"
          },
          "private": "bnVsbA==",
          "dependencies": [
            "aws_iam_policy.datadog_aws_integration",
            "aws_iam_role.datadog_aws_integration",
            "data.aws_caller_identity.current",
            "data.aws_iam_policy_document.datadog_aws_integration",
            "data.aws_iam_policy_document.datadog_aws_integration_assume_role",
            "data.datadog_integration_aws_iam_permissions.datadog_permissions",
            "datadog_integration_aws_account.datadog_integration"
          ]
        },
        {
          "index_key": 3,
          "schema_version": 0,
          "attributes": {
            "id": "DatadogIntegrationRole/arn:aws:iam::733153951206:policy/DatadogAWSIntegrationPolicy-4",
            "policy_arn": "arn:aws:iam::733153951206:policy/DatadogAWSIntegrationPolicy-4",
            "role": "DatadogIntegrationRole"
          },
          "sensitive_attributes": [],
          "identity_schema_version": 0,
          "identity": {
            "account_id": "733153951206",
            "policy_arn": "arn:aws:iam::733153951206:policy/DatadogAWSIntegrationPolicy-4",
            "role": "DatadogIntegrationRole"
          },
          "private": "bnVsbA==",
          "dependencies": [
            "aws_iam_policy.datadog_aws_integration",
            "aws_iam_role.datadog_aws_integration",
            "data.aws_caller_identity.current",
            "data.aws_iam_policy_document.datadog_aws_integration",
            "data.aws_iam_policy_document.datadog_aws_integration_assume_role",
            "data.datadog_integration_aws_iam_permissions.datadog_permissions",
            "datadog_integration_aws_account.datadog_integration"
          ]
        },
        {
          "index_key": 4,
          "schema_version": 0,
          "attributes": {
            "id": "DatadogIntegrationRole/arn:aws:iam::733153951206:policy/DatadogAWSIntegrationPolicy-5",
            "policy_arn": "arn:aws:iam::733153951206:policy/DatadogAWSIntegrationPolicy-5",
            "role": "DatadogIntegrationRole"
          },
          "sensitive_attributes": [],
          "identity_schema_version": 0,
          "identity": {
            "account_id": "733153951206",
            "policy_arn": "arn:aws:iam::733153951206:policy/DatadogAWSIntegrationPolicy-5",
            "role": "DatadogIntegrationRole"
          },
          "private": "bnVsbA==",
          "dependencies": [
            "aws_iam_policy.datadog_aws_integration",
            "aws_iam_role.datadog_aws_integration",
            "data.aws_caller_identity.current",
            "data.aws_iam_policy_document.datadog_aws_integration",
            "data.aws_iam_policy_document.datadog_aws_integration_assume_role",
            "data.datadog_integration_aws_iam_permissions.datadog_permissions",
            "datadog_integration_aws_account.datadog_integration"
          ]
        }
      ]
    },
    {
      "mode": "managed",
      "type": "aws_iam_role_policy_attachment",
      "name": "datadog_aws_integration_security_audit",
      "provider": "provider[\"registry.terraform.io/hashicorp/aws\"]",
      "instances": [
        {
          "schema_version": 0,
          "attributes": {
            "id": "DatadogIntegrationRole/arn:aws:iam::aws:policy/SecurityAudit",
            "policy_arn": "arn:aws:iam::aws:policy/SecurityAudit",
            "role": "DatadogIntegrationRole"
          },
          "sensitive_attributes": [],
          "identity_schema_version": 0,
          "identity": {
            "account_id": "733153951206",
            "policy_arn": "arn:aws:iam::aws:policy/SecurityAudit",
            "role": "DatadogIntegrationRole"
          },
          "private": "bnVsbA==",
          "dependencies": [
            "aws_iam_role.datadog_aws_integration",
            "data.aws_caller_identity.current",
            "data.aws_iam_policy_document.datadog_aws_integration_assume_role",
            "datadog_integration_aws_account.datadog_integration"
          ]
        }
      ]
    },
    {
      "mode": "managed",
      "type": "aws_s3_bucket",
      "name": "code_bucket",
      "provider": "provider[\"registry.terraform.io/hashicorp/aws\"]",
      "instances": [
        {
          "schema_version": 0,
          "attributes": {
            "acceleration_status": "",
            "acl": "private",
            "arn": "arn:aws:s3:::lti-project-code-bucket-733153951206",
            "bucket": "lti-project-code-bucket-733153951206",
            "bucket_domain_name": "lti-project-code-bucket-733153951206.s3.amazonaws.com",
            "bucket_prefix": "",
            "bucket_region": "us-east-1",
            "bucket_regional_domain_name": "lti-project-code-bucket-733153951206.s3.us-east-1.amazonaws.com",
            "cors_rule": [],
            "force_destroy": false,
            "grant": [
              {
                "id": "a7cbe5341723cd2db8533e3f3f370cc0e0e2384b5d00ce3e0d922f4d29fa9667",
                "permissions": [
                  "FULL_CONTROL"
                ],
                "type": "CanonicalUser",
                "uri": ""
              }
            ],
            "hosted_zone_id": "Z3AQBSTGFYJSTF",
            "id": "lti-project-code-bucket-733153951206",
            "lifecycle_rule": [],
            "logging": [],
            "object_lock_configuration": [],
            "object_lock_enabled": false,
            "policy": "",
            "region": "us-east-1",
            "replication_configuration": [],
            "request_payer": "BucketOwner",
            "server_side_encryption_configuration": [
              {
                "rule": [
                  {
                    "apply_server_side_encryption_by_default": [
                      {
                        "kms_master_key_id": "",
                        "sse_algorithm": "AES256"
                      }
                    ],
                    "bucket_key_enabled": false
                  }
                ]
              }
            ],
            "tags": null,
            "tags_all": {},
            "timeouts": null,
            "versioning": [
              {
                "enabled": false,
                "mfa_delete": false
              }
            ],
            "website": [],
            "website_domain": null,
            "website_endpoint": null
          },
          "sensitive_attributes": [],
          "identity_schema_version": 0,
          "identity": {
            "account_id": "733153951206",
            "bucket": "lti-project-code-bucket-733153951206",
            "region": "us-east-1"
          },
          "private": "eyJlMmJmYjczMC1lY2FhLTExZTYtOGY4OC0zNDM2M2JjN2M0YzAiOnsiY3JlYXRlIjoxMjAwMDAwMDAwMDAwLCJkZWxldGUiOjM2MDAwMDAwMDAwMDAsInJlYWQiOjEyMDAwMDAwMDAwMDAsInVwZGF0ZSI6MTIwMDAwMDAwMDAwMH19",
          "dependencies": [
            "data.aws_caller_identity.current"
          ]
        }
      ]
    },
    {
      "mode": "managed",
      "type": "aws_s3_bucket_object",
      "name": "backend_zip",
      "provider": "provider[\"registry.terraform.io/hashicorp/aws\"]",
      "instances": [
        {
          "schema_version": 0,
          "attributes": {
            "acl": "private",
            "arn": "arn:aws:s3:::lti-project-code-bucket-733153951206/backend.zip",
            "bucket": "lti-project-code-bucket-733153951206",
            "bucket_key_enabled": false,
            "cache_control": "",
            "content": null,
            "content_base64": null,
            "content_disposition": "",
            "content_encoding": "",
            "content_language": "",
            "content_type": "application/octet-stream",
            "etag": "733be52824c6c6f3b4dd53fb553a051c",
            "force_destroy": false,
            "id": "lti-project-code-bucket-733153951206/backend.zip",
            "key": "backend.zip",
            "kms_key_id": null,
            "metadata": null,
            "object_lock_legal_hold_status": "",
            "object_lock_mode": "",
            "object_lock_retain_until_date": "",
            "region": "us-east-1",
            "server_side_encryption": "AES256",
            "source": "../backend.zip",
            "source_hash": null,
            "storage_class": "STANDARD",
            "tags": null,
            "tags_all": {},
            "version_id": "",
            "website_redirect": ""
          },
          "sensitive_attributes": [],
          "identity_schema_version": 0,
          "identity": {
            "account_id": "733153951206",
            "bucket": "lti-project-code-bucket-733153951206",
            "key": "backend.zip",
            "region": "us-east-1"
          },
          "private": "bnVsbA==",
          "dependencies": [
            "aws_s3_bucket.code_bucket",
            "data.aws_caller_identity.current",
            "null_resource.generate_zip"
          ]
        }
      ]
    },
    {
      "mode": "managed",
      "type": "aws_s3_bucket_object",
      "name": "frontend_zip",
      "provider": "provider[\"registry.terraform.io/hashicorp/aws\"]",
      "instances": [
        {
          "schema_version": 0,
          "attributes": {
            "acl": "private",
            "arn": "arn:aws:s3:::lti-project-code-bucket-733153951206/frontend.zip",
            "bucket": "lti-project-code-bucket-733153951206",
            "bucket_key_enabled": false,
            "cache_control": "",
            "content": null,
            "content_base64": null,
            "content_disposition": "",
            "content_encoding": "",
            "content_language": "",
            "content_type": "application/octet-stream",
            "etag": "b43637823b460710665a3181ca89f4e9",
            "force_destroy": false,
            "id": "lti-project-code-bucket-733153951206/frontend.zip",
            "key": "frontend.zip",
            "kms_key_id": null,
            "metadata": null,
            "object_lock_legal_hold_status": "",
            "object_lock_mode": "",
            "object_lock_retain_until_date": "",
            "region": "us-east-1",
            "server_side_encryption": "AES256",
            "source": "../frontend.zip",
            "source_hash": null,
            "storage_class": "STANDARD",
            "tags": null,
            "tags_all": {},
            "version_id": "",
            "website_redirect": ""
          },
          "sensitive_attributes": [],
          "identity_schema_version": 0,
          "identity": {
            "account_id": "733153951206",
            "bucket": "lti-project-code-bucket-733153951206",
            "key": "frontend.zip",
            "region": "us-east-1"
          },
          "private": "bnVsbA==",
          "dependencies": [
            "aws_s3_bucket.code_bucket",
            "data.aws_caller_identity.current",
            "null_resource.generate_zip"
          ]
        }
      ]
    },
    {
      "mode": "managed",
      "type": "aws_security_group",
      "name": "backend_sg",
      "provider": "provider[\"registry.terraform.io/hashicorp/aws\"]",
      "instances": [
        {
          "schema_version": 1,
          "attributes": {
            "arn": "arn:aws:ec2:us-east-1:733153951206:security-group/sg-0c3b042d01386c227",
            "description": "Allow HTTP and SSH access",
            "egress": [
              {
                "cidr_blocks": [
                  "0.0.0.0/0"
                ],
                "description": "",
                "from_port": 0,
                "ipv6_cidr_blocks": [],
                "prefix_list_ids": [],
                "protocol": "-1",
                "security_groups": [],
                "self": false,
                "to_port": 0
              }
            ],
            "id": "sg-0c3b042d01386c227",
            "ingress": [
              {
                "cidr_blocks": [
                  "0.0.0.0/0"
                ],
                "description": "",
                "from_port": 22,
                "ipv6_cidr_blocks": [],
                "prefix_list_ids": [],
                "protocol": "tcp",
                "security_groups": [],
                "self": false,
                "to_port": 22
              },
              {
                "cidr_blocks": [
                  "0.0.0.0/0"
                ],
                "description": "",
                "from_port": 8080,
                "ipv6_cidr_blocks": [],
                "prefix_list_ids": [],
                "protocol": "tcp",
                "security_groups": [],
                "self": false,
                "to_port": 8080
              }
            ],
            "name": "lti-project-backend-sg",
            "name_prefix": "",
            "owner_id": "733153951206",
            "region": "us-east-1",
            "revoke_rules_on_delete": false,
            "tags": {},
            "tags_all": {},
            "timeouts": null,
            "vpc_id": "vpc-06df3211dd86ebed1"
          },
          "sensitive_attributes": [],
          "identity_schema_version": 0,
          "identity": {
            "account_id": "733153951206",
            "id": "sg-0c3b042d01386c227",
            "region": "us-east-1"
          },
          "private": "eyJlMmJmYjczMC1lY2FhLTExZTYtOGY4OC0zNDM2M2JjN2M0YzAiOnsiY3JlYXRlIjo2MDAwMDAwMDAwMDAsImRlbGV0ZSI6OTAwMDAwMDAwMDAwfSwic2NoZW1hX3ZlcnNpb24iOiIxIn0="
        }
      ]
    },
    {
      "mode": "managed",
      "type": "aws_security_group",
      "name": "frontend_sg",
      "provider": "provider[\"registry.terraform.io/hashicorp/aws\"]",
      "instances": [
        {
          "schema_version": 1,
          "attributes": {
            "arn": "arn:aws:ec2:us-east-1:733153951206:security-group/sg-03ec0346ab2e35a50",
            "description": "Allow HTTP and SSH access",
            "egress": [
              {
                "cidr_blocks": [
                  "0.0.0.0/0"
                ],
                "description": "",
                "from_port": 0,
                "ipv6_cidr_blocks": [],
                "prefix_list_ids": [],
                "protocol": "-1",
                "security_groups": [],
                "self": false,
                "to_port": 0
              }
            ],
            "id": "sg-03ec0346ab2e35a50",
            "ingress": [
              {
                "cidr_blocks": [
                  "0.0.0.0/0"
                ],
                "description": "",
                "from_port": 22,
                "ipv6_cidr_blocks": [],
                "prefix_list_ids": [],
                "protocol": "tcp",
                "security_groups": [],
                "self": false,
                "to_port": 22
              },
              {
                "cidr_blocks": [
                  "0.0.0.0/0"
                ],
                "description": "",
                "from_port": 3000,
                "ipv6_cidr_blocks": [],
                "prefix_list_ids": [],
                "protocol": "tcp",
                "security_groups": [],
                "self": false,
                "to_port": 3000
              }
            ],
            "name": "lti-project-frontend-sg",
            "name_prefix": "",
            "owner_id": "733153951206",
            "region": "us-east-1",
            "revoke_rules_on_delete": false,
            "tags": {},
            "tags_all": {},
            "timeouts": null,
            "vpc_id": "vpc-06df3211dd86ebed1"
          },
          "sensitive_attributes": [],
          "identity_schema_version": 0,
          "identity": {
            "account_id": "733153951206",
            "id": "sg-03ec0346ab2e35a50",
            "region": "us-east-1"
          },
          "private": "eyJlMmJmYjczMC1lY2FhLTExZTYtOGY4OC0zNDM2M2JjN2M0YzAiOnsiY3JlYXRlIjo2MDAwMDAwMDAwMDAsImRlbGV0ZSI6OTAwMDAwMDAwMDAwfSwic2NoZW1hX3ZlcnNpb24iOiIxIn0="
        }
      ]
    },
    {
      "mode": "managed",
      "type": "datadog_dashboard",
      "name": "aws_infrastructure",
      "provider": "provider[\"registry.terraform.io/datadog/datadog\"]",
      "instances": [
        {
          "schema_version": 0,
          "attributes": {
            "dashboard_lists": null,
            "dashboard_lists_removed": [],
            "description": "Métricas de EC2, red y sistema para backend y frontend",
            "id": "r62-zqx-nfj",
            "is_read_only": false,
            "layout_type": "ordered",
            "notify_list": [],
            "reflow_type": "",
            "restricted_roles": [],
            "tags": [],
            "template_variable": [],
            "template_variable_preset": [],
            "title": "AWS Infrastructure - LTI Project",
            "url": "/dashboard/r62-zqx-nfj/aws-infrastructure---lti-project",
            "widget": [
              {
                "alert_graph_definition": [],
                "alert_value_definition": [],
                "change_definition": [],
                "check_status_definition": [],
                "distribution_definition": [],
                "event_stream_definition": [],
                "event_timeline_definition": [],
                "free_text_definition": [],
                "geomap_definition": [],
                "group_definition": [],
                "heatmap_definition": [],
                "hostmap_definition": [],
                "id": 8639168440582109,
                "iframe_definition": [],
                "image_definition": [],
                "list_stream_definition": [],
                "log_stream_definition": [],
                "manage_status_definition": [],
                "note_definition": [],
                "powerpack_definition": [],
                "query_table_definition": [],
                "query_value_definition": [],
                "run_workflow_definition": [],
                "scatterplot_definition": [],
                "service_level_objective_definition": [],
                "servicemap_definition": [],
                "slo_list_definition": [],
                "split_graph_definition": [],
                "sunburst_definition": [],
                "timeseries_definition": [
                  {
                    "custom_link": [],
                    "event": [],
                    "hide_incomplete_cost_data": false,
                    "legend_columns": [],
                    "legend_layout": "",
                    "legend_size": "",
                    "live_span": "",
                    "marker": [],
                    "request": [
                      {
                        "apm_query": [],
                        "audit_query": [],
                        "display_type": "",
                        "formula": [],
                        "log_query": [],
                        "metadata": [],
                        "network_query": [],
                        "on_right_yaxis": false,
                        "process_query": [],
                        "q": "avg:aws.ec2.cpuutilization{*} by {instance-id}",
                        "query": [],
                        "rum_query": [],
                        "security_query": [],
                        "style": []
                      }
                    ],
                    "right_yaxis": [],
                    "show_legend": false,
                    "title": "CPU Utilization (EC2)",
                    "title_align": "",
                    "title_size": "",
                    "yaxis": []
                  }
                ],
                "toplist_definition": [],
                "topology_map_definition": [],
                "trace_service_definition": [],
                "treemap_definition": [],
                "widget_layout": []
              },
              {
                "alert_graph_definition": [],
                "alert_value_definition": [],
                "change_definition": [],
                "check_status_definition": [],
                "distribution_definition": [],
                "event_stream_definition": [],
                "event_timeline_definition": [],
                "free_text_definition": [],
                "geomap_definition": [],
                "group_definition": [],
                "heatmap_definition": [],
                "hostmap_definition": [],
                "id": 1671669329306234,
                "iframe_definition": [],
                "image_definition": [],
                "list_stream_definition": [],
                "log_stream_definition": [],
                "manage_status_definition": [],
                "note_definition": [],
                "powerpack_definition": [],
                "query_table_definition": [],
                "query_value_definition": [],
                "run_workflow_definition": [],
                "scatterplot_definition": [],
                "service_level_objective_definition": [],
                "servicemap_definition": [],
                "slo_list_definition": [],
                "split_graph_definition": [],
                "sunburst_definition": [],
                "timeseries_definition": [
                  {
                    "custom_link": [],
                    "event": [],
                    "hide_incomplete_cost_data": false,
                    "legend_columns": [],
                    "legend_layout": "",
                    "legend_size": "",
                    "live_span": "",
                    "marker": [],
                    "request": [
                      {
                        "apm_query": [],
                        "audit_query": [],
                        "display_type": "",
                        "formula": [],
                        "log_query": [],
                        "metadata": [],
                        "network_query": [],
                        "on_right_yaxis": false,
                        "process_query": [],
                        "q": "avg:aws.ec2.network_in{*} by {instance-id}",
                        "query": [],
                        "rum_query": [],
                        "security_query": [],
                        "style": []
                      }
                    ],
                    "right_yaxis": [],
                    "show_legend": false,
                    "title": "Network In",
                    "title_align": "",
                    "title_size": "",
                    "yaxis": []
                  }
                ],
                "toplist_definition": [],
                "topology_map_definition": [],
                "trace_service_definition": [],
                "treemap_definition": [],
                "widget_layout": []
              },
              {
                "alert_graph_definition": [],
                "alert_value_definition": [],
                "change_definition": [],
                "check_status_definition": [],
                "distribution_definition": [],
                "event_stream_definition": [],
                "event_timeline_definition": [],
                "free_text_definition": [],
                "geomap_definition": [],
                "group_definition": [],
                "heatmap_definition": [],
                "hostmap_definition": [],
                "id": 2883437701559828,
                "iframe_definition": [],
                "image_definition": [],
                "list_stream_definition": [],
                "log_stream_definition": [],
                "manage_status_definition": [],
                "note_definition": [],
                "powerpack_definition": [],
                "query_table_definition": [],
                "query_value_definition": [],
                "run_workflow_definition": [],
                "scatterplot_definition": [],
                "service_level_objective_definition": [],
                "servicemap_definition": [],
                "slo_list_definition": [],
                "split_graph_definition": [],
                "sunburst_definition": [],
                "timeseries_definition": [
                  {
                    "custom_link": [],
                    "event": [],
                    "hide_incomplete_cost_data": false,
                    "legend_columns": [],
                    "legend_layout": "",
                    "legend_size": "",
                    "live_span": "",
                    "marker": [],
                    "request": [
                      {
                        "apm_query": [],
                        "audit_query": [],
                        "display_type": "",
                        "formula": [],
                        "log_query": [],
                        "metadata": [],
                        "network_query": [],
                        "on_right_yaxis": false,
                        "process_query": [],
                        "q": "avg:aws.ec2.network_out{*} by {instance-id}",
                        "query": [],
                        "rum_query": [],
                        "security_query": [],
                        "style": []
                      }
                    ],
                    "right_yaxis": [],
                    "show_legend": false,
                    "title": "Network Out",
                    "title_align": "",
                    "title_size": "",
                    "yaxis": []
                  }
                ],
                "toplist_definition": [],
                "topology_map_definition": [],
                "trace_service_definition": [],
                "treemap_definition": [],
                "widget_layout": []
              },
              {
                "alert_graph_definition": [],
                "alert_value_definition": [],
                "change_definition": [],
                "check_status_definition": [],
                "distribution_definition": [],
                "event_stream_definition": [],
                "event_timeline_definition": [],
                "free_text_definition": [],
                "geomap_definition": [],
                "group_definition": [],
                "heatmap_definition": [],
                "hostmap_definition": [],
                "id": 312660455211916,
                "iframe_definition": [],
                "image_definition": [],
                "list_stream_definition": [],
                "log_stream_definition": [],
                "manage_status_definition": [],
                "note_definition": [],
                "powerpack_definition": [],
                "query_table_definition": [],
                "query_value_definition": [],
                "run_workflow_definition": [],
                "scatterplot_definition": [],
                "service_level_objective_definition": [],
                "servicemap_definition": [],
                "slo_list_definition": [],
                "split_graph_definition": [],
                "sunburst_definition": [],
                "timeseries_definition": [
                  {
                    "custom_link": [],
                    "event": [],
                    "hide_incomplete_cost_data": false,
                    "legend_columns": [],
                    "legend_layout": "",
                    "legend_size": "",
                    "live_span": "",
                    "marker": [],
                    "request": [
                      {
                        "apm_query": [],
                        "audit_query": [],
                        "display_type": "",
                        "formula": [],
                        "log_query": [],
                        "metadata": [],
                        "network_query": [],
                        "on_right_yaxis": false,
                        "process_query": [],
                        "q": "avg:aws.ec2.disk_read_ops{*} by {instance-id}",
                        "query": [],
                        "rum_query": [],
                        "security_query": [],
                        "style": []
                      },
                      {
                        "apm_query": [],
                        "audit_query": [],
                        "display_type": "",
                        "formula": [],
                        "log_query": [],
                        "metadata": [],
                        "network_query": [],
                        "on_right_yaxis": false,
                        "process_query": [],
                        "q": "avg:aws.ec2.disk_write_ops{*} by {instance-id}",
                        "query": [],
                        "rum_query": [],
                        "security_query": [],
                        "style": []
                      }
                    ],
                    "right_yaxis": [],
                    "show_legend": false,
                    "title": "Disk Read/Write",
                    "title_align": "",
                    "title_size": "",
                    "yaxis": []
                  }
                ],
                "toplist_definition": [],
                "topology_map_definition": [],
                "trace_service_definition": [],
                "treemap_definition": [],
                "widget_layout": []
              },
              {
                "alert_graph_definition": [],
                "alert_value_definition": [],
                "change_definition": [],
                "check_status_definition": [],
                "distribution_definition": [],
                "event_stream_definition": [],
                "event_timeline_definition": [],
                "free_text_definition": [],
                "geomap_definition": [],
                "group_definition": [],
                "heatmap_definition": [],
                "hostmap_definition": [],
                "id": 8563486229362227,
                "iframe_definition": [],
                "image_definition": [],
                "list_stream_definition": [],
                "log_stream_definition": [],
                "manage_status_definition": [],
                "note_definition": [],
                "powerpack_definition": [],
                "query_table_definition": [],
                "query_value_definition": [
                  {
                    "autoscale": false,
                    "custom_link": [],
                    "custom_unit": "",
                    "hide_incomplete_cost_data": false,
                    "live_span": "",
                    "precision": 0,
                    "request": [
                      {
                        "aggregator": "sum",
                        "apm_query": [],
                        "audit_query": [],
                        "conditional_formats": [],
                        "formula": [],
                        "log_query": [],
                        "process_query": [],
                        "q": "sum:aws.ec2.status_check_failed_instance{*}.as_count()",
                        "query": [],
                        "rum_query": [],
                        "security_query": []
                      }
                    ],
                    "text_align": "",
                    "timeseries_background": [],
                    "title": "Status Check Failed (Instance)",
                    "title_align": "",
                    "title_size": ""
                  }
                ],
                "run_workflow_definition": [],
                "scatterplot_definition": [],
                "service_level_objective_definition": [],
                "servicemap_definition": [],
                "slo_list_definition": [],
                "split_graph_definition": [],
                "sunburst_definition": [],
                "timeseries_definition": [],
                "toplist_definition": [],
                "topology_map_definition": [],
                "trace_service_definition": [],
                "treemap_definition": [],
                "widget_layout": []
              },
              {
                "alert_graph_definition": [],
                "alert_value_definition": [],
                "change_definition": [],
                "check_status_definition": [],
                "distribution_definition": [],
                "event_stream_definition": [],
                "event_timeline_definition": [],
                "free_text_definition": [],
                "geomap_definition": [],
                "group_definition": [],
                "heatmap_definition": [],
                "hostmap_definition": [],
                "id": 2200903812905163,
                "iframe_definition": [],
                "image_definition": [],
                "list_stream_definition": [],
                "log_stream_definition": [],
                "manage_status_definition": [],
                "note_definition": [],
                "powerpack_definition": [],
                "query_table_definition": [],
                "query_value_definition": [],
                "run_workflow_definition": [],
                "scatterplot_definition": [],
                "service_level_objective_definition": [],
                "servicemap_definition": [],
                "slo_list_definition": [],
                "split_graph_definition": [],
                "sunburst_definition": [],
                "timeseries_definition": [
                  {
                    "custom_link": [],
                    "event": [],
                    "hide_incomplete_cost_data": false,
                    "legend_columns": [],
                    "legend_layout": "",
                    "legend_size": "",
                    "live_span": "",
                    "marker": [],
                    "request": [
                      {
                        "apm_query": [],
                        "audit_query": [],
                        "display_type": "",
                        "formula": [],
                        "log_query": [],
                        "metadata": [],
                        "network_query": [],
                        "on_right_yaxis": false,
                        "process_query": [],
                        "q": "avg:system.cpu.user{*} by {host}",
                        "query": [],
                        "rum_query": [],
                        "security_query": [],
                        "style": []
                      }
                    ],
                    "right_yaxis": [],
                    "show_legend": false,
                    "title": "Agent host metrics (Datadog Agent)",
                    "title_align": "",
                    "title_size": "",
                    "yaxis": []
                  }
                ],
                "toplist_definition": [],
                "topology_map_definition": [],
                "trace_service_definition": [],
                "treemap_definition": [],
                "widget_layout": []
              }
            ]
          },
          "sensitive_attributes": [],
          "identity_schema_version": 0,
          "private": "bnVsbA=="
        }
      ]
    },
    {
      "mode": "managed",
      "type": "datadog_integration_aws_account",
      "name": "datadog_integration",
      "provider": "provider[\"registry.terraform.io/datadog/datadog\"]",
      "instances": [
        {
          "schema_version": 0,
          "attributes": {
            "account_tags": [],
            "auth_config": {
              "aws_auth_config_keys": null,
              "aws_auth_config_role": {
                "external_id": "fbf06f7500374fcc9414a5c42e6eb2c6",
                "role_name": "DatadogIntegrationRole"
              }
            },
            "aws_account_id": "733153951206",
            "aws_partition": "aws",
            "aws_regions": {
              "include_all": true,
              "include_only": null
            },
            "id": "baf3109b-4888-4f30-a19e-25a6023eb52b",
            "logs_config": {
              "lambda_forwarder": {
                "lambdas": [],
                "log_source_config": null,
                "sources": []
              }
            },
            "metrics_config": {
              "automute_enabled": true,
              "collect_cloudwatch_alarms": false,
              "collect_custom_metrics": false,
              "enabled": true,
              "namespace_filters": {
                "exclude_only": [
                  "AWS/SQS",
                  "AWS/ElasticMapReduce",
                  "AWS/Usage"
                ],
                "include_only": null
              },
              "tag_filters": []
            },
            "resources_config": {
              "cloud_security_posture_management_collection": false,
              "extended_collection": true
            },
            "traces_config": {
              "xray_services": {
                "include_all": null,
                "include_only": []
              }
            }
          },
          "sensitive_attributes": [],
          "identity_schema_version": 0,
          "dependencies": [
            "data.aws_caller_identity.current"
          ]
        }
      ]
    },
    {
      "mode": "managed",
      "type": "null_resource",
      "name": "generate_zip",
      "provider": "provider[\"registry.terraform.io/hashicorp/null\"]",
      "instances": [
        {
          "schema_version": 0,
          "attributes": {
            "id": "6398989041071862674",
            "triggers": {
              "always_run": "2026-02-24T11:26:04Z"
            }
          },
          "sensitive_attributes": [],
          "identity_schema_version": 0
        }
      ]
    }
  ],
  "check_results": null
}
